// !$*UTF8*$!
{
	archiveVersion = 1;
	classes = {
	};
	objectVersion = 46;
	objects = {

/* Begin PBXBuildFile section */
		4A0D23761B79B92600FF9D40 /* DALabViewController.m in Sources */ = {isa = PBXBuildFile; fileRef = 4A0D23751B79B92600FF9D40 /* DALabViewController.m */; };
		4A0D23791B79BBAE00FF9D40 /* DALabConvertSpeechToTextViewController.m in Sources */ = {isa = PBXBuildFile; fileRef = 4A0D23781B79BBAE00FF9D40 /* DALabConvertSpeechToTextViewController.m */; };
		4A2839AA1B82AC16007EA77E /* DAContactsViewController.m in Sources */ = {isa = PBXBuildFile; fileRef = 4A2839A91B82AC16007EA77E /* DAContactsViewController.m */; };
		4A2839AE1B82AD0B007EA77E /* DADiscoverViewController.m in Sources */ = {isa = PBXBuildFile; fileRef = 4A2839AD1B82AD0B007EA77E /* DADiscoverViewController.m */; };
		4A2839B21B82ADD1007EA77E /* DASettingViewController.m in Sources */ = {isa = PBXBuildFile; fileRef = 4A2839B11B82ADD1007EA77E /* DASettingViewController.m */; };
		4A2839C31B82E132007EA77E /* DACompany.m in Sources */ = {isa = PBXBuildFile; fileRef = 4A2839C21B82E132007EA77E /* DACompany.m */; };
		4A2839C61B82E161007EA77E /* DACompaniesViewController.m in Sources */ = {isa = PBXBuildFile; fileRef = 4A2839C51B82E161007EA77E /* DACompaniesViewController.m */; };
		4A2839C91B82E2B7007EA77E /* DACompanyCoordinator.m in Sources */ = {isa = PBXBuildFile; fileRef = 4A2839C81B82E2B7007EA77E /* DACompanyCoordinator.m */; };
		4A2839CC1B82F3F2007EA77E /* DACompanyCell.m in Sources */ = {isa = PBXBuildFile; fileRef = 4A2839CB1B82F3F1007EA77E /* DACompanyCell.m */; };
		4A2839D21B83008E007EA77E /* DAOpportunity.m in Sources */ = {isa = PBXBuildFile; fileRef = 4A2839D11B83008E007EA77E /* DAOpportunity.m */; };
		4A2839E01B83083A007EA77E /* DAUser.m in Sources */ = {isa = PBXBuildFile; fileRef = 4A2839DF1B83083A007EA77E /* DAUser.m */; };
		4A2839E71B83098B007EA77E /* DACurrency.m in Sources */ = {isa = PBXBuildFile; fileRef = 4A2839E61B83098B007EA77E /* DACurrency.m */; };
		4A2839EA1B8309C4007EA77E /* DACurrencyDataset.m in Sources */ = {isa = PBXBuildFile; fileRef = 4A2839E91B8309C4007EA77E /* DACurrencyDataset.m */; };
		4A2839EE1B830B96007EA77E /* DASession.m in Sources */ = {isa = PBXBuildFile; fileRef = 4A2839ED1B830B96007EA77E /* DASession.m */; };
		4A2839F11B830BA7007EA77E /* DASessionCoordinator.m in Sources */ = {isa = PBXBuildFile; fileRef = 4A2839F01B830BA7007EA77E /* DASessionCoordinator.m */; };
		4A2839F51B830D1A007EA77E /* DAEarningPotential.m in Sources */ = {isa = PBXBuildFile; fileRef = 4A2839F41B830D1A007EA77E /* DAEarningPotential.m */; };
		4A2839F91B830D71007EA77E /* DADataset.m in Sources */ = {isa = PBXBuildFile; fileRef = 4A2839F81B830D71007EA77E /* DADataset.m */; };
		4A2839FC1B83133E007EA77E /* DAOpportunityCoordinator.m in Sources */ = {isa = PBXBuildFile; fileRef = 4A2839FB1B83133E007EA77E /* DAOpportunityCoordinator.m */; };
		4A2839FF1B83FACB007EA77E /* DAEarningPotentialDataset.m in Sources */ = {isa = PBXBuildFile; fileRef = 4A2839FE1B83FACB007EA77E /* DAEarningPotentialDataset.m */; };
		4A283A021B8403BD007EA77E /* DAEarningPotentialPicker.m in Sources */ = {isa = PBXBuildFile; fileRef = 4A283A011B8403BD007EA77E /* DAEarningPotentialPicker.m */; };
		4A283A061B842DB1007EA77E /* DAOpportunityTemplateCoordinator.m in Sources */ = {isa = PBXBuildFile; fileRef = 4A283A051B842DB1007EA77E /* DAOpportunityTemplateCoordinator.m */; };
		4A283A0F1B842E40007EA77E /* DAOpportunityLoader.m in Sources */ = {isa = PBXBuildFile; fileRef = 4A283A0C1B842E40007EA77E /* DAOpportunityLoader.m */; };
		4A283A101B842E40007EA77E /* DAFunctionLoader.m in Sources */ = {isa = PBXBuildFile; fileRef = 4A283A0E1B842E40007EA77E /* DAFunctionLoader.m */; };
		4A283A161B843BEE007EA77E /* DAOpportunityStep.m in Sources */ = {isa = PBXBuildFile; fileRef = 4A283A151B843BEE007EA77E /* DAOpportunityStep.m */; };
		4A283A1A1B843C2C007EA77E /* DAOpportunityStepCell.m in Sources */ = {isa = PBXBuildFile; fileRef = 4A283A191B843C2C007EA77E /* DAOpportunityStepCell.m */; };
		4A283A1D1B843C4E007EA77E /* DAEarningPotentialCell.m in Sources */ = {isa = PBXBuildFile; fileRef = 4A283A1C1B843C4E007EA77E /* DAEarningPotentialCell.m */; };
		4A283A201B843D38007EA77E /* DAOpportunityTask.m in Sources */ = {isa = PBXBuildFile; fileRef = 4A283A1F1B843D38007EA77E /* DAOpportunityTask.m */; };
		4A283A231B8453C0007EA77E /* DAOpportunityTaskCell.m in Sources */ = {isa = PBXBuildFile; fileRef = 4A283A221B8453C0007EA77E /* DAOpportunityTaskCell.m */; };
		4A283A2C1B846314007EA77E /* DSEarningPotentialPickerCell.m in Sources */ = {isa = PBXBuildFile; fileRef = 4A283A2B1B846314007EA77E /* DSEarningPotentialPickerCell.m */; };
		4A283A301B846D44007EA77E /* DAPeriod.m in Sources */ = {isa = PBXBuildFile; fileRef = 4A283A2F1B846D44007EA77E /* DAPeriod.m */; };
		4A283A331B846D6E007EA77E /* DAPeriodDataset.m in Sources */ = {isa = PBXBuildFile; fileRef = 4A283A321B846D6E007EA77E /* DAPeriodDataset.m */; };
		4A283A361B847286007EA77E /* DAOpportunityEditor.m in Sources */ = {isa = PBXBuildFile; fileRef = 4A283A351B847286007EA77E /* DAOpportunityEditor.m */; };
		4A283A391B85BDA3007EA77E /* DAOpportunityTemplateEditor.m in Sources */ = {isa = PBXBuildFile; fileRef = 4A283A381B85BDA3007EA77E /* DAOpportunityTemplateEditor.m */; };
		4A283A3C1B869E20007EA77E /* DAEarningPotentialSection.m in Sources */ = {isa = PBXBuildFile; fileRef = 4A283A3B1B869E20007EA77E /* DAEarningPotentialSection.m */; };
		4A283A421B86A72B007EA77E /* DAOpportunityStepEditor.m in Sources */ = {isa = PBXBuildFile; fileRef = 4A283A411B86A72B007EA77E /* DAOpportunityStepEditor.m */; };
		4A283A451B86A736007EA77E /* DAOpportunityStepsEditor.m in Sources */ = {isa = PBXBuildFile; fileRef = 4A283A441B86A736007EA77E /* DAOpportunityStepsEditor.m */; };
		4A283A481B86DD11007EA77E /* DAOpportunityNewStepCell.m in Sources */ = {isa = PBXBuildFile; fileRef = 4A283A471B86DD11007EA77E /* DAOpportunityNewStepCell.m */; };
		4A283A4B1B871463007EA77E /* DAOpportunityStepSection.m in Sources */ = {isa = PBXBuildFile; fileRef = 4A283A4A1B871463007EA77E /* DAOpportunityStepSection.m */; };
		4A283A4E1B87222B007EA77E /* DAOpportunityTaskSection.m in Sources */ = {isa = PBXBuildFile; fileRef = 4A283A4D1B87222B007EA77E /* DAOpportunityTaskSection.m */; };
		4A8E8E241B6AE8D100F48CDD /* RootViewController.m in Sources */ = {isa = PBXBuildFile; fileRef = 4A8E8E231B6AE8D100F48CDD /* RootViewController.m */; };
		4A8E8E2B1B6AE95400F48CDD /* LaunchScreen.xib in Resources */ = {isa = PBXBuildFile; fileRef = 4A8E8E261B6AE95400F48CDD /* LaunchScreen.xib */; };
		4A8E8E2C1B6AE95400F48CDD /* Images.xcassets in Resources */ = {isa = PBXBuildFile; fileRef = 4A8E8E281B6AE95400F48CDD /* Images.xcassets */; };
		4A8E8E2D1B6AE95400F48CDD /* Style.plist in Resources */ = {isa = PBXBuildFile; fileRef = 4A8E8E291B6AE95400F48CDD /* Style.plist */; };
		4A8E8E2E1B6AE95400F48CDD /* Text-en.plist in Resources */ = {isa = PBXBuildFile; fileRef = 4A8E8E2A1B6AE95400F48CDD /* Text-en.plist */; };
		4A8E8E361B6AF8FB00F48CDD /* libz.dylib in Frameworks */ = {isa = PBXBuildFile; fileRef = 4A8E8E351B6AF8FB00F48CDD /* libz.dylib */; };
		4A8E8E391B6AFA1500F48CDD /* RootTabController.m in Sources */ = {isa = PBXBuildFile; fileRef = 4A8E8E381B6AFA1500F48CDD /* RootTabController.m */; };
		4A8E8E401B6AFFE400F48CDD /* DAOpportunitiesViewController.m in Sources */ = {isa = PBXBuildFile; fileRef = 4A8E8E3F1B6AFFE400F48CDD /* DAOpportunitiesViewController.m */; };
		4A8E8E431B6B01CD00F48CDD /* DAOpportunityViewController.m in Sources */ = {isa = PBXBuildFile; fileRef = 4A8E8E421B6B01CD00F48CDD /* DAOpportunityViewController.m */; };
		4A8E8E471B6B2C7B00F48CDD /* DAChatViewController.m in Sources */ = {isa = PBXBuildFile; fileRef = 4A8E8E461B6B2C7B00F48CDD /* DAChatViewController.m */; };
		4A8E8E4C1B6B67A300F48CDD /* DAOpportunityCell.m in Sources */ = {isa = PBXBuildFile; fileRef = 4A8E8E4B1B6B67A300F48CDD /* DAOpportunityCell.m */; };
		4AB8B6B81B66081F008073B6 /* main.m in Sources */ = {isa = PBXBuildFile; fileRef = 4AB8B6B71B66081F008073B6 /* main.m */; };
		4AB8B6BB1B66081F008073B6 /* AppDelegate.m in Sources */ = {isa = PBXBuildFile; fileRef = 4AB8B6BA1B66081F008073B6 /* AppDelegate.m */; };
/* End PBXBuildFile section */

/* Begin PBXFileReference section */
		4A0D23741B79B92600FF9D40 /* DALabViewController.h */ = {isa = PBXFileReference; fileEncoding = 4; lastKnownFileType = sourcecode.c.h; path = DALabViewController.h; sourceTree = "<group>"; };
		4A0D23751B79B92600FF9D40 /* DALabViewController.m */ = {isa = PBXFileReference; fileEncoding = 4; lastKnownFileType = sourcecode.c.objc; path = DALabViewController.m; sourceTree = "<group>"; };
		4A0D23771B79BBAE00FF9D40 /* DALabConvertSpeechToTextViewController.h */ = {isa = PBXFileReference; fileEncoding = 4; lastKnownFileType = sourcecode.c.h; path = DALabConvertSpeechToTextViewController.h; sourceTree = "<group>"; };
		4A0D23781B79BBAE00FF9D40 /* DALabConvertSpeechToTextViewController.m */ = {isa = PBXFileReference; fileEncoding = 4; lastKnownFileType = sourcecode.c.objc; path = DALabConvertSpeechToTextViewController.m; sourceTree = "<group>"; };
		4A2839A81B82AC16007EA77E /* DAContactsViewController.h */ = {isa = PBXFileReference; fileEncoding = 4; lastKnownFileType = sourcecode.c.h; path = DAContactsViewController.h; sourceTree = "<group>"; };
		4A2839A91B82AC16007EA77E /* DAContactsViewController.m */ = {isa = PBXFileReference; fileEncoding = 4; lastKnownFileType = sourcecode.c.objc; path = DAContactsViewController.m; sourceTree = "<group>"; };
		4A2839AC1B82AD0B007EA77E /* DADiscoverViewController.h */ = {isa = PBXFileReference; fileEncoding = 4; lastKnownFileType = sourcecode.c.h; path = DADiscoverViewController.h; sourceTree = "<group>"; };
		4A2839AD1B82AD0B007EA77E /* DADiscoverViewController.m */ = {isa = PBXFileReference; fileEncoding = 4; lastKnownFileType = sourcecode.c.objc; path = DADiscoverViewController.m; sourceTree = "<group>"; };
		4A2839B01B82ADD1007EA77E /* DASettingViewController.h */ = {isa = PBXFileReference; fileEncoding = 4; lastKnownFileType = sourcecode.c.h; path = DASettingViewController.h; sourceTree = "<group>"; };
		4A2839B11B82ADD1007EA77E /* DASettingViewController.m */ = {isa = PBXFileReference; fileEncoding = 4; lastKnownFileType = sourcecode.c.objc; path = DASettingViewController.m; sourceTree = "<group>"; };
		4A2839C11B82E132007EA77E /* DACompany.h */ = {isa = PBXFileReference; fileEncoding = 4; lastKnownFileType = sourcecode.c.h; path = DACompany.h; sourceTree = "<group>"; };
		4A2839C21B82E132007EA77E /* DACompany.m */ = {isa = PBXFileReference; fileEncoding = 4; lastKnownFileType = sourcecode.c.objc; path = DACompany.m; sourceTree = "<group>"; };
		4A2839C41B82E161007EA77E /* DACompaniesViewController.h */ = {isa = PBXFileReference; fileEncoding = 4; lastKnownFileType = sourcecode.c.h; path = DACompaniesViewController.h; sourceTree = "<group>"; };
		4A2839C51B82E161007EA77E /* DACompaniesViewController.m */ = {isa = PBXFileReference; fileEncoding = 4; lastKnownFileType = sourcecode.c.objc; path = DACompaniesViewController.m; sourceTree = "<group>"; };
		4A2839C71B82E2B7007EA77E /* DACompanyCoordinator.h */ = {isa = PBXFileReference; fileEncoding = 4; lastKnownFileType = sourcecode.c.h; path = DACompanyCoordinator.h; sourceTree = "<group>"; };
		4A2839C81B82E2B7007EA77E /* DACompanyCoordinator.m */ = {isa = PBXFileReference; fileEncoding = 4; lastKnownFileType = sourcecode.c.objc; path = DACompanyCoordinator.m; sourceTree = "<group>"; };
		4A2839CA1B82F3F1007EA77E /* DACompanyCell.h */ = {isa = PBXFileReference; fileEncoding = 4; lastKnownFileType = sourcecode.c.h; path = DACompanyCell.h; sourceTree = "<group>"; };
		4A2839CB1B82F3F1007EA77E /* DACompanyCell.m */ = {isa = PBXFileReference; fileEncoding = 4; lastKnownFileType = sourcecode.c.objc; path = DACompanyCell.m; sourceTree = "<group>"; };
		4A2839D01B83008E007EA77E /* DAOpportunity.h */ = {isa = PBXFileReference; fileEncoding = 4; lastKnownFileType = sourcecode.c.h; path = DAOpportunity.h; sourceTree = "<group>"; };
		4A2839D11B83008E007EA77E /* DAOpportunity.m */ = {isa = PBXFileReference; fileEncoding = 4; lastKnownFileType = sourcecode.c.objc; path = DAOpportunity.m; sourceTree = "<group>"; };
		4A2839DE1B83083A007EA77E /* DAUser.h */ = {isa = PBXFileReference; fileEncoding = 4; lastKnownFileType = sourcecode.c.h; path = DAUser.h; sourceTree = "<group>"; };
		4A2839DF1B83083A007EA77E /* DAUser.m */ = {isa = PBXFileReference; fileEncoding = 4; lastKnownFileType = sourcecode.c.objc; path = DAUser.m; sourceTree = "<group>"; };
		4A2839E51B83098B007EA77E /* DACurrency.h */ = {isa = PBXFileReference; fileEncoding = 4; lastKnownFileType = sourcecode.c.h; path = DACurrency.h; sourceTree = "<group>"; };
		4A2839E61B83098B007EA77E /* DACurrency.m */ = {isa = PBXFileReference; fileEncoding = 4; lastKnownFileType = sourcecode.c.objc; path = DACurrency.m; sourceTree = "<group>"; };
		4A2839E81B8309C4007EA77E /* DACurrencyDataset.h */ = {isa = PBXFileReference; fileEncoding = 4; lastKnownFileType = sourcecode.c.h; path = DACurrencyDataset.h; sourceTree = "<group>"; };
		4A2839E91B8309C4007EA77E /* DACurrencyDataset.m */ = {isa = PBXFileReference; fileEncoding = 4; lastKnownFileType = sourcecode.c.objc; path = DACurrencyDataset.m; sourceTree = "<group>"; };
		4A2839EC1B830B96007EA77E /* DASession.h */ = {isa = PBXFileReference; fileEncoding = 4; lastKnownFileType = sourcecode.c.h; path = DASession.h; sourceTree = "<group>"; };
		4A2839ED1B830B96007EA77E /* DASession.m */ = {isa = PBXFileReference; fileEncoding = 4; lastKnownFileType = sourcecode.c.objc; path = DASession.m; sourceTree = "<group>"; };
		4A2839EF1B830BA7007EA77E /* DASessionCoordinator.h */ = {isa = PBXFileReference; fileEncoding = 4; lastKnownFileType = sourcecode.c.h; path = DASessionCoordinator.h; sourceTree = "<group>"; };
		4A2839F01B830BA7007EA77E /* DASessionCoordinator.m */ = {isa = PBXFileReference; fileEncoding = 4; lastKnownFileType = sourcecode.c.objc; path = DASessionCoordinator.m; sourceTree = "<group>"; };
		4A2839F31B830D1A007EA77E /* DAEarningPotential.h */ = {isa = PBXFileReference; fileEncoding = 4; lastKnownFileType = sourcecode.c.h; path = DAEarningPotential.h; sourceTree = "<group>"; };
		4A2839F41B830D1A007EA77E /* DAEarningPotential.m */ = {isa = PBXFileReference; fileEncoding = 4; lastKnownFileType = sourcecode.c.objc; path = DAEarningPotential.m; sourceTree = "<group>"; };
		4A2839F71B830D71007EA77E /* DADataset.h */ = {isa = PBXFileReference; fileEncoding = 4; lastKnownFileType = sourcecode.c.h; path = DADataset.h; sourceTree = "<group>"; };
		4A2839F81B830D71007EA77E /* DADataset.m */ = {isa = PBXFileReference; fileEncoding = 4; lastKnownFileType = sourcecode.c.objc; path = DADataset.m; sourceTree = "<group>"; };
		4A2839FA1B83133E007EA77E /* DAOpportunityCoordinator.h */ = {isa = PBXFileReference; fileEncoding = 4; lastKnownFileType = sourcecode.c.h; path = DAOpportunityCoordinator.h; sourceTree = "<group>"; };
		4A2839FB1B83133E007EA77E /* DAOpportunityCoordinator.m */ = {isa = PBXFileReference; fileEncoding = 4; lastKnownFileType = sourcecode.c.objc; path = DAOpportunityCoordinator.m; sourceTree = "<group>"; };
		4A2839FD1B83FACB007EA77E /* DAEarningPotentialDataset.h */ = {isa = PBXFileReference; fileEncoding = 4; lastKnownFileType = sourcecode.c.h; path = DAEarningPotentialDataset.h; sourceTree = "<group>"; };
		4A2839FE1B83FACB007EA77E /* DAEarningPotentialDataset.m */ = {isa = PBXFileReference; fileEncoding = 4; lastKnownFileType = sourcecode.c.objc; path = DAEarningPotentialDataset.m; sourceTree = "<group>"; };
		4A283A001B8403BD007EA77E /* DAEarningPotentialPicker.h */ = {isa = PBXFileReference; fileEncoding = 4; lastKnownFileType = sourcecode.c.h; path = DAEarningPotentialPicker.h; sourceTree = "<group>"; };
		4A283A011B8403BD007EA77E /* DAEarningPotentialPicker.m */ = {isa = PBXFileReference; fileEncoding = 4; lastKnownFileType = sourcecode.c.objc; path = DAEarningPotentialPicker.m; sourceTree = "<group>"; };
		4A283A041B842DB1007EA77E /* DAOpportunityTemplateCoordinator.h */ = {isa = PBXFileReference; fileEncoding = 4; lastKnownFileType = sourcecode.c.h; path = DAOpportunityTemplateCoordinator.h; sourceTree = "<group>"; };
		4A283A051B842DB1007EA77E /* DAOpportunityTemplateCoordinator.m */ = {isa = PBXFileReference; fileEncoding = 4; lastKnownFileType = sourcecode.c.objc; path = DAOpportunityTemplateCoordinator.m; sourceTree = "<group>"; };
		4A283A0B1B842E40007EA77E /* DAOpportunityLoader.h */ = {isa = PBXFileReference; fileEncoding = 4; lastKnownFileType = sourcecode.c.h; path = DAOpportunityLoader.h; sourceTree = "<group>"; };
		4A283A0C1B842E40007EA77E /* DAOpportunityLoader.m */ = {isa = PBXFileReference; fileEncoding = 4; lastKnownFileType = sourcecode.c.objc; path = DAOpportunityLoader.m; sourceTree = "<group>"; };
		4A283A0D1B842E40007EA77E /* DAFunctionLoader.h */ = {isa = PBXFileReference; fileEncoding = 4; lastKnownFileType = sourcecode.c.h; path = DAFunctionLoader.h; sourceTree = "<group>"; };
		4A283A0E1B842E40007EA77E /* DAFunctionLoader.m */ = {isa = PBXFileReference; fileEncoding = 4; lastKnownFileType = sourcecode.c.objc; path = DAFunctionLoader.m; sourceTree = "<group>"; };
		4A283A141B843BEE007EA77E /* DAOpportunityStep.h */ = {isa = PBXFileReference; fileEncoding = 4; lastKnownFileType = sourcecode.c.h; path = DAOpportunityStep.h; sourceTree = "<group>"; };
		4A283A151B843BEE007EA77E /* DAOpportunityStep.m */ = {isa = PBXFileReference; fileEncoding = 4; lastKnownFileType = sourcecode.c.objc; path = DAOpportunityStep.m; sourceTree = "<group>"; };
		4A283A181B843C2C007EA77E /* DAOpportunityStepCell.h */ = {isa = PBXFileReference; fileEncoding = 4; lastKnownFileType = sourcecode.c.h; path = DAOpportunityStepCell.h; sourceTree = "<group>"; };
		4A283A191B843C2C007EA77E /* DAOpportunityStepCell.m */ = {isa = PBXFileReference; fileEncoding = 4; lastKnownFileType = sourcecode.c.objc; path = DAOpportunityStepCell.m; sourceTree = "<group>"; };
		4A283A1B1B843C4E007EA77E /* DAEarningPotentialCell.h */ = {isa = PBXFileReference; fileEncoding = 4; lastKnownFileType = sourcecode.c.h; path = DAEarningPotentialCell.h; sourceTree = "<group>"; };
		4A283A1C1B843C4E007EA77E /* DAEarningPotentialCell.m */ = {isa = PBXFileReference; fileEncoding = 4; lastKnownFileType = sourcecode.c.objc; path = DAEarningPotentialCell.m; sourceTree = "<group>"; };
		4A283A1E1B843D38007EA77E /* DAOpportunityTask.h */ = {isa = PBXFileReference; fileEncoding = 4; lastKnownFileType = sourcecode.c.h; path = DAOpportunityTask.h; sourceTree = "<group>"; };
		4A283A1F1B843D38007EA77E /* DAOpportunityTask.m */ = {isa = PBXFileReference; fileEncoding = 4; lastKnownFileType = sourcecode.c.objc; path = DAOpportunityTask.m; sourceTree = "<group>"; };
		4A283A211B8453C0007EA77E /* DAOpportunityTaskCell.h */ = {isa = PBXFileReference; fileEncoding = 4; lastKnownFileType = sourcecode.c.h; path = DAOpportunityTaskCell.h; sourceTree = "<group>"; };
		4A283A221B8453C0007EA77E /* DAOpportunityTaskCell.m */ = {isa = PBXFileReference; fileEncoding = 4; lastKnownFileType = sourcecode.c.objc; path = DAOpportunityTaskCell.m; sourceTree = "<group>"; };
		4A283A261B8456E9007EA77E /* DADefine.h */ = {isa = PBXFileReference; fileEncoding = 4; lastKnownFileType = sourcecode.c.h; path = DADefine.h; sourceTree = "<group>"; };
		4A283A271B8456E9007EA77E /* DAOpportunityDefine.h */ = {isa = PBXFileReference; fileEncoding = 4; lastKnownFileType = sourcecode.c.h; path = DAOpportunityDefine.h; sourceTree = "<group>"; };
		4A283A281B8456E9007EA77E /* DAStyleDefine.h */ = {isa = PBXFileReference; fileEncoding = 4; lastKnownFileType = sourcecode.c.h; path = DAStyleDefine.h; sourceTree = "<group>"; };
		4A283A291B8456E9007EA77E /* DATextKeyDefine.h */ = {isa = PBXFileReference; fileEncoding = 4; lastKnownFileType = sourcecode.c.h; path = DATextKeyDefine.h; sourceTree = "<group>"; };
		4A283A2A1B846314007EA77E /* DSEarningPotentialPickerCell.h */ = {isa = PBXFileReference; fileEncoding = 4; lastKnownFileType = sourcecode.c.h; path = DSEarningPotentialPickerCell.h; sourceTree = "<group>"; };
		4A283A2B1B846314007EA77E /* DSEarningPotentialPickerCell.m */ = {isa = PBXFileReference; fileEncoding = 4; lastKnownFileType = sourcecode.c.objc; path = DSEarningPotentialPickerCell.m; sourceTree = "<group>"; };
		4A283A2E1B846D44007EA77E /* DAPeriod.h */ = {isa = PBXFileReference; fileEncoding = 4; lastKnownFileType = sourcecode.c.h; path = DAPeriod.h; sourceTree = "<group>"; };
		4A283A2F1B846D44007EA77E /* DAPeriod.m */ = {isa = PBXFileReference; fileEncoding = 4; lastKnownFileType = sourcecode.c.objc; path = DAPeriod.m; sourceTree = "<group>"; };
		4A283A311B846D6E007EA77E /* DAPeriodDataset.h */ = {isa = PBXFileReference; fileEncoding = 4; lastKnownFileType = sourcecode.c.h; path = DAPeriodDataset.h; sourceTree = "<group>"; };
		4A283A321B846D6E007EA77E /* DAPeriodDataset.m */ = {isa = PBXFileReference; fileEncoding = 4; lastKnownFileType = sourcecode.c.objc; path = DAPeriodDataset.m; sourceTree = "<group>"; };
		4A283A341B847286007EA77E /* DAOpportunityEditor.h */ = {isa = PBXFileReference; fileEncoding = 4; lastKnownFileType = sourcecode.c.h; path = DAOpportunityEditor.h; sourceTree = "<group>"; };
		4A283A351B847286007EA77E /* DAOpportunityEditor.m */ = {isa = PBXFileReference; fileEncoding = 4; lastKnownFileType = sourcecode.c.objc; path = DAOpportunityEditor.m; sourceTree = "<group>"; };
		4A283A371B85BDA3007EA77E /* DAOpportunityTemplateEditor.h */ = {isa = PBXFileReference; fileEncoding = 4; lastKnownFileType = sourcecode.c.h; path = DAOpportunityTemplateEditor.h; sourceTree = "<group>"; };
		4A283A381B85BDA3007EA77E /* DAOpportunityTemplateEditor.m */ = {isa = PBXFileReference; fileEncoding = 4; lastKnownFileType = sourcecode.c.objc; path = DAOpportunityTemplateEditor.m; sourceTree = "<group>"; };
		4A283A3A1B869E20007EA77E /* DAEarningPotentialSection.h */ = {isa = PBXFileReference; fileEncoding = 4; lastKnownFileType = sourcecode.c.h; path = DAEarningPotentialSection.h; sourceTree = "<group>"; };
		4A283A3B1B869E20007EA77E /* DAEarningPotentialSection.m */ = {isa = PBXFileReference; fileEncoding = 4; lastKnownFileType = sourcecode.c.objc; path = DAEarningPotentialSection.m; sourceTree = "<group>"; };
		4A283A401B86A72B007EA77E /* DAOpportunityStepEditor.h */ = {isa = PBXFileReference; fileEncoding = 4; lastKnownFileType = sourcecode.c.h; path = DAOpportunityStepEditor.h; sourceTree = "<group>"; };
		4A283A411B86A72B007EA77E /* DAOpportunityStepEditor.m */ = {isa = PBXFileReference; fileEncoding = 4; lastKnownFileType = sourcecode.c.objc; path = DAOpportunityStepEditor.m; sourceTree = "<group>"; };
		4A283A431B86A736007EA77E /* DAOpportunityStepsEditor.h */ = {isa = PBXFileReference; fileEncoding = 4; lastKnownFileType = sourcecode.c.h; path = DAOpportunityStepsEditor.h; sourceTree = "<group>"; };
		4A283A441B86A736007EA77E /* DAOpportunityStepsEditor.m */ = {isa = PBXFileReference; fileEncoding = 4; lastKnownFileType = sourcecode.c.objc; path = DAOpportunityStepsEditor.m; sourceTree = "<group>"; };
		4A283A461B86DD11007EA77E /* DAOpportunityNewStepCell.h */ = {isa = PBXFileReference; fileEncoding = 4; lastKnownFileType = sourcecode.c.h; path = DAOpportunityNewStepCell.h; sourceTree = "<group>"; };
		4A283A471B86DD11007EA77E /* DAOpportunityNewStepCell.m */ = {isa = PBXFileReference; fileEncoding = 4; lastKnownFileType = sourcecode.c.objc; path = DAOpportunityNewStepCell.m; sourceTree = "<group>"; };
		4A283A491B871463007EA77E /* DAOpportunityStepSection.h */ = {isa = PBXFileReference; fileEncoding = 4; lastKnownFileType = sourcecode.c.h; path = DAOpportunityStepSection.h; sourceTree = "<group>"; };
		4A283A4A1B871463007EA77E /* DAOpportunityStepSection.m */ = {isa = PBXFileReference; fileEncoding = 4; lastKnownFileType = sourcecode.c.objc; path = DAOpportunityStepSection.m; sourceTree = "<group>"; };
		4A283A4C1B87222B007EA77E /* DAOpportunityTaskSection.h */ = {isa = PBXFileReference; fileEncoding = 4; lastKnownFileType = sourcecode.c.h; path = DAOpportunityTaskSection.h; sourceTree = "<group>"; };
		4A283A4D1B87222B007EA77E /* DAOpportunityTaskSection.m */ = {isa = PBXFileReference; fileEncoding = 4; lastKnownFileType = sourcecode.c.objc; path = DAOpportunityTaskSection.m; sourceTree = "<group>"; };
		4A8E8E221B6AE8D100F48CDD /* RootViewController.h */ = {isa = PBXFileReference; fileEncoding = 4; lastKnownFileType = sourcecode.c.h; path = RootViewController.h; sourceTree = "<group>"; };
		4A8E8E231B6AE8D100F48CDD /* RootViewController.m */ = {isa = PBXFileReference; fileEncoding = 4; lastKnownFileType = sourcecode.c.objc; path = RootViewController.m; sourceTree = "<group>"; };
		4A8E8E271B6AE95400F48CDD /* Base */ = {isa = PBXFileReference; lastKnownFileType = file.xib; name = Base; path = Base.lproj/LaunchScreen.xib; sourceTree = "<group>"; };
		4A8E8E281B6AE95400F48CDD /* Images.xcassets */ = {isa = PBXFileReference; lastKnownFileType = folder.assetcatalog; path = Images.xcassets; sourceTree = "<group>"; };
		4A8E8E291B6AE95400F48CDD /* Style.plist */ = {isa = PBXFileReference; fileEncoding = 4; lastKnownFileType = text.plist.xml; path = Style.plist; sourceTree = "<group>"; };
		4A8E8E2A1B6AE95400F48CDD /* Text-en.plist */ = {isa = PBXFileReference; fileEncoding = 4; lastKnownFileType = text.plist.xml; path = "Text-en.plist"; sourceTree = "<group>"; };
		4A8E8E351B6AF8FB00F48CDD /* libz.dylib */ = {isa = PBXFileReference; lastKnownFileType = "compiled.mach-o.dylib"; name = libz.dylib; path = usr/lib/libz.dylib; sourceTree = SDKROOT; };
		4A8E8E371B6AFA1500F48CDD /* RootTabController.h */ = {isa = PBXFileReference; fileEncoding = 4; lastKnownFileType = sourcecode.c.h; path = RootTabController.h; sourceTree = "<group>"; };
		4A8E8E381B6AFA1500F48CDD /* RootTabController.m */ = {isa = PBXFileReference; fileEncoding = 4; lastKnownFileType = sourcecode.c.objc; path = RootTabController.m; sourceTree = "<group>"; };
		4A8E8E3E1B6AFFE400F48CDD /* DAOpportunitiesViewController.h */ = {isa = PBXFileReference; fileEncoding = 4; lastKnownFileType = sourcecode.c.h; path = DAOpportunitiesViewController.h; sourceTree = "<group>"; };
		4A8E8E3F1B6AFFE400F48CDD /* DAOpportunitiesViewController.m */ = {isa = PBXFileReference; fileEncoding = 4; lastKnownFileType = sourcecode.c.objc; path = DAOpportunitiesViewController.m; sourceTree = "<group>"; };
		4A8E8E411B6B01CD00F48CDD /* DAOpportunityViewController.h */ = {isa = PBXFileReference; fileEncoding = 4; lastKnownFileType = sourcecode.c.h; path = DAOpportunityViewController.h; sourceTree = "<group>"; };
		4A8E8E421B6B01CD00F48CDD /* DAOpportunityViewController.m */ = {isa = PBXFileReference; fileEncoding = 4; lastKnownFileType = sourcecode.c.objc; path = DAOpportunityViewController.m; sourceTree = "<group>"; };
		4A8E8E451B6B2C7B00F48CDD /* DAChatViewController.h */ = {isa = PBXFileReference; fileEncoding = 4; lastKnownFileType = sourcecode.c.h; path = DAChatViewController.h; sourceTree = "<group>"; };
		4A8E8E461B6B2C7B00F48CDD /* DAChatViewController.m */ = {isa = PBXFileReference; fileEncoding = 4; lastKnownFileType = sourcecode.c.objc; path = DAChatViewController.m; sourceTree = "<group>"; };
		4A8E8E4A1B6B67A300F48CDD /* DAOpportunityCell.h */ = {isa = PBXFileReference; fileEncoding = 4; lastKnownFileType = sourcecode.c.h; path = DAOpportunityCell.h; sourceTree = "<group>"; };
		4A8E8E4B1B6B67A300F48CDD /* DAOpportunityCell.m */ = {isa = PBXFileReference; fileEncoding = 4; lastKnownFileType = sourcecode.c.objc; path = DAOpportunityCell.m; sourceTree = "<group>"; };
		4AB8B6B21B66081F008073B6 /* Distributors.app */ = {isa = PBXFileReference; explicitFileType = wrapper.application; includeInIndex = 0; path = Distributors.app; sourceTree = BUILT_PRODUCTS_DIR; };
		4AB8B6B61B66081F008073B6 /* Info.plist */ = {isa = PBXFileReference; lastKnownFileType = text.plist.xml; path = Info.plist; sourceTree = "<group>"; };
		4AB8B6B71B66081F008073B6 /* main.m */ = {isa = PBXFileReference; lastKnownFileType = sourcecode.c.objc; path = main.m; sourceTree = "<group>"; };
		4AB8B6B91B66081F008073B6 /* AppDelegate.h */ = {isa = PBXFileReference; lastKnownFileType = sourcecode.c.h; path = AppDelegate.h; sourceTree = "<group>"; };
		4AB8B6BA1B66081F008073B6 /* AppDelegate.m */ = {isa = PBXFileReference; lastKnownFileType = sourcecode.c.objc; path = AppDelegate.m; sourceTree = "<group>"; };
/* End PBXFileReference section */

/* Begin PBXFrameworksBuildPhase section */
		4AB8B6AF1B66081F008073B6 /* Frameworks */ = {
			isa = PBXFrameworksBuildPhase;
			buildActionMask = 2147483647;
			files = (
				4A8E8E361B6AF8FB00F48CDD /* libz.dylib in Frameworks */,
			);
			runOnlyForDeploymentPostprocessing = 0;
		};
/* End PBXFrameworksBuildPhase section */

/* Begin PBXGroup section */
		4A0D23731B79B90D00FF9D40 /* Lab */ = {
			isa = PBXGroup;
			children = (
				4A0D23741B79B92600FF9D40 /* DALabViewController.h */,
				4A0D23751B79B92600FF9D40 /* DALabViewController.m */,
				4A0D23771B79BBAE00FF9D40 /* DALabConvertSpeechToTextViewController.h */,
				4A0D23781B79BBAE00FF9D40 /* DALabConvertSpeechToTextViewController.m */,
			);
			path = Lab;
			sourceTree = "<group>";
		};
		4A2839A71B82ABF9007EA77E /* Contact */ = {
			isa = PBXGroup;
			children = (
				4A2839A81B82AC16007EA77E /* DAContactsViewController.h */,
				4A2839A91B82AC16007EA77E /* DAContactsViewController.m */,
			);
			path = Contact;
			sourceTree = "<group>";
		};
		4A2839AB1B82ACF8007EA77E /* Discover */ = {
			isa = PBXGroup;
			children = (
				4A2839AC1B82AD0B007EA77E /* DADiscoverViewController.h */,
				4A2839AD1B82AD0B007EA77E /* DADiscoverViewController.m */,
			);
			path = Discover;
			sourceTree = "<group>";
		};
		4A2839AF1B82ADC5007EA77E /* Setting */ = {
			isa = PBXGroup;
			children = (
				4A2839B01B82ADD1007EA77E /* DASettingViewController.h */,
				4A2839B11B82ADD1007EA77E /* DASettingViewController.m */,
			);
			path = Setting;
			sourceTree = "<group>";
		};
		4A2839C01B82E11E007EA77E /* Company */ = {
			isa = PBXGroup;
			children = (
				4A2839C71B82E2B7007EA77E /* DACompanyCoordinator.h */,
				4A2839C81B82E2B7007EA77E /* DACompanyCoordinator.m */,
				4A2839C41B82E161007EA77E /* DACompaniesViewController.h */,
				4A2839C51B82E161007EA77E /* DACompaniesViewController.m */,
				4A2839C11B82E132007EA77E /* DACompany.h */,
				4A2839C21B82E132007EA77E /* DACompany.m */,
				4A2839CA1B82F3F1007EA77E /* DACompanyCell.h */,
				4A2839CB1B82F3F1007EA77E /* DACompanyCell.m */,
			);
			path = Company;
			sourceTree = "<group>";
		};
		4A2839DD1B830811007EA77E /* User */ = {
			isa = PBXGroup;
			children = (
				4A2839DE1B83083A007EA77E /* DAUser.h */,
				4A2839DF1B83083A007EA77E /* DAUser.m */,
			);
			path = User;
			sourceTree = "<group>";
		};
		4A2839E41B830971007EA77E /* Currency */ = {
			isa = PBXGroup;
			children = (
				4A2839E51B83098B007EA77E /* DACurrency.h */,
				4A2839E61B83098B007EA77E /* DACurrency.m */,
				4A2839E81B8309C4007EA77E /* DACurrencyDataset.h */,
				4A2839E91B8309C4007EA77E /* DACurrencyDataset.m */,
			);
			path = Currency;
			sourceTree = "<group>";
		};
		4A2839EB1B830B87007EA77E /* Session */ = {
			isa = PBXGroup;
			children = (
				4A2839EC1B830B96007EA77E /* DASession.h */,
				4A2839ED1B830B96007EA77E /* DASession.m */,
				4A2839EF1B830BA7007EA77E /* DASessionCoordinator.h */,
				4A2839F01B830BA7007EA77E /* DASessionCoordinator.m */,
			);
			path = Session;
			sourceTree = "<group>";
		};
		4A2839F21B830D02007EA77E /* EarningPotential */ = {
			isa = PBXGroup;
			children = (
				4A2839F31B830D1A007EA77E /* DAEarningPotential.h */,
				4A2839F41B830D1A007EA77E /* DAEarningPotential.m */,
				4A2839FD1B83FACB007EA77E /* DAEarningPotentialDataset.h */,
				4A2839FE1B83FACB007EA77E /* DAEarningPotentialDataset.m */,
				4A283A001B8403BD007EA77E /* DAEarningPotentialPicker.h */,
				4A283A011B8403BD007EA77E /* DAEarningPotentialPicker.m */,
				4A283A1B1B843C4E007EA77E /* DAEarningPotentialCell.h */,
				4A283A1C1B843C4E007EA77E /* DAEarningPotentialCell.m */,
				4A283A2A1B846314007EA77E /* DSEarningPotentialPickerCell.h */,
				4A283A2B1B846314007EA77E /* DSEarningPotentialPickerCell.m */,
				4A283A3A1B869E20007EA77E /* DAEarningPotentialSection.h */,
				4A283A3B1B869E20007EA77E /* DAEarningPotentialSection.m */,
			);
			path = EarningPotential;
			sourceTree = "<group>";
		};
		4A2839F61B830D37007EA77E /* Common */ = {
			isa = PBXGroup;
			children = (
				4A2839F71B830D71007EA77E /* DADataset.h */,
				4A2839F81B830D71007EA77E /* DADataset.m */,
			);
			path = Common;
			sourceTree = "<group>";
		};
		4A283A031B842D9A007EA77E /* OpportunityTemplate */ = {
			isa = PBXGroup;
			children = (
				4A283A041B842DB1007EA77E /* DAOpportunityTemplateCoordinator.h */,
				4A283A051B842DB1007EA77E /* DAOpportunityTemplateCoordinator.m */,
				4A283A371B85BDA3007EA77E /* DAOpportunityTemplateEditor.h */,
				4A283A381B85BDA3007EA77E /* DAOpportunityTemplateEditor.m */,
			);
			path = OpportunityTemplate;
			sourceTree = "<group>";
		};
		4A283A0A1B842E1D007EA77E /* FunctionLoader */ = {
			isa = PBXGroup;
			children = (
				4A283A0B1B842E40007EA77E /* DAOpportunityLoader.h */,
				4A283A0C1B842E40007EA77E /* DAOpportunityLoader.m */,
				4A283A0D1B842E40007EA77E /* DAFunctionLoader.h */,
				4A283A0E1B842E40007EA77E /* DAFunctionLoader.m */,
			);
			path = FunctionLoader;
			sourceTree = "<group>";
		};
		4A283A131B843BEE007EA77E /* OpportunityStep */ = {
			isa = PBXGroup;
			children = (
				4A283A141B843BEE007EA77E /* DAOpportunityStep.h */,
				4A283A151B843BEE007EA77E /* DAOpportunityStep.m */,
				4A283A181B843C2C007EA77E /* DAOpportunityStepCell.h */,
				4A283A191B843C2C007EA77E /* DAOpportunityStepCell.m */,
				4A283A401B86A72B007EA77E /* DAOpportunityStepEditor.h */,
				4A283A411B86A72B007EA77E /* DAOpportunityStepEditor.m */,
				4A283A431B86A736007EA77E /* DAOpportunityStepsEditor.h */,
				4A283A441B86A736007EA77E /* DAOpportunityStepsEditor.m */,
				4A283A461B86DD11007EA77E /* DAOpportunityNewStepCell.h */,
				4A283A471B86DD11007EA77E /* DAOpportunityNewStepCell.m */,
				4A283A491B871463007EA77E /* DAOpportunityStepSection.h */,
				4A283A4A1B871463007EA77E /* DAOpportunityStepSection.m */,
			);
			path = OpportunityStep;
			sourceTree = "<group>";
		};
		4A283A171B843C05007EA77E /* OpportunityTask */ = {
			isa = PBXGroup;
			children = (
				4A283A1E1B843D38007EA77E /* DAOpportunityTask.h */,
				4A283A1F1B843D38007EA77E /* DAOpportunityTask.m */,
				4A283A211B8453C0007EA77E /* DAOpportunityTaskCell.h */,
				4A283A221B8453C0007EA77E /* DAOpportunityTaskCell.m */,
				4A283A4C1B87222B007EA77E /* DAOpportunityTaskSection.h */,
				4A283A4D1B87222B007EA77E /* DAOpportunityTaskSection.m */,
			);
			path = OpportunityTask;
			sourceTree = "<group>";
		};
		4A283A251B8456CD007EA77E /* Defines */ = {
			isa = PBXGroup;
			children = (
				4A283A261B8456E9007EA77E /* DADefine.h */,
				4A283A271B8456E9007EA77E /* DAOpportunityDefine.h */,
				4A283A281B8456E9007EA77E /* DAStyleDefine.h */,
				4A283A291B8456E9007EA77E /* DATextKeyDefine.h */,
			);
			path = Defines;
			sourceTree = "<group>";
		};
		4A283A2D1B846D31007EA77E /* Period */ = {
			isa = PBXGroup;
			children = (
				4A283A2E1B846D44007EA77E /* DAPeriod.h */,
				4A283A2F1B846D44007EA77E /* DAPeriod.m */,
				4A283A311B846D6E007EA77E /* DAPeriodDataset.h */,
				4A283A321B846D6E007EA77E /* DAPeriodDataset.m */,
			);
			path = Period;
			sourceTree = "<group>";
		};
		4A8E8E251B6AE95400F48CDD /* Resources */ = {
			isa = PBXGroup;
			children = (
				4A8E8E261B6AE95400F48CDD /* LaunchScreen.xib */,
				4A8E8E281B6AE95400F48CDD /* Images.xcassets */,
				4A8E8E291B6AE95400F48CDD /* Style.plist */,
				4A8E8E2A1B6AE95400F48CDD /* Text-en.plist */,
			);
			path = Resources;
			sourceTree = "<group>";
		};
		4A8E8E3D1B6AFFE400F48CDD /* Opportunity */ = {
			isa = PBXGroup;
			children = (
				4A283A341B847286007EA77E /* DAOpportunityEditor.h */,
				4A283A351B847286007EA77E /* DAOpportunityEditor.m */,
				4A8E8E3E1B6AFFE400F48CDD /* DAOpportunitiesViewController.h */,
				4A8E8E3F1B6AFFE400F48CDD /* DAOpportunitiesViewController.m */,
				4A8E8E411B6B01CD00F48CDD /* DAOpportunityViewController.h */,
				4A8E8E421B6B01CD00F48CDD /* DAOpportunityViewController.m */,
				4A8E8E4A1B6B67A300F48CDD /* DAOpportunityCell.h */,
				4A8E8E4B1B6B67A300F48CDD /* DAOpportunityCell.m */,
				4A2839D01B83008E007EA77E /* DAOpportunity.h */,
				4A2839D11B83008E007EA77E /* DAOpportunity.m */,
				4A2839FA1B83133E007EA77E /* DAOpportunityCoordinator.h */,
				4A2839FB1B83133E007EA77E /* DAOpportunityCoordinator.m */,
			);
			path = Opportunity;
			sourceTree = "<group>";
		};
		4A8E8E441B6B0E0900F48CDD /* Chat */ = {
			isa = PBXGroup;
			children = (
				4A8E8E451B6B2C7B00F48CDD /* DAChatViewController.h */,
				4A8E8E461B6B2C7B00F48CDD /* DAChatViewController.m */,
			);
			path = Chat;
			sourceTree = "<group>";
		};
		4AB8B6A91B66081F008073B6 = {
			isa = PBXGroup;
			children = (
				4AB8B6B41B66081F008073B6 /* Distributors */,
				4AB8B6B31B66081F008073B6 /* Products */,
				4A8E8E351B6AF8FB00F48CDD /* libz.dylib */,
			);
			sourceTree = "<group>";
		};
		4AB8B6B31B66081F008073B6 /* Products */ = {
			isa = PBXGroup;
			children = (
				4AB8B6B21B66081F008073B6 /* Distributors.app */,
			);
			name = Products;
			sourceTree = "<group>";
		};
		4AB8B6B41B66081F008073B6 /* Distributors */ = {
			isa = PBXGroup;
			children = (
				4A283A2D1B846D31007EA77E /* Period */,
				4A283A0A1B842E1D007EA77E /* FunctionLoader */,
				4A2839F61B830D37007EA77E /* Common */,
				4A2839F21B830D02007EA77E /* EarningPotential */,
				4A2839EB1B830B87007EA77E /* Session */,
				4A2839E41B830971007EA77E /* Currency */,
				4A2839DD1B830811007EA77E /* User */,
				4A2839C01B82E11E007EA77E /* Company */,
				4A2839AF1B82ADC5007EA77E /* Setting */,
				4A2839AB1B82ACF8007EA77E /* Discover */,
				4A2839A71B82ABF9007EA77E /* Contact */,
				4A0D23731B79B90D00FF9D40 /* Lab */,
				4A8E8E441B6B0E0900F48CDD /* Chat */,
				4A283A171B843C05007EA77E /* OpportunityTask */,
				4A283A131B843BEE007EA77E /* OpportunityStep */,
				4A283A031B842D9A007EA77E /* OpportunityTemplate */,
				4A8E8E3D1B6AFFE400F48CDD /* Opportunity */,
				4A283A251B8456CD007EA77E /* Defines */,
				4A8E8E251B6AE95400F48CDD /* Resources */,
				4AB8B6B51B66081F008073B6 /* Supporting Files */,
			);
			path = Distributors;
			sourceTree = "<group>";
		};
		4AB8B6B51B66081F008073B6 /* Supporting Files */ = {
			isa = PBXGroup;
			children = (
				4A8E8E221B6AE8D100F48CDD /* RootViewController.h */,
				4A8E8E231B6AE8D100F48CDD /* RootViewController.m */,
				4AB8B6B91B66081F008073B6 /* AppDelegate.h */,
				4AB8B6BA1B66081F008073B6 /* AppDelegate.m */,
				4AB8B6B61B66081F008073B6 /* Info.plist */,
				4AB8B6B71B66081F008073B6 /* main.m */,
				4A8E8E371B6AFA1500F48CDD /* RootTabController.h */,
				4A8E8E381B6AFA1500F48CDD /* RootTabController.m */,
			);
			name = "Supporting Files";
			sourceTree = "<group>";
		};
/* End PBXGroup section */

/* Begin PBXNativeTarget section */
		4AB8B6B11B66081F008073B6 /* Distributors */ = {
			isa = PBXNativeTarget;
			buildConfigurationList = 4AB8B6D51B66081F008073B6 /* Build configuration list for PBXNativeTarget "Distributors" */;
			buildPhases = (
				4AB8B6AE1B66081F008073B6 /* Sources */,
				4AB8B6AF1B66081F008073B6 /* Frameworks */,
				4AB8B6B01B66081F008073B6 /* Resources */,
			);
			buildRules = (
			);
			dependencies = (
			);
			name = Distributors;
			productName = Distributors;
			productReference = 4AB8B6B21B66081F008073B6 /* Distributors.app */;
			productType = "com.apple.product-type.application";
		};
/* End PBXNativeTarget section */

/* Begin PBXProject section */
		4AB8B6AA1B66081F008073B6 /* Project object */ = {
			isa = PBXProject;
			attributes = {
				LastUpgradeCheck = 0640;
				ORGANIZATIONNAME = AboveGEM;
				TargetAttributes = {
					4AB8B6B11B66081F008073B6 = {
						CreatedOnToolsVersion = 6.4;
						DevelopmentTeam = LWV4GYPE98;
					};
				};
			};
			buildConfigurationList = 4AB8B6AD1B66081F008073B6 /* Build configuration list for PBXProject "Distributors" */;
			compatibilityVersion = "Xcode 3.2";
			developmentRegion = English;
			hasScannedForEncodings = 0;
			knownRegions = (
				en,
				Base,
			);
			mainGroup = 4AB8B6A91B66081F008073B6;
			productRefGroup = 4AB8B6B31B66081F008073B6 /* Products */;
			projectDirPath = "";
			projectRoot = "";
			targets = (
				4AB8B6B11B66081F008073B6 /* Distributors */,
			);
		};
/* End PBXProject section */

/* Begin PBXResourcesBuildPhase section */
		4AB8B6B01B66081F008073B6 /* Resources */ = {
			isa = PBXResourcesBuildPhase;
			buildActionMask = 2147483647;
			files = (
				4A8E8E2E1B6AE95400F48CDD /* Text-en.plist in Resources */,
				4A8E8E2B1B6AE95400F48CDD /* LaunchScreen.xib in Resources */,
				4A8E8E2D1B6AE95400F48CDD /* Style.plist in Resources */,
				4A8E8E2C1B6AE95400F48CDD /* Images.xcassets in Resources */,
			);
			runOnlyForDeploymentPostprocessing = 0;
		};
/* End PBXResourcesBuildPhase section */

/* Begin PBXSourcesBuildPhase section */
		4AB8B6AE1B66081F008073B6 /* Sources */ = {
			isa = PBXSourcesBuildPhase;
			buildActionMask = 2147483647;
			files = (
				4A2839B21B82ADD1007EA77E /* DASettingViewController.m in Sources */,
				4A283A481B86DD11007EA77E /* DAOpportunityNewStepCell.m in Sources */,
				4A2839AA1B82AC16007EA77E /* DAContactsViewController.m in Sources */,
				4A283A331B846D6E007EA77E /* DAPeriodDataset.m in Sources */,
				4A8E8E4C1B6B67A300F48CDD /* DAOpportunityCell.m in Sources */,
				4AB8B6BB1B66081F008073B6 /* AppDelegate.m in Sources */,
				4A283A1D1B843C4E007EA77E /* DAEarningPotentialCell.m in Sources */,
				4A2839EE1B830B96007EA77E /* DASession.m in Sources */,
				4A2839E71B83098B007EA77E /* DACurrency.m in Sources */,
				4A0D23761B79B92600FF9D40 /* DALabViewController.m in Sources */,
				4A2839D21B83008E007EA77E /* DAOpportunity.m in Sources */,
				4A283A0F1B842E40007EA77E /* DAOpportunityLoader.m in Sources */,
				4A2839C91B82E2B7007EA77E /* DACompanyCoordinator.m in Sources */,
				4A0D23791B79BBAE00FF9D40 /* DALabConvertSpeechToTextViewController.m in Sources */,
				4A2839C61B82E161007EA77E /* DACompaniesViewController.m in Sources */,
				4A283A451B86A736007EA77E /* DAOpportunityStepsEditor.m in Sources */,
				4A2839C31B82E132007EA77E /* DACompany.m in Sources */,
				4A2839FF1B83FACB007EA77E /* DAEarningPotentialDataset.m in Sources */,
				4A283A101B842E40007EA77E /* DAFunctionLoader.m in Sources */,
				4A283A231B8453C0007EA77E /* DAOpportunityTaskCell.m in Sources */,
				4A283A1A1B843C2C007EA77E /* DAOpportunityStepCell.m in Sources */,
				4A2839EA1B8309C4007EA77E /* DACurrencyDataset.m in Sources */,
				4A8E8E391B6AFA1500F48CDD /* RootTabController.m in Sources */,
				4A8E8E401B6AFFE400F48CDD /* DAOpportunitiesViewController.m in Sources */,
				4A283A4E1B87222B007EA77E /* DAOpportunityTaskSection.m in Sources */,
				4A283A3C1B869E20007EA77E /* DAEarningPotentialSection.m in Sources */,
				4A283A161B843BEE007EA77E /* DAOpportunityStep.m in Sources */,
				4A283A4B1B871463007EA77E /* DAOpportunityStepSection.m in Sources */,
				4A8E8E431B6B01CD00F48CDD /* DAOpportunityViewController.m in Sources */,
				4A2839AE1B82AD0B007EA77E /* DADiscoverViewController.m in Sources */,
				4A2839F11B830BA7007EA77E /* DASessionCoordinator.m in Sources */,
				4AB8B6B81B66081F008073B6 /* main.m in Sources */,
				4A283A391B85BDA3007EA77E /* DAOpportunityTemplateEditor.m in Sources */,
				4A2839E01B83083A007EA77E /* DAUser.m in Sources */,
				4A8E8E241B6AE8D100F48CDD /* RootViewController.m in Sources */,
				4A2839F91B830D71007EA77E /* DADataset.m in Sources */,
				4A283A361B847286007EA77E /* DAOpportunityEditor.m in Sources */,
				4A2839FC1B83133E007EA77E /* DAOpportunityCoordinator.m in Sources */,
				4A283A2C1B846314007EA77E /* DSEarningPotentialPickerCell.m in Sources */,
				4A2839F51B830D1A007EA77E /* DAEarningPotential.m in Sources */,
				4A2839CC1B82F3F2007EA77E /* DACompanyCell.m in Sources */,
				4A8E8E471B6B2C7B00F48CDD /* DAChatViewController.m in Sources */,
				4A283A061B842DB1007EA77E /* DAOpportunityTemplateCoordinator.m in Sources */,
				4A283A301B846D44007EA77E /* DAPeriod.m in Sources */,
				4A283A201B843D38007EA77E /* DAOpportunityTask.m in Sources */,
				4A283A021B8403BD007EA77E /* DAEarningPotentialPicker.m in Sources */,
				4A283A421B86A72B007EA77E /* DAOpportunityStepEditor.m in Sources */,
			);
			runOnlyForDeploymentPostprocessing = 0;
		};
/* End PBXSourcesBuildPhase section */

/* Begin PBXVariantGroup section */
		4A8E8E261B6AE95400F48CDD /* LaunchScreen.xib */ = {
			isa = PBXVariantGroup;
			children = (
				4A8E8E271B6AE95400F48CDD /* Base */,
			);
			name = LaunchScreen.xib;
			sourceTree = "<group>";
		};
/* End PBXVariantGroup section */

/* Begin XCBuildConfiguration section */
		4AB8B6D31B66081F008073B6 /* Debug */ = {
			isa = XCBuildConfiguration;
			buildSettings = {
				ALWAYS_SEARCH_USER_PATHS = NO;
				CLANG_CXX_LANGUAGE_STANDARD = "gnu++0x";
				CLANG_CXX_LIBRARY = "libc++";
				CLANG_ENABLE_MODULES = YES;
				CLANG_ENABLE_OBJC_ARC = YES;
				CLANG_WARN_BOOL_CONVERSION = YES;
				CLANG_WARN_CONSTANT_CONVERSION = YES;
				CLANG_WARN_DIRECT_OBJC_ISA_USAGE = YES_ERROR;
				CLANG_WARN_EMPTY_BODY = YES;
				CLANG_WARN_ENUM_CONVERSION = YES;
				CLANG_WARN_INT_CONVERSION = YES;
				CLANG_WARN_OBJC_ROOT_CLASS = YES_ERROR;
				CLANG_WARN_UNREACHABLE_CODE = YES;
				CLANG_WARN__DUPLICATE_METHOD_MATCH = YES;
				"CODE_SIGN_IDENTITY[sdk=iphoneos*]" = "iPhone Developer";
				COPY_PHASE_STRIP = NO;
				DEBUG_INFORMATION_FORMAT = "dwarf-with-dsym";
				ENABLE_STRICT_OBJC_MSGSEND = YES;
				GCC_C_LANGUAGE_STANDARD = gnu99;
				GCC_DYNAMIC_NO_PIC = NO;
				GCC_NO_COMMON_BLOCKS = YES;
				GCC_OPTIMIZATION_LEVEL = 0;
				GCC_PREPROCESSOR_DEFINITIONS = (
					"DEBUG=1",
					"$(inherited)",
				);
				GCC_SYMBOLS_PRIVATE_EXTERN = NO;
				GCC_WARN_64_TO_32_BIT_CONVERSION = YES;
				GCC_WARN_ABOUT_RETURN_TYPE = YES_ERROR;
				GCC_WARN_UNDECLARED_SELECTOR = YES;
				GCC_WARN_UNINITIALIZED_AUTOS = YES_AGGRESSIVE;
				GCC_WARN_UNUSED_FUNCTION = YES;
				GCC_WARN_UNUSED_VARIABLE = YES;
				IPHONEOS_DEPLOYMENT_TARGET = 8.4;
				MTL_ENABLE_DEBUG_INFO = YES;
				ONLY_ACTIVE_ARCH = YES;
				SDKROOT = iphoneos;
			};
			name = Debug;
		};
		4AB8B6D41B66081F008073B6 /* Release */ = {
			isa = XCBuildConfiguration;
			buildSettings = {
				ALWAYS_SEARCH_USER_PATHS = NO;
				CLANG_CXX_LANGUAGE_STANDARD = "gnu++0x";
				CLANG_CXX_LIBRARY = "libc++";
				CLANG_ENABLE_MODULES = YES;
				CLANG_ENABLE_OBJC_ARC = YES;
				CLANG_WARN_BOOL_CONVERSION = YES;
				CLANG_WARN_CONSTANT_CONVERSION = YES;
				CLANG_WARN_DIRECT_OBJC_ISA_USAGE = YES_ERROR;
				CLANG_WARN_EMPTY_BODY = YES;
				CLANG_WARN_ENUM_CONVERSION = YES;
				CLANG_WARN_INT_CONVERSION = YES;
				CLANG_WARN_OBJC_ROOT_CLASS = YES_ERROR;
				CLANG_WARN_UNREACHABLE_CODE = YES;
				CLANG_WARN__DUPLICATE_METHOD_MATCH = YES;
				"CODE_SIGN_IDENTITY[sdk=iphoneos*]" = "iPhone Developer";
				COPY_PHASE_STRIP = NO;
				DEBUG_INFORMATION_FORMAT = "dwarf-with-dsym";
				ENABLE_NS_ASSERTIONS = NO;
				ENABLE_STRICT_OBJC_MSGSEND = YES;
				GCC_C_LANGUAGE_STANDARD = gnu99;
				GCC_NO_COMMON_BLOCKS = YES;
				GCC_WARN_64_TO_32_BIT_CONVERSION = YES;
				GCC_WARN_ABOUT_RETURN_TYPE = YES_ERROR;
				GCC_WARN_UNDECLARED_SELECTOR = YES;
				GCC_WARN_UNINITIALIZED_AUTOS = YES_AGGRESSIVE;
				GCC_WARN_UNUSED_FUNCTION = YES;
				GCC_WARN_UNUSED_VARIABLE = YES;
				IPHONEOS_DEPLOYMENT_TARGET = 8.4;
				MTL_ENABLE_DEBUG_INFO = NO;
				SDKROOT = iphoneos;
				VALIDATE_PRODUCT = YES;
			};
			name = Release;
		};
		4AB8B6D61B66081F008073B6 /* Debug */ = {
			isa = XCBuildConfiguration;
			buildSettings = {
				ASSETCATALOG_COMPILER_APPICON_NAME = AppIcon;
				CODE_SIGN_IDENTITY = "iPhone Developer";
				FRAMEWORK_SEARCH_PATHS = "";
				INFOPLIST_FILE = Distributors/Info.plist;
				LD_RUNPATH_SEARCH_PATHS = "$(inherited) @executable_path/Frameworks";
				LIBRARY_SEARCH_PATHS = (
					"$(inherited)",
					"\"../3rd/libOpen\"",
					"\"../3rd/AGNetwork\"",
					"\"../3rd/thirdPartyOpenResources\"",
					"\"../3rd/AGUIKit\"",
				);
				OTHER_LDFLAGS = (
					"-ObjC",
					"-lAGUIKit",
					"-llibOpen",
					"-lthirdPartyOpenResources",
					"-lAGNetwork",
				);
				PRODUCT_NAME = "$(TARGET_NAME)";
				USER_HEADER_SEARCH_PATHS = "\"../3rd/AGNetwork/include\" \"../3rd/libOpen/include\" \"../3rd/thirdPartyOpenResources/include\" \"../3rd/AGUIKit/include\" \".\"/**";
			};
			name = Debug;
		};
		4AB8B6D71B66081F008073B6 /* Release */ = {
			isa = XCBuildConfiguration;
			buildSettings = {
				ASSETCATALOG_COMPILER_APPICON_NAME = AppIcon;
				CODE_SIGN_IDENTITY = "iPhone Developer";
				FRAMEWORK_SEARCH_PATHS = "";
				INFOPLIST_FILE = Distributors/Info.plist;
				LD_RUNPATH_SEARCH_PATHS = "$(inherited) @executable_path/Frameworks";
				LIBRARY_SEARCH_PATHS = (
					"$(inherited)",
					"\"../3rd/libOpen\"",
					"\"../3rd/AGNetwork\"",
					"\"../3rd/thirdPartyOpenResources\"",
					"\"../3rd/AGUIKit\"",
				);
				OTHER_LDFLAGS = (
					"-ObjC",
					"-lAGUIKit",
					"-llibOpen",
					"-lthirdPartyOpenResources",
					"-lAGNetwork",
				);
				PRODUCT_NAME = "$(TARGET_NAME)";
				USER_HEADER_SEARCH_PATHS = "\"../3rd/AGNetwork/include\" \"../3rd/libOpen/include\" \"../3rd/thirdPartyOpenResources/include\" \"../3rd/AGUIKit/include\" \".\"/**";
			};
			name = Release;
		};
/* End XCBuildConfiguration section */

/* Begin XCConfigurationList section */
		4AB8B6AD1B66081F008073B6 /* Build configuration list for PBXProject "Distributors" */ = {
			isa = XCConfigurationList;
			buildConfigurations = (
				4AB8B6D31B66081F008073B6 /* Debug */,
				4AB8B6D41B66081F008073B6 /* Release */,
			);
			defaultConfigurationIsVisible = 0;
			defaultConfigurationName = Release;
		};
		4AB8B6D51B66081F008073B6 /* Build configuration list for PBXNativeTarget "Distributors" */ = {
			isa = XCConfigurationList;
			buildConfigurations = (
				4AB8B6D61B66081F008073B6 /* Debug */,
				4AB8B6D71B66081F008073B6 /* Release */,
			);
			defaultConfigurationIsVisible = 0;
			defaultConfigurationName = Release;
		};
/* End XCConfigurationList section */
	};
	rootObject = 4AB8B6AA1B66081F008073B6 /* Project object */;
}
