// !$*UTF8*$!
{
	archiveVersion = 1;
	classes = {
	};
	objectVersion = 46;
	objects = {

/* Begin PBXBuildFile section */
		4A8E8E241B6AE8D100F48CDD /* RootViewController.m in Sources */ = {isa = PBXBuildFile; fileRef = 4A8E8E231B6AE8D100F48CDD /* RootViewController.m */; };
		4A8E8E2B1B6AE95400F48CDD /* LaunchScreen.xib in Resources */ = {isa = PBXBuildFile; fileRef = 4A8E8E261B6AE95400F48CDD /* LaunchScreen.xib */; };
		4A8E8E2C1B6AE95400F48CDD /* Images.xcassets in Resources */ = {isa = PBXBuildFile; fileRef = 4A8E8E281B6AE95400F48CDD /* Images.xcassets */; };
		4A8E8E2D1B6AE95400F48CDD /* Style.plist in Resources */ = {isa = PBXBuildFile; fileRef = 4A8E8E291B6AE95400F48CDD /* Style.plist */; };
		4A8E8E2E1B6AE95400F48CDD /* Text-en.plist in Resources */ = {isa = PBXBuildFile; fileRef = 4A8E8E2A1B6AE95400F48CDD /* Text-en.plist */; };
		4A8E8E361B6AF8FB00F48CDD /* libz.dylib in Frameworks */ = {isa = PBXBuildFile; fileRef = 4A8E8E351B6AF8FB00F48CDD /* libz.dylib */; };
		4A8E8E391B6AFA1500F48CDD /* RootTabController.m in Sources */ = {isa = PBXBuildFile; fileRef = 4A8E8E381B6AFA1500F48CDD /* RootTabController.m */; };
		4A8E8E401B6AFFE400F48CDD /* DAOpportunitiesViewController.m in Sources */ = {isa = PBXBuildFile; fileRef = 4A8E8E3F1B6AFFE400F48CDD /* DAOpportunitiesViewController.m */; };
		4A8E8E431B6B01CD00F48CDD /* DAOpportunityViewController.m in Sources */ = {isa = PBXBuildFile; fileRef = 4A8E8E421B6B01CD00F48CDD /* DAOpportunityViewController.m */; };
		4A8E8E471B6B2C7B00F48CDD /* DARecentChatsViewController.m in Sources */ = {isa = PBXBuildFile; fileRef = 4A8E8E461B6B2C7B00F48CDD /* DARecentChatsViewController.m */; };
		4AB8B6B81B66081F008073B6 /* main.m in Sources */ = {isa = PBXBuildFile; fileRef = 4AB8B6B71B66081F008073B6 /* main.m */; };
		4AB8B6BB1B66081F008073B6 /* AppDelegate.m in Sources */ = {isa = PBXBuildFile; fileRef = 4AB8B6BA1B66081F008073B6 /* AppDelegate.m */; };
/* End PBXBuildFile section */

/* Begin PBXFileReference section */
		4A8E8E221B6AE8D100F48CDD /* RootViewController.h */ = {isa = PBXFileReference; fileEncoding = 4; lastKnownFileType = sourcecode.c.h; path = RootViewController.h; sourceTree = "<group>"; };
		4A8E8E231B6AE8D100F48CDD /* RootViewController.m */ = {isa = PBXFileReference; fileEncoding = 4; lastKnownFileType = sourcecode.c.objc; path = RootViewController.m; sourceTree = "<group>"; };
		4A8E8E271B6AE95400F48CDD /* Base */ = {isa = PBXFileReference; lastKnownFileType = file.xib; name = Base; path = Base.lproj/LaunchScreen.xib; sourceTree = "<group>"; };
		4A8E8E281B6AE95400F48CDD /* Images.xcassets */ = {isa = PBXFileReference; lastKnownFileType = folder.assetcatalog; path = Images.xcassets; sourceTree = "<group>"; };
		4A8E8E291B6AE95400F48CDD /* Style.plist */ = {isa = PBXFileReference; fileEncoding = 4; lastKnownFileType = text.plist.xml; path = Style.plist; sourceTree = "<group>"; };
		4A8E8E2A1B6AE95400F48CDD /* Text-en.plist */ = {isa = PBXFileReference; fileEncoding = 4; lastKnownFileType = text.plist.xml; path = "Text-en.plist"; sourceTree = "<group>"; };
		4A8E8E351B6AF8FB00F48CDD /* libz.dylib */ = {isa = PBXFileReference; lastKnownFileType = "compiled.mach-o.dylib"; name = libz.dylib; path = usr/lib/libz.dylib; sourceTree = SDKROOT; };
		4A8E8E371B6AFA1500F48CDD /* RootTabController.h */ = {isa = PBXFileReference; fileEncoding = 4; lastKnownFileType = sourcecode.c.h; path = RootTabController.h; sourceTree = "<group>"; };
		4A8E8E381B6AFA1500F48CDD /* RootTabController.m */ = {isa = PBXFileReference; fileEncoding = 4; lastKnownFileType = sourcecode.c.objc; path = RootTabController.m; sourceTree = "<group>"; };
		4A8E8E3E1B6AFFE400F48CDD /* DAOpportunitiesViewController.h */ = {isa = PBXFileReference; fileEncoding = 4; lastKnownFileType = sourcecode.c.h; path = DAOpportunitiesViewController.h; sourceTree = "<group>"; };
		4A8E8E3F1B6AFFE400F48CDD /* DAOpportunitiesViewController.m */ = {isa = PBXFileReference; fileEncoding = 4; lastKnownFileType = sourcecode.c.objc; path = DAOpportunitiesViewController.m; sourceTree = "<group>"; };
		4A8E8E411B6B01CD00F48CDD /* DAOpportunityViewController.h */ = {isa = PBXFileReference; fileEncoding = 4; lastKnownFileType = sourcecode.c.h; path = DAOpportunityViewController.h; sourceTree = "<group>"; };
		4A8E8E421B6B01CD00F48CDD /* DAOpportunityViewController.m */ = {isa = PBXFileReference; fileEncoding = 4; lastKnownFileType = sourcecode.c.objc; path = DAOpportunityViewController.m; sourceTree = "<group>"; };
		4A8E8E451B6B2C7B00F48CDD /* DARecentChatsViewController.h */ = {isa = PBXFileReference; fileEncoding = 4; lastKnownFileType = sourcecode.c.h; path = DARecentChatsViewController.h; sourceTree = "<group>"; };
		4A8E8E461B6B2C7B00F48CDD /* DARecentChatsViewController.m */ = {isa = PBXFileReference; fileEncoding = 4; lastKnownFileType = sourcecode.c.objc; path = DARecentChatsViewController.m; sourceTree = "<group>"; };
		4A8E8E481B6B31E100F48CDD /* DATextKeyDefine.h */ = {isa = PBXFileReference; lastKnownFileType = sourcecode.c.h; path = DATextKeyDefine.h; sourceTree = "<group>"; };
		4A8E8E491B6B328D00F48CDD /* DADefine.h */ = {isa = PBXFileReference; fileEncoding = 4; lastKnownFileType = sourcecode.c.h; path = DADefine.h; sourceTree = "<group>"; };
		4AB8B6B21B66081F008073B6 /* Distributors.app */ = {isa = PBXFileReference; explicitFileType = wrapper.application; includeInIndex = 0; path = Distributors.app; sourceTree = BUILT_PRODUCTS_DIR; };
		4AB8B6B61B66081F008073B6 /* Info.plist */ = {isa = PBXFileReference; lastKnownFileType = text.plist.xml; path = Info.plist; sourceTree = "<group>"; };
		4AB8B6B71B66081F008073B6 /* main.m */ = {isa = PBXFileReference; lastKnownFileType = sourcecode.c.objc; path = main.m; sourceTree = "<group>"; };
		4AB8B6B91B66081F008073B6 /* AppDelegate.h */ = {isa = PBXFileReference; lastKnownFileType = sourcecode.c.h; path = AppDelegate.h; sourceTree = "<group>"; };
		4AB8B6BA1B66081F008073B6 /* AppDelegate.m */ = {isa = PBXFileReference; lastKnownFileType = sourcecode.c.objc; path = AppDelegate.m; sourceTree = "<group>"; };
/* End PBXFileReference section */

/* Begin PBXFrameworksBuildPhase section */
		4AB8B6AF1B66081F008073B6 /* Frameworks */ = {
			isa = PBXFrameworksBuildPhase;
			buildActionMask = 2147483647;
			files = (
				4A8E8E361B6AF8FB00F48CDD /* libz.dylib in Frameworks */,
			);
			runOnlyForDeploymentPostprocessing = 0;
		};
/* End PBXFrameworksBuildPhase section */

/* Begin PBXGroup section */
		4A8E8E251B6AE95400F48CDD /* Resources */ = {
			isa = PBXGroup;
			children = (
				4A8E8E261B6AE95400F48CDD /* LaunchScreen.xib */,
				4A8E8E281B6AE95400F48CDD /* Images.xcassets */,
				4A8E8E291B6AE95400F48CDD /* Style.plist */,
				4A8E8E2A1B6AE95400F48CDD /* Text-en.plist */,
			);
			path = Resources;
			sourceTree = "<group>";
		};
		4A8E8E3D1B6AFFE400F48CDD /* Opportunity */ = {
			isa = PBXGroup;
			children = (
				4A8E8E3E1B6AFFE400F48CDD /* DAOpportunitiesViewController.h */,
				4A8E8E3F1B6AFFE400F48CDD /* DAOpportunitiesViewController.m */,
				4A8E8E411B6B01CD00F48CDD /* DAOpportunityViewController.h */,
				4A8E8E421B6B01CD00F48CDD /* DAOpportunityViewController.m */,
			);
			path = Opportunity;
			sourceTree = "<group>";
		};
		4A8E8E441B6B0E0900F48CDD /* Chat */ = {
			isa = PBXGroup;
			children = (
				4A8E8E451B6B2C7B00F48CDD /* DARecentChatsViewController.h */,
				4A8E8E461B6B2C7B00F48CDD /* DARecentChatsViewController.m */,
			);
			path = Chat;
			sourceTree = "<group>";
		};
		4AB8B6A91B66081F008073B6 = {
			isa = PBXGroup;
			children = (
				4AB8B6B41B66081F008073B6 /* Distributors */,
				4AB8B6B31B66081F008073B6 /* Products */,
				4A8E8E351B6AF8FB00F48CDD /* libz.dylib */,
			);
			sourceTree = "<group>";
		};
		4AB8B6B31B66081F008073B6 /* Products */ = {
			isa = PBXGroup;
			children = (
				4AB8B6B21B66081F008073B6 /* Distributors.app */,
			);
			name = Products;
			sourceTree = "<group>";
		};
		4AB8B6B41B66081F008073B6 /* Distributors */ = {
			isa = PBXGroup;
			children = (
				4A8E8E441B6B0E0900F48CDD /* Chat */,
				4A8E8E3D1B6AFFE400F48CDD /* Opportunity */,
				4A8E8E251B6AE95400F48CDD /* Resources */,
				4AB8B6B51B66081F008073B6 /* Supporting Files */,
			);
			path = Distributors;
			sourceTree = "<group>";
		};
		4AB8B6B51B66081F008073B6 /* Supporting Files */ = {
			isa = PBXGroup;
			children = (
				4A8E8E221B6AE8D100F48CDD /* RootViewController.h */,
				4A8E8E231B6AE8D100F48CDD /* RootViewController.m */,
				4AB8B6B91B66081F008073B6 /* AppDelegate.h */,
				4AB8B6BA1B66081F008073B6 /* AppDelegate.m */,
				4AB8B6B61B66081F008073B6 /* Info.plist */,
				4AB8B6B71B66081F008073B6 /* main.m */,
				4A8E8E371B6AFA1500F48CDD /* RootTabController.h */,
				4A8E8E381B6AFA1500F48CDD /* RootTabController.m */,
				4A8E8E481B6B31E100F48CDD /* DATextKeyDefine.h */,
				4A8E8E491B6B328D00F48CDD /* DADefine.h */,
			);
			name = "Supporting Files";
			sourceTree = "<group>";
		};
/* End PBXGroup section */

/* Begin PBXNativeTarget section */
		4AB8B6B11B66081F008073B6 /* Distributors */ = {
			isa = PBXNativeTarget;
			buildConfigurationList = 4AB8B6D51B66081F008073B6 /* Build configuration list for PBXNativeTarget "Distributors" */;
			buildPhases = (
				4AB8B6AE1B66081F008073B6 /* Sources */,
				4AB8B6AF1B66081F008073B6 /* Frameworks */,
				4AB8B6B01B66081F008073B6 /* Resources */,
			);
			buildRules = (
			);
			dependencies = (
			);
			name = Distributors;
			productName = Distributors;
			productReference = 4AB8B6B21B66081F008073B6 /* Distributors.app */;
			productType = "com.apple.product-type.application";
		};
/* End PBXNativeTarget section */

/* Begin PBXProject section */
		4AB8B6AA1B66081F008073B6 /* Project object */ = {
			isa = PBXProject;
			attributes = {
				LastUpgradeCheck = 0640;
				ORGANIZATIONNAME = AboveGEM;
				TargetAttributes = {
					4AB8B6B11B66081F008073B6 = {
						CreatedOnToolsVersion = 6.4;
						DevelopmentTeam = LWV4GYPE98;
					};
				};
			};
			buildConfigurationList = 4AB8B6AD1B66081F008073B6 /* Build configuration list for PBXProject "Distributors" */;
			compatibilityVersion = "Xcode 3.2";
			developmentRegion = English;
			hasScannedForEncodings = 0;
			knownRegions = (
				en,
				Base,
			);
			mainGroup = 4AB8B6A91B66081F008073B6;
			productRefGroup = 4AB8B6B31B66081F008073B6 /* Products */;
			projectDirPath = "";
			projectRoot = "";
			targets = (
				4AB8B6B11B66081F008073B6 /* Distributors */,
			);
		};
/* End PBXProject section */

/* Begin PBXResourcesBuildPhase section */
		4AB8B6B01B66081F008073B6 /* Resources */ = {
			isa = PBXResourcesBuildPhase;
			buildActionMask = 2147483647;
			files = (
				4A8E8E2E1B6AE95400F48CDD /* Text-en.plist in Resources */,
				4A8E8E2B1B6AE95400F48CDD /* LaunchScreen.xib in Resources */,
				4A8E8E2D1B6AE95400F48CDD /* Style.plist in Resources */,
				4A8E8E2C1B6AE95400F48CDD /* Images.xcassets in Resources */,
			);
			runOnlyForDeploymentPostprocessing = 0;
		};
/* End PBXResourcesBuildPhase section */

/* Begin PBXSourcesBuildPhase section */
		4AB8B6AE1B66081F008073B6 /* Sources */ = {
			isa = PBXSourcesBuildPhase;
			buildActionMask = 2147483647;
			files = (
				4AB8B6BB1B66081F008073B6 /* AppDelegate.m in Sources */,
				4A8E8E391B6AFA1500F48CDD /* RootTabController.m in Sources */,
				4A8E8E401B6AFFE400F48CDD /* DAOpportunitiesViewController.m in Sources */,
				4A8E8E431B6B01CD00F48CDD /* DAOpportunityViewController.m in Sources */,
				4AB8B6B81B66081F008073B6 /* main.m in Sources */,
				4A8E8E241B6AE8D100F48CDD /* RootViewController.m in Sources */,
				4A8E8E471B6B2C7B00F48CDD /* DARecentChatsViewController.m in Sources */,
			);
			runOnlyForDeploymentPostprocessing = 0;
		};
/* End PBXSourcesBuildPhase section */

/* Begin PBXVariantGroup section */
		4A8E8E261B6AE95400F48CDD /* LaunchScreen.xib */ = {
			isa = PBXVariantGroup;
			children = (
				4A8E8E271B6AE95400F48CDD /* Base */,
			);
			name = LaunchScreen.xib;
			sourceTree = "<group>";
		};
/* End PBXVariantGroup section */

/* Begin XCBuildConfiguration section */
		4AB8B6D31B66081F008073B6 /* Debug */ = {
			isa = XCBuildConfiguration;
			buildSettings = {
				ALWAYS_SEARCH_USER_PATHS = NO;
				CLANG_CXX_LANGUAGE_STANDARD = "gnu++0x";
				CLANG_CXX_LIBRARY = "libc++";
				CLANG_ENABLE_MODULES = YES;
				CLANG_ENABLE_OBJC_ARC = YES;
				CLANG_WARN_BOOL_CONVERSION = YES;
				CLANG_WARN_CONSTANT_CONVERSION = YES;
				CLANG_WARN_DIRECT_OBJC_ISA_USAGE = YES_ERROR;
				CLANG_WARN_EMPTY_BODY = YES;
				CLANG_WARN_ENUM_CONVERSION = YES;
				CLANG_WARN_INT_CONVERSION = YES;
				CLANG_WARN_OBJC_ROOT_CLASS = YES_ERROR;
				CLANG_WARN_UNREACHABLE_CODE = YES;
				CLANG_WARN__DUPLICATE_METHOD_MATCH = YES;
				"CODE_SIGN_IDENTITY[sdk=iphoneos*]" = "iPhone Developer";
				COPY_PHASE_STRIP = NO;
				DEBUG_INFORMATION_FORMAT = "dwarf-with-dsym";
				ENABLE_STRICT_OBJC_MSGSEND = YES;
				GCC_C_LANGUAGE_STANDARD = gnu99;
				GCC_DYNAMIC_NO_PIC = NO;
				GCC_NO_COMMON_BLOCKS = YES;
				GCC_OPTIMIZATION_LEVEL = 0;
				GCC_PREPROCESSOR_DEFINITIONS = (
					"DEBUG=1",
					"$(inherited)",
				);
				GCC_SYMBOLS_PRIVATE_EXTERN = NO;
				GCC_WARN_64_TO_32_BIT_CONVERSION = YES;
				GCC_WARN_ABOUT_RETURN_TYPE = YES_ERROR;
				GCC_WARN_UNDECLARED_SELECTOR = YES;
				GCC_WARN_UNINITIALIZED_AUTOS = YES_AGGRESSIVE;
				GCC_WARN_UNUSED_FUNCTION = YES;
				GCC_WARN_UNUSED_VARIABLE = YES;
				IPHONEOS_DEPLOYMENT_TARGET = 8.4;
				MTL_ENABLE_DEBUG_INFO = YES;
				ONLY_ACTIVE_ARCH = YES;
				SDKROOT = iphoneos;
			};
			name = Debug;
		};
		4AB8B6D41B66081F008073B6 /* Release */ = {
			isa = XCBuildConfiguration;
			buildSettings = {
				ALWAYS_SEARCH_USER_PATHS = NO;
				CLANG_CXX_LANGUAGE_STANDARD = "gnu++0x";
				CLANG_CXX_LIBRARY = "libc++";
				CLANG_ENABLE_MODULES = YES;
				CLANG_ENABLE_OBJC_ARC = YES;
				CLANG_WARN_BOOL_CONVERSION = YES;
				CLANG_WARN_CONSTANT_CONVERSION = YES;
				CLANG_WARN_DIRECT_OBJC_ISA_USAGE = YES_ERROR;
				CLANG_WARN_EMPTY_BODY = YES;
				CLANG_WARN_ENUM_CONVERSION = YES;
				CLANG_WARN_INT_CONVERSION = YES;
				CLANG_WARN_OBJC_ROOT_CLASS = YES_ERROR;
				CLANG_WARN_UNREACHABLE_CODE = YES;
				CLANG_WARN__DUPLICATE_METHOD_MATCH = YES;
				"CODE_SIGN_IDENTITY[sdk=iphoneos*]" = "iPhone Developer";
				COPY_PHASE_STRIP = NO;
				DEBUG_INFORMATION_FORMAT = "dwarf-with-dsym";
				ENABLE_NS_ASSERTIONS = NO;
				ENABLE_STRICT_OBJC_MSGSEND = YES;
				GCC_C_LANGUAGE_STANDARD = gnu99;
				GCC_NO_COMMON_BLOCKS = YES;
				GCC_WARN_64_TO_32_BIT_CONVERSION = YES;
				GCC_WARN_ABOUT_RETURN_TYPE = YES_ERROR;
				GCC_WARN_UNDECLARED_SELECTOR = YES;
				GCC_WARN_UNINITIALIZED_AUTOS = YES_AGGRESSIVE;
				GCC_WARN_UNUSED_FUNCTION = YES;
				GCC_WARN_UNUSED_VARIABLE = YES;
				IPHONEOS_DEPLOYMENT_TARGET = 8.4;
				MTL_ENABLE_DEBUG_INFO = NO;
				SDKROOT = iphoneos;
				VALIDATE_PRODUCT = YES;
			};
			name = Release;
		};
		4AB8B6D61B66081F008073B6 /* Debug */ = {
			isa = XCBuildConfiguration;
			buildSettings = {
				ASSETCATALOG_COMPILER_APPICON_NAME = AppIcon;
				CODE_SIGN_IDENTITY = "iPhone Developer";
				FRAMEWORK_SEARCH_PATHS = "";
				INFOPLIST_FILE = Distributors/Info.plist;
				LD_RUNPATH_SEARCH_PATHS = "$(inherited) @executable_path/Frameworks";
				LIBRARY_SEARCH_PATHS = (
					"$(inherited)",
					"\"../3rd/libOpen\"",
					"\"../3rd/AGNetwork\"",
					"\"../3rd/thirdPartyOpenResources\"",
					"\"../3rd/AGUIKit\"",
				);
				OTHER_LDFLAGS = (
					"-ObjC",
					"-lAGUIKit",
					"-llibOpen",
					"-lthirdPartyOpenResources",
					"-lAGNetwork",
				);
				PRODUCT_NAME = "$(TARGET_NAME)";
				USER_HEADER_SEARCH_PATHS = "\"../3rd/AGNetwork/include\" \"../3rd/libOpen/include\" \"../3rd/thirdPartyOpenResources/include\" \"../3rd/AGUIKit/include\" \".\"/**";
			};
			name = Debug;
		};
		4AB8B6D71B66081F008073B6 /* Release */ = {
			isa = XCBuildConfiguration;
			buildSettings = {
				ASSETCATALOG_COMPILER_APPICON_NAME = AppIcon;
				CODE_SIGN_IDENTITY = "iPhone Developer";
				FRAMEWORK_SEARCH_PATHS = "";
				INFOPLIST_FILE = Distributors/Info.plist;
				LD_RUNPATH_SEARCH_PATHS = "$(inherited) @executable_path/Frameworks";
				LIBRARY_SEARCH_PATHS = (
					"$(inherited)",
					"\"../3rd/libOpen\"",
					"\"../3rd/AGNetwork\"",
					"\"../3rd/thirdPartyOpenResources\"",
					"\"../3rd/AGUIKit\"",
				);
				OTHER_LDFLAGS = (
					"-ObjC",
					"-lAGUIKit",
					"-llibOpen",
					"-lthirdPartyOpenResources",
					"-lAGNetwork",
				);
				PRODUCT_NAME = "$(TARGET_NAME)";
				USER_HEADER_SEARCH_PATHS = "\"../3rd/AGNetwork/include\" \"../3rd/libOpen/include\" \"../3rd/thirdPartyOpenResources/include\" \"../3rd/AGUIKit/include\" \".\"/**";
			};
			name = Release;
		};
/* End XCBuildConfiguration section */

/* Begin XCConfigurationList section */
		4AB8B6AD1B66081F008073B6 /* Build configuration list for PBXProject "Distributors" */ = {
			isa = XCConfigurationList;
			buildConfigurations = (
				4AB8B6D31B66081F008073B6 /* Debug */,
				4AB8B6D41B66081F008073B6 /* Release */,
			);
			defaultConfigurationIsVisible = 0;
			defaultConfigurationName = Release;
		};
		4AB8B6D51B66081F008073B6 /* Build configuration list for PBXNativeTarget "Distributors" */ = {
			isa = XCConfigurationList;
			buildConfigurations = (
				4AB8B6D61B66081F008073B6 /* Debug */,
				4AB8B6D71B66081F008073B6 /* Release */,
			);
			defaultConfigurationIsVisible = 0;
			defaultConfigurationName = Release;
		};
/* End XCConfigurationList section */
	};
	rootObject = 4AB8B6AA1B66081F008073B6 /* Project object */;
}
