// !$*UTF8*$!
{
	archiveVersion = 1;
	classes = {
	};
	objectVersion = 46;
	objects = {

/* Begin PBXBuildFile section */
		4A0D23761B79B92600FF9D40 /* DALabViewController.m in Sources */ = {isa = PBXBuildFile; fileRef = 4A0D23751B79B92600FF9D40 /* DALabViewController.m */; };
		4A0D23791B79BBAE00FF9D40 /* DALabConvertSpeechToTextViewController.m in Sources */ = {isa = PBXBuildFile; fileRef = 4A0D23781B79BBAE00FF9D40 /* DALabConvertSpeechToTextViewController.m */; };
		4A2839AA1B82AC16007EA77E /* DAContactViewController.m in Sources */ = {isa = PBXBuildFile; fileRef = 4A2839A91B82AC16007EA77E /* DAContactViewController.m */; };
		4A2839AE1B82AD0B007EA77E /* DADiscoverViewController.m in Sources */ = {isa = PBXBuildFile; fileRef = 4A2839AD1B82AD0B007EA77E /* DADiscoverViewController.m */; };
		4A2839B21B82ADD1007EA77E /* DASettingViewController.m in Sources */ = {isa = PBXBuildFile; fileRef = 4A2839B11B82ADD1007EA77E /* DASettingViewController.m */; };
		4A2839C31B82E132007EA77E /* DACompany.m in Sources */ = {isa = PBXBuildFile; fileRef = 4A2839C21B82E132007EA77E /* DACompany.m */; };
		4A2839C91B82E2B7007EA77E /* DACompanyCoordinator.m in Sources */ = {isa = PBXBuildFile; fileRef = 4A2839C81B82E2B7007EA77E /* DACompanyCoordinator.m */; };
		4A2839D21B83008E007EA77E /* DAOpportunity.m in Sources */ = {isa = PBXBuildFile; fileRef = 4A2839D11B83008E007EA77E /* DAOpportunity.m */; };
		4A2839E01B83083A007EA77E /* DAUser.m in Sources */ = {isa = PBXBuildFile; fileRef = 4A2839DF1B83083A007EA77E /* DAUser.m */; };
		4A2839E71B83098B007EA77E /* DACurrency.m in Sources */ = {isa = PBXBuildFile; fileRef = 4A2839E61B83098B007EA77E /* DACurrency.m */; };
		4A2839EA1B8309C4007EA77E /* DACurrencyDataset.m in Sources */ = {isa = PBXBuildFile; fileRef = 4A2839E91B8309C4007EA77E /* DACurrencyDataset.m */; };
		4A2839EE1B830B96007EA77E /* DASession.m in Sources */ = {isa = PBXBuildFile; fileRef = 4A2839ED1B830B96007EA77E /* DASession.m */; };
		4A2839F11B830BA7007EA77E /* DASessionCoordinator.m in Sources */ = {isa = PBXBuildFile; fileRef = 4A2839F01B830BA7007EA77E /* DASessionCoordinator.m */; };
		4A2839F51B830D1A007EA77E /* DAEarningPotential.m in Sources */ = {isa = PBXBuildFile; fileRef = 4A2839F41B830D1A007EA77E /* DAEarningPotential.m */; };
		4A2839F91B830D71007EA77E /* DADataset.m in Sources */ = {isa = PBXBuildFile; fileRef = 4A2839F81B830D71007EA77E /* DADataset.m */; };
		4A2839FC1B83133E007EA77E /* DAOpportunityCoordinator.m in Sources */ = {isa = PBXBuildFile; fileRef = 4A2839FB1B83133E007EA77E /* DAOpportunityCoordinator.m */; };
		4A2839FF1B83FACB007EA77E /* DAEarningPotentialDataset.m in Sources */ = {isa = PBXBuildFile; fileRef = 4A2839FE1B83FACB007EA77E /* DAEarningPotentialDataset.m */; };
		4A283A021B8403BD007EA77E /* DAEarningPotentialPicker.m in Sources */ = {isa = PBXBuildFile; fileRef = 4A283A011B8403BD007EA77E /* DAEarningPotentialPicker.m */; };
		4A283A0F1B842E40007EA77E /* DAOpportunityLoader.m in Sources */ = {isa = PBXBuildFile; fileRef = 4A283A0C1B842E40007EA77E /* DAOpportunityLoader.m */; };
		4A283A101B842E40007EA77E /* DAFunctionLoader.m in Sources */ = {isa = PBXBuildFile; fileRef = 4A283A0E1B842E40007EA77E /* DAFunctionLoader.m */; };
		4A283A1D1B843C4E007EA77E /* DAEarningPotentialCell.m in Sources */ = {isa = PBXBuildFile; fileRef = 4A283A1C1B843C4E007EA77E /* DAEarningPotentialCell.m */; };
		4A283A2C1B846314007EA77E /* DSEarningPotentialPickerCell.m in Sources */ = {isa = PBXBuildFile; fileRef = 4A283A2B1B846314007EA77E /* DSEarningPotentialPickerCell.m */; };
		4A283A301B846D44007EA77E /* DAPeriod.m in Sources */ = {isa = PBXBuildFile; fileRef = 4A283A2F1B846D44007EA77E /* DAPeriod.m */; };
		4A283A331B846D6E007EA77E /* DAPeriodDataset.m in Sources */ = {isa = PBXBuildFile; fileRef = 4A283A321B846D6E007EA77E /* DAPeriodDataset.m */; };
		4A283A3C1B869E20007EA77E /* DAEarningPotentialSection.m in Sources */ = {isa = PBXBuildFile; fileRef = 4A283A3B1B869E20007EA77E /* DAEarningPotentialSection.m */; };
		4A64972A1B943A41005A56CD /* DATasksEditor.m in Sources */ = {isa = PBXBuildFile; fileRef = 4A6497291B943A41005A56CD /* DATasksEditor.m */; };
		4A6497301B944DE1005A56CD /* DATaskDefine.m in Sources */ = {isa = PBXBuildFile; fileRef = 4A64972F1B944DE1005A56CD /* DATaskDefine.m */; };
		4A7111E31B8F0696003FD26D /* DADownlineProgressViewController.m in Sources */ = {isa = PBXBuildFile; fileRef = 4A7111E21B8F0696003FD26D /* DADownlineProgressViewController.m */; };
		4A7111E61B8F073B003FD26D /* DADownlineProgressCell.m in Sources */ = {isa = PBXBuildFile; fileRef = 4A7111E51B8F073B003FD26D /* DADownlineProgressCell.m */; };
		4A7111E91B8F1048003FD26D /* DATaskViewController.m in Sources */ = {isa = PBXBuildFile; fileRef = 4A7111E81B8F1048003FD26D /* DATaskViewController.m */; };
		4A7111F21B8F2ECA003FD26D /* DATaskNoteCell.m in Sources */ = {isa = PBXBuildFile; fileRef = 4A7111F11B8F2ECA003FD26D /* DATaskNoteCell.m */; };
		4A7111FF1B8F2FA6003FD26D /* DAImageCollectionUnitCell.m in Sources */ = {isa = PBXBuildFile; fileRef = 4A7111FC1B8F2FA6003FD26D /* DAImageCollectionUnitCell.m */; };
		4A7112001B8F2FA6003FD26D /* DAImageCollectionCell.m in Sources */ = {isa = PBXBuildFile; fileRef = 4A7111FE1B8F2FA6003FD26D /* DAImageCollectionCell.m */; };
		4A7112031B8F2FF2003FD26D /* DATaskImageCollectionCell.m in Sources */ = {isa = PBXBuildFile; fileRef = 4A7112021B8F2FF2003FD26D /* DATaskImageCollectionCell.m */; };
		4A7112061B8F3266003FD26D /* DATaskReportViewController.m in Sources */ = {isa = PBXBuildFile; fileRef = 4A7112051B8F3266003FD26D /* DATaskReportViewController.m */; };
		4A7112091B8F3A32003FD26D /* DATaskCircleChartCell.m in Sources */ = {isa = PBXBuildFile; fileRef = 4A7112081B8F3A32003FD26D /* DATaskCircleChartCell.m */; };
		4A71120C1B8F3C3B003FD26D /* DATaskAudioNoteCell.m in Sources */ = {isa = PBXBuildFile; fileRef = 4A71120B1B8F3C3B003FD26D /* DATaskAudioNoteCell.m */; };
		4A71120F1B8F3D77003FD26D /* DATaskDueTimeCell.m in Sources */ = {isa = PBXBuildFile; fileRef = 4A71120E1B8F3D77003FD26D /* DATaskDueTimeCell.m */; };
		4A7112121B8F3D9A003FD26D /* DATaskReminderCell.m in Sources */ = {isa = PBXBuildFile; fileRef = 4A7112111B8F3D9A003FD26D /* DATaskReminderCell.m */; };
		4A7112151B8F3DEA003FD26D /* DATaskLocationCell.m in Sources */ = {isa = PBXBuildFile; fileRef = 4A7112141B8F3DEA003FD26D /* DATaskLocationCell.m */; };
		4A7112181B8F4051003FD26D /* DATaskVideoCell.m in Sources */ = {isa = PBXBuildFile; fileRef = 4A7112171B8F4051003FD26D /* DATaskVideoCell.m */; };
		4A71121B1B8F4060003FD26D /* DATaskLinkCell.m in Sources */ = {isa = PBXBuildFile; fileRef = 4A71121A1B8F4060003FD26D /* DATaskLinkCell.m */; };
		4A71121E1B8F4104003FD26D /* DATaskUnitCell.m in Sources */ = {isa = PBXBuildFile; fileRef = 4A71121D1B8F4104003FD26D /* DATaskUnitCell.m */; };
		4A7112291B8FCD97003FD26D /* DACircleNoteView.m in Sources */ = {isa = PBXBuildFile; fileRef = 4A7112281B8FCD97003FD26D /* DACircleNoteView.m */; };
		4A7112301B8FD29F003FD26D /* DAToolboxView.m in Sources */ = {isa = PBXBuildFile; fileRef = 4A71122F1B8FD29F003FD26D /* DAToolboxView.m */; };
		4A7112331B8FD2DC003FD26D /* DAToolboxUnitView.m in Sources */ = {isa = PBXBuildFile; fileRef = 4A7112321B8FD2DC003FD26D /* DAToolboxUnitView.m */; };
		4A7112361B8FE292003FD26D /* DATaskToolboxView.m in Sources */ = {isa = PBXBuildFile; fileRef = 4A7112351B8FE292003FD26D /* DATaskToolboxView.m */; };
		4A7112391B8FE772003FD26D /* DAToolboxItem.m in Sources */ = {isa = PBXBuildFile; fileRef = 4A7112381B8FE772003FD26D /* DAToolboxItem.m */; };
		4A7112831B900BFC003FD26D /* DAAutoshipTaskDefineSection.m in Sources */ = {isa = PBXBuildFile; fileRef = 4A7112741B900BFC003FD26D /* DAAutoshipTaskDefineSection.m */; };
		4A7112841B900BFC003FD26D /* DAContactsTaskDefineSection.m in Sources */ = {isa = PBXBuildFile; fileRef = 4A7112761B900BFC003FD26D /* DAContactsTaskDefineSection.m */; };
		4A7112851B900BFC003FD26D /* DAEventsTaskDefineSection.m in Sources */ = {isa = PBXBuildFile; fileRef = 4A7112781B900BFC003FD26D /* DAEventsTaskDefineSection.m */; };
		4A7112861B900BFC003FD26D /* DAOthersTaskDefineSection.m in Sources */ = {isa = PBXBuildFile; fileRef = 4A71127A1B900BFC003FD26D /* DAOthersTaskDefineSection.m */; };
		4A7112871B900BFC003FD26D /* DAProductsTaskDefineSection.m in Sources */ = {isa = PBXBuildFile; fileRef = 4A71127C1B900BFC003FD26D /* DAProductsTaskDefineSection.m */; };
		4A7112881B900BFC003FD26D /* DATaskDefineSection.m in Sources */ = {isa = PBXBuildFile; fileRef = 4A71127E1B900BFC003FD26D /* DATaskDefineSection.m */; };
		4A7112891B900BFC003FD26D /* DATestimonialTaskDefineSection.m in Sources */ = {isa = PBXBuildFile; fileRef = 4A7112801B900BFC003FD26D /* DATestimonialTaskDefineSection.m */; };
		4A71128A1B900BFC003FD26D /* DATrainingTaskDefineSection.m in Sources */ = {isa = PBXBuildFile; fileRef = 4A7112821B900BFC003FD26D /* DATrainingTaskDefineSection.m */; };
		4A71128E1B900C26003FD26D /* DATaskEditor.m in Sources */ = {isa = PBXBuildFile; fileRef = 4A71128D1B900C26003FD26D /* DATaskEditor.m */; };
		4A7112911B900C47003FD26D /* DATestimonialTaskEditor.m in Sources */ = {isa = PBXBuildFile; fileRef = 4A7112901B900C47003FD26D /* DATestimonialTaskEditor.m */; };
		4A7112941B900C60003FD26D /* DAAutoshipTaskEditor.m in Sources */ = {isa = PBXBuildFile; fileRef = 4A7112931B900C60003FD26D /* DAAutoshipTaskEditor.m */; };
		4A7112971B900C71003FD26D /* DAContactsTaskEditor.m in Sources */ = {isa = PBXBuildFile; fileRef = 4A7112961B900C71003FD26D /* DAContactsTaskEditor.m */; };
		4A71129A1B900C82003FD26D /* DAEventsTaskEditor.m in Sources */ = {isa = PBXBuildFile; fileRef = 4A7112991B900C82003FD26D /* DAEventsTaskEditor.m */; };
		4A71129D1B900CAA003FD26D /* DAProductsTaskEditor.m in Sources */ = {isa = PBXBuildFile; fileRef = 4A71129C1B900CAA003FD26D /* DAProductsTaskEditor.m */; };
		4A7112A01B900CCD003FD26D /* DAOthersTaskEditor.m in Sources */ = {isa = PBXBuildFile; fileRef = 4A71129F1B900CCD003FD26D /* DAOthersTaskEditor.m */; };
		4A7112A31B900CDF003FD26D /* DATrainingTaskEditor.m in Sources */ = {isa = PBXBuildFile; fileRef = 4A7112A21B900CDF003FD26D /* DATrainingTaskEditor.m */; };
		4A7112A61B903E66003FD26D /* DASearchCell.m in Sources */ = {isa = PBXBuildFile; fileRef = 4A7112A51B903E66003FD26D /* DASearchCell.m */; };
		4A7112A91B9044F6003FD26D /* DAButton.m in Sources */ = {isa = PBXBuildFile; fileRef = 4A7112A81B9044F6003FD26D /* DAButton.m */; };
		4A7112AF1B90640F003FD26D /* DAOpportunityTitleCell.m in Sources */ = {isa = PBXBuildFile; fileRef = 4A7112AE1B90640F003FD26D /* DAOpportunityTitleCell.m */; };
		4A7112B21B907600003FD26D /* DATaskCellStyleReadonly.m in Sources */ = {isa = PBXBuildFile; fileRef = 4A7112B11B907600003FD26D /* DATaskCellStyleReadonly.m */; };
		4A7112B51B907857003FD26D /* DATaskCellStyleTemplateEditor.m in Sources */ = {isa = PBXBuildFile; fileRef = 4A7112B41B907857003FD26D /* DATaskCellStyleTemplateEditor.m */; };
		4A8E8E241B6AE8D100F48CDD /* RootViewController.m in Sources */ = {isa = PBXBuildFile; fileRef = 4A8E8E231B6AE8D100F48CDD /* RootViewController.m */; };
		4A8E8E2B1B6AE95400F48CDD /* LaunchScreen.xib in Resources */ = {isa = PBXBuildFile; fileRef = 4A8E8E261B6AE95400F48CDD /* LaunchScreen.xib */; };
		4A8E8E2C1B6AE95400F48CDD /* Images.xcassets in Resources */ = {isa = PBXBuildFile; fileRef = 4A8E8E281B6AE95400F48CDD /* Images.xcassets */; };
		4A8E8E2D1B6AE95400F48CDD /* Style.plist in Resources */ = {isa = PBXBuildFile; fileRef = 4A8E8E291B6AE95400F48CDD /* Style.plist */; };
		4A8E8E2E1B6AE95400F48CDD /* Text-en.plist in Resources */ = {isa = PBXBuildFile; fileRef = 4A8E8E2A1B6AE95400F48CDD /* Text-en.plist */; };
		4A8E8E361B6AF8FB00F48CDD /* libz.dylib in Frameworks */ = {isa = PBXBuildFile; fileRef = 4A8E8E351B6AF8FB00F48CDD /* libz.dylib */; };
		4A8E8E391B6AFA1500F48CDD /* RootTabController.m in Sources */ = {isa = PBXBuildFile; fileRef = 4A8E8E381B6AFA1500F48CDD /* RootTabController.m */; };
		4A8E8E401B6AFFE400F48CDD /* DACompanyOpportunitiesViewController.m in Sources */ = {isa = PBXBuildFile; fileRef = 4A8E8E3F1B6AFFE400F48CDD /* DACompanyOpportunitiesViewController.m */; };
		4A8E8E431B6B01CD00F48CDD /* DAOpportunityViewController.m in Sources */ = {isa = PBXBuildFile; fileRef = 4A8E8E421B6B01CD00F48CDD /* DAOpportunityViewController.m */; };
		4A8E8E471B6B2C7B00F48CDD /* DAChatViewController.m in Sources */ = {isa = PBXBuildFile; fileRef = 4A8E8E461B6B2C7B00F48CDD /* DAChatViewController.m */; };
		4A8E8E4C1B6B67A300F48CDD /* DALeaderOpportunityCell.m in Sources */ = {isa = PBXBuildFile; fileRef = 4A8E8E4B1B6B67A300F48CDD /* DALeaderOpportunityCell.m */; };
		4AB3F1E81B8B04D3008DC70F /* MapKit.framework in Frameworks */ = {isa = PBXBuildFile; fileRef = 4AB3F1E71B8B04D3008DC70F /* MapKit.framework */; };
		4AB3F1EC1B8B050E008DC70F /* DAMapCell.m in Sources */ = {isa = PBXBuildFile; fileRef = 4AB3F1EB1B8B050E008DC70F /* DAMapCell.m */; };
		4AB3F1EF1B8B1CFD008DC70F /* DAOwnedOpportunityViewController.m in Sources */ = {isa = PBXBuildFile; fileRef = 4AB3F1EE1B8B1CFD008DC70F /* DAOwnedOpportunityViewController.m */; };
		4AB3F2021B8B2070008DC70F /* DAOpportunityDataset.m in Sources */ = {isa = PBXBuildFile; fileRef = 4AB3F2011B8B2070008DC70F /* DAOpportunityDataset.m */; };
		4AB3F2051B8C18E7008DC70F /* DAOpportunityDescriptionCell.m in Sources */ = {isa = PBXBuildFile; fileRef = 4AB3F2041B8C18E7008DC70F /* DAOpportunityDescriptionCell.m */; };
		4AB3F2081B8C1904008DC70F /* DAOpportunityLeaderCell.m in Sources */ = {isa = PBXBuildFile; fileRef = 4AB3F2071B8C1904008DC70F /* DAOpportunityLeaderCell.m */; };
		4AB3F2131B8C6384008DC70F /* DALeaderViewController.m in Sources */ = {isa = PBXBuildFile; fileRef = 4AB3F2121B8C6384008DC70F /* DALeaderViewController.m */; };
		4AB3F2161B8C64B8008DC70F /* DALeaderBasicInfoCell.m in Sources */ = {isa = PBXBuildFile; fileRef = 4AB3F2151B8C64B8008DC70F /* DALeaderBasicInfoCell.m */; };
		4AB3F2351B8C9D11008DC70F /* DADashboardDataset.m in Sources */ = {isa = PBXBuildFile; fileRef = 4AB3F2321B8C9D11008DC70F /* DADashboardDataset.m */; };
		4AB3F2361B8C9D11008DC70F /* DADashboardViewController.m in Sources */ = {isa = PBXBuildFile; fileRef = 4AB3F2341B8C9D11008DC70F /* DADashboardViewController.m */; };
		4AB3F2391B8C9F1B008DC70F /* DADashboardChartCell.m in Sources */ = {isa = PBXBuildFile; fileRef = 4AB3F2381B8C9F1B008DC70F /* DADashboardChartCell.m */; };
		4AB3F2481B8CA1AD008DC70F /* DAChartCell+RemoteOps.m in Sources */ = {isa = PBXBuildFile; fileRef = 4AB3F23E1B8CA1AD008DC70F /* DAChartCell+RemoteOps.m */; };
		4AB3F2491B8CA1AD008DC70F /* DAChartCell+Styles.m in Sources */ = {isa = PBXBuildFile; fileRef = 4AB3F2401B8CA1AD008DC70F /* DAChartCell+Styles.m */; };
		4AB3F24A1B8CA1AD008DC70F /* DAChartCell+Utils.m in Sources */ = {isa = PBXBuildFile; fileRef = 4AB3F2421B8CA1AD008DC70F /* DAChartCell+Utils.m */; };
		4AB3F24B1B8CA1AD008DC70F /* DAChartCell.m in Sources */ = {isa = PBXBuildFile; fileRef = 4AB3F2441B8CA1AD008DC70F /* DAChartCell.m */; };
		4AB3F24C1B8CA1AD008DC70F /* DAChartCoordinatorView.m in Sources */ = {isa = PBXBuildFile; fileRef = 4AB3F2461B8CA1AD008DC70F /* DAChartCoordinatorView.m */; };
		4AB3F2721B8D2ED3008DC70F /* DAOpportunityBasicEditor.m in Sources */ = {isa = PBXBuildFile; fileRef = 4AB3F24F1B8D2ED3008DC70F /* DAOpportunityBasicEditor.m */; };
		4AB3F2761B8D2ED3008DC70F /* DAOpportunityTemplateEditor.m in Sources */ = {isa = PBXBuildFile; fileRef = 4AB3F2571B8D2ED3008DC70F /* DAOpportunityTemplateEditor.m */; };
		4AB3F27B1B8D2ED3008DC70F /* DANewTaskCell.m in Sources */ = {isa = PBXBuildFile; fileRef = 4AB3F2631B8D2ED3008DC70F /* DANewTaskCell.m */; };
		4AB3F27C1B8D2ED3008DC70F /* DATaskCell.m in Sources */ = {isa = PBXBuildFile; fileRef = 4AB3F2651B8D2ED3008DC70F /* DATaskCell.m */; };
		4AB3F27E1B8D2ED3008DC70F /* DATaskCellStyleProgress.m in Sources */ = {isa = PBXBuildFile; fileRef = 4AB3F2691B8D2ED3008DC70F /* DATaskCellStyleProgress.m */; };
		4AB3F27F1B8D2ED3008DC70F /* DATaskProgressEditor.m in Sources */ = {isa = PBXBuildFile; fileRef = 4AB3F26B1B8D2ED3008DC70F /* DATaskProgressEditor.m */; };
		4AB3F2801B8D2ED3008DC70F /* DATaskSection.m in Sources */ = {isa = PBXBuildFile; fileRef = 4AB3F26D1B8D2ED3008DC70F /* DATaskSection.m */; };
		4AB3F2811B8D2ED3008DC70F /* DATaskTypeCell.m in Sources */ = {isa = PBXBuildFile; fileRef = 4AB3F26F1B8D2ED3008DC70F /* DATaskTypeCell.m */; };
		4AB3F2821B8D2ED3008DC70F /* DATask.m in Sources */ = {isa = PBXBuildFile; fileRef = 4AB3F2711B8D2ED3008DC70F /* DATask.m */; };
		4AB3F28F1B8D5780008DC70F /* DAGeneralOpportunitesViewController.m in Sources */ = {isa = PBXBuildFile; fileRef = 4AB3F28E1B8D5780008DC70F /* DAGeneralOpportunitesViewController.m */; };
		4AB3F2921B8D5851008DC70F /* DACompanyOpportunityCell.m in Sources */ = {isa = PBXBuildFile; fileRef = 4AB3F2911B8D5851008DC70F /* DACompanyOpportunityCell.m */; };
		4AB3F2951B8D6120008DC70F /* DANavigationController.m in Sources */ = {isa = PBXBuildFile; fileRef = 4AB3F2941B8D6120008DC70F /* DANavigationController.m */; };
		4AB8B6B81B66081F008073B6 /* main.m in Sources */ = {isa = PBXBuildFile; fileRef = 4AB8B6B71B66081F008073B6 /* main.m */; };
		4AB8B6BB1B66081F008073B6 /* AppDelegate.m in Sources */ = {isa = PBXBuildFile; fileRef = 4AB8B6BA1B66081F008073B6 /* AppDelegate.m */; };
/* End PBXBuildFile section */

/* Begin PBXFileReference section */
		4A0D23741B79B92600FF9D40 /* DALabViewController.h */ = {isa = PBXFileReference; fileEncoding = 4; lastKnownFileType = sourcecode.c.h; path = DALabViewController.h; sourceTree = "<group>"; };
		4A0D23751B79B92600FF9D40 /* DALabViewController.m */ = {isa = PBXFileReference; fileEncoding = 4; lastKnownFileType = sourcecode.c.objc; path = DALabViewController.m; sourceTree = "<group>"; };
		4A0D23771B79BBAE00FF9D40 /* DALabConvertSpeechToTextViewController.h */ = {isa = PBXFileReference; fileEncoding = 4; lastKnownFileType = sourcecode.c.h; path = DALabConvertSpeechToTextViewController.h; sourceTree = "<group>"; };
		4A0D23781B79BBAE00FF9D40 /* DALabConvertSpeechToTextViewController.m */ = {isa = PBXFileReference; fileEncoding = 4; lastKnownFileType = sourcecode.c.objc; path = DALabConvertSpeechToTextViewController.m; sourceTree = "<group>"; };
		4A2839A81B82AC16007EA77E /* DAContactViewController.h */ = {isa = PBXFileReference; fileEncoding = 4; lastKnownFileType = sourcecode.c.h; path = DAContactViewController.h; sourceTree = "<group>"; };
		4A2839A91B82AC16007EA77E /* DAContactViewController.m */ = {isa = PBXFileReference; fileEncoding = 4; lastKnownFileType = sourcecode.c.objc; path = DAContactViewController.m; sourceTree = "<group>"; };
		4A2839AC1B82AD0B007EA77E /* DADiscoverViewController.h */ = {isa = PBXFileReference; fileEncoding = 4; lastKnownFileType = sourcecode.c.h; path = DADiscoverViewController.h; sourceTree = "<group>"; };
		4A2839AD1B82AD0B007EA77E /* DADiscoverViewController.m */ = {isa = PBXFileReference; fileEncoding = 4; lastKnownFileType = sourcecode.c.objc; path = DADiscoverViewController.m; sourceTree = "<group>"; };
		4A2839B01B82ADD1007EA77E /* DASettingViewController.h */ = {isa = PBXFileReference; fileEncoding = 4; lastKnownFileType = sourcecode.c.h; path = DASettingViewController.h; sourceTree = "<group>"; };
		4A2839B11B82ADD1007EA77E /* DASettingViewController.m */ = {isa = PBXFileReference; fileEncoding = 4; lastKnownFileType = sourcecode.c.objc; path = DASettingViewController.m; sourceTree = "<group>"; };
		4A2839C11B82E132007EA77E /* DACompany.h */ = {isa = PBXFileReference; fileEncoding = 4; lastKnownFileType = sourcecode.c.h; path = DACompany.h; sourceTree = "<group>"; };
		4A2839C21B82E132007EA77E /* DACompany.m */ = {isa = PBXFileReference; fileEncoding = 4; lastKnownFileType = sourcecode.c.objc; path = DACompany.m; sourceTree = "<group>"; };
		4A2839C71B82E2B7007EA77E /* DACompanyCoordinator.h */ = {isa = PBXFileReference; fileEncoding = 4; lastKnownFileType = sourcecode.c.h; path = DACompanyCoordinator.h; sourceTree = "<group>"; };
		4A2839C81B82E2B7007EA77E /* DACompanyCoordinator.m */ = {isa = PBXFileReference; fileEncoding = 4; lastKnownFileType = sourcecode.c.objc; path = DACompanyCoordinator.m; sourceTree = "<group>"; };
		4A2839D01B83008E007EA77E /* DAOpportunity.h */ = {isa = PBXFileReference; fileEncoding = 4; lastKnownFileType = sourcecode.c.h; path = DAOpportunity.h; sourceTree = "<group>"; };
		4A2839D11B83008E007EA77E /* DAOpportunity.m */ = {isa = PBXFileReference; fileEncoding = 4; lastKnownFileType = sourcecode.c.objc; path = DAOpportunity.m; sourceTree = "<group>"; };
		4A2839DE1B83083A007EA77E /* DAUser.h */ = {isa = PBXFileReference; fileEncoding = 4; lastKnownFileType = sourcecode.c.h; path = DAUser.h; sourceTree = "<group>"; };
		4A2839DF1B83083A007EA77E /* DAUser.m */ = {isa = PBXFileReference; fileEncoding = 4; lastKnownFileType = sourcecode.c.objc; path = DAUser.m; sourceTree = "<group>"; };
		4A2839E51B83098B007EA77E /* DACurrency.h */ = {isa = PBXFileReference; fileEncoding = 4; lastKnownFileType = sourcecode.c.h; path = DACurrency.h; sourceTree = "<group>"; };
		4A2839E61B83098B007EA77E /* DACurrency.m */ = {isa = PBXFileReference; fileEncoding = 4; lastKnownFileType = sourcecode.c.objc; path = DACurrency.m; sourceTree = "<group>"; };
		4A2839E81B8309C4007EA77E /* DACurrencyDataset.h */ = {isa = PBXFileReference; fileEncoding = 4; lastKnownFileType = sourcecode.c.h; path = DACurrencyDataset.h; sourceTree = "<group>"; };
		4A2839E91B8309C4007EA77E /* DACurrencyDataset.m */ = {isa = PBXFileReference; fileEncoding = 4; lastKnownFileType = sourcecode.c.objc; path = DACurrencyDataset.m; sourceTree = "<group>"; };
		4A2839EC1B830B96007EA77E /* DASession.h */ = {isa = PBXFileReference; fileEncoding = 4; lastKnownFileType = sourcecode.c.h; path = DASession.h; sourceTree = "<group>"; };
		4A2839ED1B830B96007EA77E /* DASession.m */ = {isa = PBXFileReference; fileEncoding = 4; lastKnownFileType = sourcecode.c.objc; path = DASession.m; sourceTree = "<group>"; };
		4A2839EF1B830BA7007EA77E /* DASessionCoordinator.h */ = {isa = PBXFileReference; fileEncoding = 4; lastKnownFileType = sourcecode.c.h; path = DASessionCoordinator.h; sourceTree = "<group>"; };
		4A2839F01B830BA7007EA77E /* DASessionCoordinator.m */ = {isa = PBXFileReference; fileEncoding = 4; lastKnownFileType = sourcecode.c.objc; path = DASessionCoordinator.m; sourceTree = "<group>"; };
		4A2839F31B830D1A007EA77E /* DAEarningPotential.h */ = {isa = PBXFileReference; fileEncoding = 4; lastKnownFileType = sourcecode.c.h; path = DAEarningPotential.h; sourceTree = "<group>"; };
		4A2839F41B830D1A007EA77E /* DAEarningPotential.m */ = {isa = PBXFileReference; fileEncoding = 4; lastKnownFileType = sourcecode.c.objc; path = DAEarningPotential.m; sourceTree = "<group>"; };
		4A2839F71B830D71007EA77E /* DADataset.h */ = {isa = PBXFileReference; fileEncoding = 4; lastKnownFileType = sourcecode.c.h; path = DADataset.h; sourceTree = "<group>"; };
		4A2839F81B830D71007EA77E /* DADataset.m */ = {isa = PBXFileReference; fileEncoding = 4; lastKnownFileType = sourcecode.c.objc; path = DADataset.m; sourceTree = "<group>"; };
		4A2839FA1B83133E007EA77E /* DAOpportunityCoordinator.h */ = {isa = PBXFileReference; fileEncoding = 4; lastKnownFileType = sourcecode.c.h; path = DAOpportunityCoordinator.h; sourceTree = "<group>"; };
		4A2839FB1B83133E007EA77E /* DAOpportunityCoordinator.m */ = {isa = PBXFileReference; fileEncoding = 4; lastKnownFileType = sourcecode.c.objc; path = DAOpportunityCoordinator.m; sourceTree = "<group>"; };
		4A2839FD1B83FACB007EA77E /* DAEarningPotentialDataset.h */ = {isa = PBXFileReference; fileEncoding = 4; lastKnownFileType = sourcecode.c.h; path = DAEarningPotentialDataset.h; sourceTree = "<group>"; };
		4A2839FE1B83FACB007EA77E /* DAEarningPotentialDataset.m */ = {isa = PBXFileReference; fileEncoding = 4; lastKnownFileType = sourcecode.c.objc; path = DAEarningPotentialDataset.m; sourceTree = "<group>"; };
		4A283A001B8403BD007EA77E /* DAEarningPotentialPicker.h */ = {isa = PBXFileReference; fileEncoding = 4; lastKnownFileType = sourcecode.c.h; path = DAEarningPotentialPicker.h; sourceTree = "<group>"; };
		4A283A011B8403BD007EA77E /* DAEarningPotentialPicker.m */ = {isa = PBXFileReference; fileEncoding = 4; lastKnownFileType = sourcecode.c.objc; path = DAEarningPotentialPicker.m; sourceTree = "<group>"; };
		4A283A0B1B842E40007EA77E /* DAOpportunityLoader.h */ = {isa = PBXFileReference; fileEncoding = 4; lastKnownFileType = sourcecode.c.h; path = DAOpportunityLoader.h; sourceTree = "<group>"; };
		4A283A0C1B842E40007EA77E /* DAOpportunityLoader.m */ = {isa = PBXFileReference; fileEncoding = 4; lastKnownFileType = sourcecode.c.objc; path = DAOpportunityLoader.m; sourceTree = "<group>"; };
		4A283A0D1B842E40007EA77E /* DAFunctionLoader.h */ = {isa = PBXFileReference; fileEncoding = 4; lastKnownFileType = sourcecode.c.h; path = DAFunctionLoader.h; sourceTree = "<group>"; };
		4A283A0E1B842E40007EA77E /* DAFunctionLoader.m */ = {isa = PBXFileReference; fileEncoding = 4; lastKnownFileType = sourcecode.c.objc; path = DAFunctionLoader.m; sourceTree = "<group>"; };
		4A283A1B1B843C4E007EA77E /* DAEarningPotentialCell.h */ = {isa = PBXFileReference; fileEncoding = 4; lastKnownFileType = sourcecode.c.h; path = DAEarningPotentialCell.h; sourceTree = "<group>"; };
		4A283A1C1B843C4E007EA77E /* DAEarningPotentialCell.m */ = {isa = PBXFileReference; fileEncoding = 4; lastKnownFileType = sourcecode.c.objc; path = DAEarningPotentialCell.m; sourceTree = "<group>"; };
		4A283A261B8456E9007EA77E /* DADefine.h */ = {isa = PBXFileReference; fileEncoding = 4; lastKnownFileType = sourcecode.c.h; path = DADefine.h; sourceTree = "<group>"; };
		4A283A281B8456E9007EA77E /* DAStyleDefine.h */ = {isa = PBXFileReference; fileEncoding = 4; lastKnownFileType = sourcecode.c.h; path = DAStyleDefine.h; sourceTree = "<group>"; };
		4A283A291B8456E9007EA77E /* DATextDefine.h */ = {isa = PBXFileReference; fileEncoding = 4; lastKnownFileType = sourcecode.c.h; path = DATextDefine.h; sourceTree = "<group>"; };
		4A283A2A1B846314007EA77E /* DSEarningPotentialPickerCell.h */ = {isa = PBXFileReference; fileEncoding = 4; lastKnownFileType = sourcecode.c.h; path = DSEarningPotentialPickerCell.h; sourceTree = "<group>"; };
		4A283A2B1B846314007EA77E /* DSEarningPotentialPickerCell.m */ = {isa = PBXFileReference; fileEncoding = 4; lastKnownFileType = sourcecode.c.objc; path = DSEarningPotentialPickerCell.m; sourceTree = "<group>"; };
		4A283A2E1B846D44007EA77E /* DAPeriod.h */ = {isa = PBXFileReference; fileEncoding = 4; lastKnownFileType = sourcecode.c.h; path = DAPeriod.h; sourceTree = "<group>"; };
		4A283A2F1B846D44007EA77E /* DAPeriod.m */ = {isa = PBXFileReference; fileEncoding = 4; lastKnownFileType = sourcecode.c.objc; path = DAPeriod.m; sourceTree = "<group>"; };
		4A283A311B846D6E007EA77E /* DAPeriodDataset.h */ = {isa = PBXFileReference; fileEncoding = 4; lastKnownFileType = sourcecode.c.h; path = DAPeriodDataset.h; sourceTree = "<group>"; };
		4A283A321B846D6E007EA77E /* DAPeriodDataset.m */ = {isa = PBXFileReference; fileEncoding = 4; lastKnownFileType = sourcecode.c.objc; path = DAPeriodDataset.m; sourceTree = "<group>"; };
		4A283A3A1B869E20007EA77E /* DAEarningPotentialSection.h */ = {isa = PBXFileReference; fileEncoding = 4; lastKnownFileType = sourcecode.c.h; path = DAEarningPotentialSection.h; sourceTree = "<group>"; };
		4A283A3B1B869E20007EA77E /* DAEarningPotentialSection.m */ = {isa = PBXFileReference; fileEncoding = 4; lastKnownFileType = sourcecode.c.objc; path = DAEarningPotentialSection.m; sourceTree = "<group>"; };
		4A6497281B943A41005A56CD /* DATasksEditor.h */ = {isa = PBXFileReference; fileEncoding = 4; lastKnownFileType = sourcecode.c.h; path = DATasksEditor.h; sourceTree = "<group>"; };
		4A6497291B943A41005A56CD /* DATasksEditor.m */ = {isa = PBXFileReference; fileEncoding = 4; lastKnownFileType = sourcecode.c.objc; path = DATasksEditor.m; sourceTree = "<group>"; };
		4A64972E1B944DE1005A56CD /* DATaskDefine.h */ = {isa = PBXFileReference; fileEncoding = 4; lastKnownFileType = sourcecode.c.h; path = DATaskDefine.h; sourceTree = "<group>"; };
		4A64972F1B944DE1005A56CD /* DATaskDefine.m */ = {isa = PBXFileReference; fileEncoding = 4; lastKnownFileType = sourcecode.c.objc; path = DATaskDefine.m; sourceTree = "<group>"; };
		4A7111E11B8F0696003FD26D /* DADownlineProgressViewController.h */ = {isa = PBXFileReference; fileEncoding = 4; lastKnownFileType = sourcecode.c.h; path = DADownlineProgressViewController.h; sourceTree = "<group>"; };
		4A7111E21B8F0696003FD26D /* DADownlineProgressViewController.m */ = {isa = PBXFileReference; fileEncoding = 4; lastKnownFileType = sourcecode.c.objc; path = DADownlineProgressViewController.m; sourceTree = "<group>"; };
		4A7111E41B8F073B003FD26D /* DADownlineProgressCell.h */ = {isa = PBXFileReference; fileEncoding = 4; lastKnownFileType = sourcecode.c.h; path = DADownlineProgressCell.h; sourceTree = "<group>"; };
		4A7111E51B8F073B003FD26D /* DADownlineProgressCell.m */ = {isa = PBXFileReference; fileEncoding = 4; lastKnownFileType = sourcecode.c.objc; path = DADownlineProgressCell.m; sourceTree = "<group>"; };
		4A7111E71B8F1048003FD26D /* DATaskViewController.h */ = {isa = PBXFileReference; fileEncoding = 4; lastKnownFileType = sourcecode.c.h; path = DATaskViewController.h; sourceTree = "<group>"; };
		4A7111E81B8F1048003FD26D /* DATaskViewController.m */ = {isa = PBXFileReference; fileEncoding = 4; lastKnownFileType = sourcecode.c.objc; path = DATaskViewController.m; sourceTree = "<group>"; };
		4A7111F01B8F2ECA003FD26D /* DATaskNoteCell.h */ = {isa = PBXFileReference; fileEncoding = 4; lastKnownFileType = sourcecode.c.h; path = DATaskNoteCell.h; sourceTree = "<group>"; };
		4A7111F11B8F2ECA003FD26D /* DATaskNoteCell.m */ = {isa = PBXFileReference; fileEncoding = 4; lastKnownFileType = sourcecode.c.objc; path = DATaskNoteCell.m; sourceTree = "<group>"; };
		4A7111FB1B8F2FA6003FD26D /* DAImageCollectionUnitCell.h */ = {isa = PBXFileReference; fileEncoding = 4; lastKnownFileType = sourcecode.c.h; path = DAImageCollectionUnitCell.h; sourceTree = "<group>"; };
		4A7111FC1B8F2FA6003FD26D /* DAImageCollectionUnitCell.m */ = {isa = PBXFileReference; fileEncoding = 4; lastKnownFileType = sourcecode.c.objc; path = DAImageCollectionUnitCell.m; sourceTree = "<group>"; };
		4A7111FD1B8F2FA6003FD26D /* DAImageCollectionCell.h */ = {isa = PBXFileReference; fileEncoding = 4; lastKnownFileType = sourcecode.c.h; path = DAImageCollectionCell.h; sourceTree = "<group>"; };
		4A7111FE1B8F2FA6003FD26D /* DAImageCollectionCell.m */ = {isa = PBXFileReference; fileEncoding = 4; lastKnownFileType = sourcecode.c.objc; path = DAImageCollectionCell.m; sourceTree = "<group>"; };
		4A7112011B8F2FF2003FD26D /* DATaskImageCollectionCell.h */ = {isa = PBXFileReference; fileEncoding = 4; lastKnownFileType = sourcecode.c.h; path = DATaskImageCollectionCell.h; sourceTree = "<group>"; };
		4A7112021B8F2FF2003FD26D /* DATaskImageCollectionCell.m */ = {isa = PBXFileReference; fileEncoding = 4; lastKnownFileType = sourcecode.c.objc; path = DATaskImageCollectionCell.m; sourceTree = "<group>"; };
		4A7112041B8F3266003FD26D /* DATaskReportViewController.h */ = {isa = PBXFileReference; fileEncoding = 4; lastKnownFileType = sourcecode.c.h; path = DATaskReportViewController.h; sourceTree = "<group>"; };
		4A7112051B8F3266003FD26D /* DATaskReportViewController.m */ = {isa = PBXFileReference; fileEncoding = 4; lastKnownFileType = sourcecode.c.objc; path = DATaskReportViewController.m; sourceTree = "<group>"; };
		4A7112071B8F3A32003FD26D /* DATaskCircleChartCell.h */ = {isa = PBXFileReference; fileEncoding = 4; lastKnownFileType = sourcecode.c.h; path = DATaskCircleChartCell.h; sourceTree = "<group>"; };
		4A7112081B8F3A32003FD26D /* DATaskCircleChartCell.m */ = {isa = PBXFileReference; fileEncoding = 4; lastKnownFileType = sourcecode.c.objc; path = DATaskCircleChartCell.m; sourceTree = "<group>"; };
		4A71120A1B8F3C3B003FD26D /* DATaskAudioNoteCell.h */ = {isa = PBXFileReference; fileEncoding = 4; lastKnownFileType = sourcecode.c.h; path = DATaskAudioNoteCell.h; sourceTree = "<group>"; };
		4A71120B1B8F3C3B003FD26D /* DATaskAudioNoteCell.m */ = {isa = PBXFileReference; fileEncoding = 4; lastKnownFileType = sourcecode.c.objc; path = DATaskAudioNoteCell.m; sourceTree = "<group>"; };
		4A71120D1B8F3D77003FD26D /* DATaskDueTimeCell.h */ = {isa = PBXFileReference; fileEncoding = 4; lastKnownFileType = sourcecode.c.h; path = DATaskDueTimeCell.h; sourceTree = "<group>"; };
		4A71120E1B8F3D77003FD26D /* DATaskDueTimeCell.m */ = {isa = PBXFileReference; fileEncoding = 4; lastKnownFileType = sourcecode.c.objc; path = DATaskDueTimeCell.m; sourceTree = "<group>"; };
		4A7112101B8F3D9A003FD26D /* DATaskReminderCell.h */ = {isa = PBXFileReference; fileEncoding = 4; lastKnownFileType = sourcecode.c.h; path = DATaskReminderCell.h; sourceTree = "<group>"; };
		4A7112111B8F3D9A003FD26D /* DATaskReminderCell.m */ = {isa = PBXFileReference; fileEncoding = 4; lastKnownFileType = sourcecode.c.objc; path = DATaskReminderCell.m; sourceTree = "<group>"; };
		4A7112131B8F3DEA003FD26D /* DATaskLocationCell.h */ = {isa = PBXFileReference; fileEncoding = 4; lastKnownFileType = sourcecode.c.h; path = DATaskLocationCell.h; sourceTree = "<group>"; };
		4A7112141B8F3DEA003FD26D /* DATaskLocationCell.m */ = {isa = PBXFileReference; fileEncoding = 4; lastKnownFileType = sourcecode.c.objc; path = DATaskLocationCell.m; sourceTree = "<group>"; };
		4A7112161B8F4051003FD26D /* DATaskVideoCell.h */ = {isa = PBXFileReference; fileEncoding = 4; lastKnownFileType = sourcecode.c.h; path = DATaskVideoCell.h; sourceTree = "<group>"; };
		4A7112171B8F4051003FD26D /* DATaskVideoCell.m */ = {isa = PBXFileReference; fileEncoding = 4; lastKnownFileType = sourcecode.c.objc; path = DATaskVideoCell.m; sourceTree = "<group>"; };
		4A7112191B8F4060003FD26D /* DATaskLinkCell.h */ = {isa = PBXFileReference; fileEncoding = 4; lastKnownFileType = sourcecode.c.h; path = DATaskLinkCell.h; sourceTree = "<group>"; };
		4A71121A1B8F4060003FD26D /* DATaskLinkCell.m */ = {isa = PBXFileReference; fileEncoding = 4; lastKnownFileType = sourcecode.c.objc; path = DATaskLinkCell.m; sourceTree = "<group>"; };
		4A71121C1B8F4104003FD26D /* DATaskUnitCell.h */ = {isa = PBXFileReference; fileEncoding = 4; lastKnownFileType = sourcecode.c.h; path = DATaskUnitCell.h; sourceTree = "<group>"; };
		4A71121D1B8F4104003FD26D /* DATaskUnitCell.m */ = {isa = PBXFileReference; fileEncoding = 4; lastKnownFileType = sourcecode.c.objc; path = DATaskUnitCell.m; sourceTree = "<group>"; };
		4A7112271B8FCD97003FD26D /* DACircleNoteView.h */ = {isa = PBXFileReference; fileEncoding = 4; lastKnownFileType = sourcecode.c.h; path = DACircleNoteView.h; sourceTree = "<group>"; };
		4A7112281B8FCD97003FD26D /* DACircleNoteView.m */ = {isa = PBXFileReference; fileEncoding = 4; lastKnownFileType = sourcecode.c.objc; path = DACircleNoteView.m; sourceTree = "<group>"; };
		4A71122E1B8FD29F003FD26D /* DAToolboxView.h */ = {isa = PBXFileReference; fileEncoding = 4; lastKnownFileType = sourcecode.c.h; path = DAToolboxView.h; sourceTree = "<group>"; };
		4A71122F1B8FD29F003FD26D /* DAToolboxView.m */ = {isa = PBXFileReference; fileEncoding = 4; lastKnownFileType = sourcecode.c.objc; path = DAToolboxView.m; sourceTree = "<group>"; };
		4A7112311B8FD2DC003FD26D /* DAToolboxUnitView.h */ = {isa = PBXFileReference; fileEncoding = 4; lastKnownFileType = sourcecode.c.h; path = DAToolboxUnitView.h; sourceTree = "<group>"; };
		4A7112321B8FD2DC003FD26D /* DAToolboxUnitView.m */ = {isa = PBXFileReference; fileEncoding = 4; lastKnownFileType = sourcecode.c.objc; path = DAToolboxUnitView.m; sourceTree = "<group>"; };
		4A7112341B8FE292003FD26D /* DATaskToolboxView.h */ = {isa = PBXFileReference; fileEncoding = 4; lastKnownFileType = sourcecode.c.h; path = DATaskToolboxView.h; sourceTree = "<group>"; };
		4A7112351B8FE292003FD26D /* DATaskToolboxView.m */ = {isa = PBXFileReference; fileEncoding = 4; lastKnownFileType = sourcecode.c.objc; path = DATaskToolboxView.m; sourceTree = "<group>"; };
		4A7112371B8FE772003FD26D /* DAToolboxItem.h */ = {isa = PBXFileReference; fileEncoding = 4; lastKnownFileType = sourcecode.c.h; path = DAToolboxItem.h; sourceTree = "<group>"; };
		4A7112381B8FE772003FD26D /* DAToolboxItem.m */ = {isa = PBXFileReference; fileEncoding = 4; lastKnownFileType = sourcecode.c.objc; path = DAToolboxItem.m; sourceTree = "<group>"; };
		4A7112731B900BFC003FD26D /* DAAutoshipTaskDefineSection.h */ = {isa = PBXFileReference; fileEncoding = 4; lastKnownFileType = sourcecode.c.h; path = DAAutoshipTaskDefineSection.h; sourceTree = "<group>"; };
		4A7112741B900BFC003FD26D /* DAAutoshipTaskDefineSection.m */ = {isa = PBXFileReference; fileEncoding = 4; lastKnownFileType = sourcecode.c.objc; path = DAAutoshipTaskDefineSection.m; sourceTree = "<group>"; };
		4A7112751B900BFC003FD26D /* DAContactsTaskDefineSection.h */ = {isa = PBXFileReference; fileEncoding = 4; lastKnownFileType = sourcecode.c.h; path = DAContactsTaskDefineSection.h; sourceTree = "<group>"; };
		4A7112761B900BFC003FD26D /* DAContactsTaskDefineSection.m */ = {isa = PBXFileReference; fileEncoding = 4; lastKnownFileType = sourcecode.c.objc; path = DAContactsTaskDefineSection.m; sourceTree = "<group>"; };
		4A7112771B900BFC003FD26D /* DAEventsTaskDefineSection.h */ = {isa = PBXFileReference; fileEncoding = 4; lastKnownFileType = sourcecode.c.h; path = DAEventsTaskDefineSection.h; sourceTree = "<group>"; };
		4A7112781B900BFC003FD26D /* DAEventsTaskDefineSection.m */ = {isa = PBXFileReference; fileEncoding = 4; lastKnownFileType = sourcecode.c.objc; path = DAEventsTaskDefineSection.m; sourceTree = "<group>"; };
		4A7112791B900BFC003FD26D /* DAOthersTaskDefineSection.h */ = {isa = PBXFileReference; fileEncoding = 4; lastKnownFileType = sourcecode.c.h; path = DAOthersTaskDefineSection.h; sourceTree = "<group>"; };
		4A71127A1B900BFC003FD26D /* DAOthersTaskDefineSection.m */ = {isa = PBXFileReference; fileEncoding = 4; lastKnownFileType = sourcecode.c.objc; path = DAOthersTaskDefineSection.m; sourceTree = "<group>"; };
		4A71127B1B900BFC003FD26D /* DAProductsTaskDefineSection.h */ = {isa = PBXFileReference; fileEncoding = 4; lastKnownFileType = sourcecode.c.h; path = DAProductsTaskDefineSection.h; sourceTree = "<group>"; };
		4A71127C1B900BFC003FD26D /* DAProductsTaskDefineSection.m */ = {isa = PBXFileReference; fileEncoding = 4; lastKnownFileType = sourcecode.c.objc; path = DAProductsTaskDefineSection.m; sourceTree = "<group>"; };
		4A71127D1B900BFC003FD26D /* DATaskDefineSection.h */ = {isa = PBXFileReference; fileEncoding = 4; lastKnownFileType = sourcecode.c.h; path = DATaskDefineSection.h; sourceTree = "<group>"; };
		4A71127E1B900BFC003FD26D /* DATaskDefineSection.m */ = {isa = PBXFileReference; fileEncoding = 4; lastKnownFileType = sourcecode.c.objc; path = DATaskDefineSection.m; sourceTree = "<group>"; };
		4A71127F1B900BFC003FD26D /* DATestimonialTaskDefineSection.h */ = {isa = PBXFileReference; fileEncoding = 4; lastKnownFileType = sourcecode.c.h; path = DATestimonialTaskDefineSection.h; sourceTree = "<group>"; };
		4A7112801B900BFC003FD26D /* DATestimonialTaskDefineSection.m */ = {isa = PBXFileReference; fileEncoding = 4; lastKnownFileType = sourcecode.c.objc; path = DATestimonialTaskDefineSection.m; sourceTree = "<group>"; };
		4A7112811B900BFC003FD26D /* DATrainingTaskDefineSection.h */ = {isa = PBXFileReference; fileEncoding = 4; lastKnownFileType = sourcecode.c.h; path = DATrainingTaskDefineSection.h; sourceTree = "<group>"; };
		4A7112821B900BFC003FD26D /* DATrainingTaskDefineSection.m */ = {isa = PBXFileReference; fileEncoding = 4; lastKnownFileType = sourcecode.c.objc; path = DATrainingTaskDefineSection.m; sourceTree = "<group>"; };
		4A71128C1B900C26003FD26D /* DATaskEditor.h */ = {isa = PBXFileReference; fileEncoding = 4; lastKnownFileType = sourcecode.c.h; path = DATaskEditor.h; sourceTree = "<group>"; };
		4A71128D1B900C26003FD26D /* DATaskEditor.m */ = {isa = PBXFileReference; fileEncoding = 4; lastKnownFileType = sourcecode.c.objc; path = DATaskEditor.m; sourceTree = "<group>"; };
		4A71128F1B900C47003FD26D /* DATestimonialTaskEditor.h */ = {isa = PBXFileReference; fileEncoding = 4; lastKnownFileType = sourcecode.c.h; path = DATestimonialTaskEditor.h; sourceTree = "<group>"; };
		4A7112901B900C47003FD26D /* DATestimonialTaskEditor.m */ = {isa = PBXFileReference; fileEncoding = 4; lastKnownFileType = sourcecode.c.objc; path = DATestimonialTaskEditor.m; sourceTree = "<group>"; };
		4A7112921B900C60003FD26D /* DAAutoshipTaskEditor.h */ = {isa = PBXFileReference; fileEncoding = 4; lastKnownFileType = sourcecode.c.h; path = DAAutoshipTaskEditor.h; sourceTree = "<group>"; };
		4A7112931B900C60003FD26D /* DAAutoshipTaskEditor.m */ = {isa = PBXFileReference; fileEncoding = 4; lastKnownFileType = sourcecode.c.objc; path = DAAutoshipTaskEditor.m; sourceTree = "<group>"; };
		4A7112951B900C71003FD26D /* DAContactsTaskEditor.h */ = {isa = PBXFileReference; fileEncoding = 4; lastKnownFileType = sourcecode.c.h; path = DAContactsTaskEditor.h; sourceTree = "<group>"; };
		4A7112961B900C71003FD26D /* DAContactsTaskEditor.m */ = {isa = PBXFileReference; fileEncoding = 4; lastKnownFileType = sourcecode.c.objc; path = DAContactsTaskEditor.m; sourceTree = "<group>"; };
		4A7112981B900C82003FD26D /* DAEventsTaskEditor.h */ = {isa = PBXFileReference; fileEncoding = 4; lastKnownFileType = sourcecode.c.h; path = DAEventsTaskEditor.h; sourceTree = "<group>"; };
		4A7112991B900C82003FD26D /* DAEventsTaskEditor.m */ = {isa = PBXFileReference; fileEncoding = 4; lastKnownFileType = sourcecode.c.objc; path = DAEventsTaskEditor.m; sourceTree = "<group>"; };
		4A71129B1B900CAA003FD26D /* DAProductsTaskEditor.h */ = {isa = PBXFileReference; fileEncoding = 4; lastKnownFileType = sourcecode.c.h; path = DAProductsTaskEditor.h; sourceTree = "<group>"; };
		4A71129C1B900CAA003FD26D /* DAProductsTaskEditor.m */ = {isa = PBXFileReference; fileEncoding = 4; lastKnownFileType = sourcecode.c.objc; path = DAProductsTaskEditor.m; sourceTree = "<group>"; };
		4A71129E1B900CCD003FD26D /* DAOthersTaskEditor.h */ = {isa = PBXFileReference; fileEncoding = 4; lastKnownFileType = sourcecode.c.h; path = DAOthersTaskEditor.h; sourceTree = "<group>"; };
		4A71129F1B900CCD003FD26D /* DAOthersTaskEditor.m */ = {isa = PBXFileReference; fileEncoding = 4; lastKnownFileType = sourcecode.c.objc; path = DAOthersTaskEditor.m; sourceTree = "<group>"; };
		4A7112A11B900CDF003FD26D /* DATrainingTaskEditor.h */ = {isa = PBXFileReference; fileEncoding = 4; lastKnownFileType = sourcecode.c.h; path = DATrainingTaskEditor.h; sourceTree = "<group>"; };
		4A7112A21B900CDF003FD26D /* DATrainingTaskEditor.m */ = {isa = PBXFileReference; fileEncoding = 4; lastKnownFileType = sourcecode.c.objc; path = DATrainingTaskEditor.m; sourceTree = "<group>"; };
		4A7112A41B903E66003FD26D /* DASearchCell.h */ = {isa = PBXFileReference; fileEncoding = 4; lastKnownFileType = sourcecode.c.h; path = DASearchCell.h; sourceTree = "<group>"; };
		4A7112A51B903E66003FD26D /* DASearchCell.m */ = {isa = PBXFileReference; fileEncoding = 4; lastKnownFileType = sourcecode.c.objc; path = DASearchCell.m; sourceTree = "<group>"; };
		4A7112A71B9044F6003FD26D /* DAButton.h */ = {isa = PBXFileReference; fileEncoding = 4; lastKnownFileType = sourcecode.c.h; path = DAButton.h; sourceTree = "<group>"; };
		4A7112A81B9044F6003FD26D /* DAButton.m */ = {isa = PBXFileReference; fileEncoding = 4; lastKnownFileType = sourcecode.c.objc; path = DAButton.m; sourceTree = "<group>"; };
		4A7112AD1B90640F003FD26D /* DAOpportunityTitleCell.h */ = {isa = PBXFileReference; fileEncoding = 4; lastKnownFileType = sourcecode.c.h; path = DAOpportunityTitleCell.h; sourceTree = "<group>"; };
		4A7112AE1B90640F003FD26D /* DAOpportunityTitleCell.m */ = {isa = PBXFileReference; fileEncoding = 4; lastKnownFileType = sourcecode.c.objc; path = DAOpportunityTitleCell.m; sourceTree = "<group>"; };
		4A7112B01B907600003FD26D /* DATaskCellStyleReadonly.h */ = {isa = PBXFileReference; fileEncoding = 4; lastKnownFileType = sourcecode.c.h; path = DATaskCellStyleReadonly.h; sourceTree = "<group>"; };
		4A7112B11B907600003FD26D /* DATaskCellStyleReadonly.m */ = {isa = PBXFileReference; fileEncoding = 4; lastKnownFileType = sourcecode.c.objc; path = DATaskCellStyleReadonly.m; sourceTree = "<group>"; };
		4A7112B31B907857003FD26D /* DATaskCellStyleTemplateEditor.h */ = {isa = PBXFileReference; fileEncoding = 4; lastKnownFileType = sourcecode.c.h; path = DATaskCellStyleTemplateEditor.h; sourceTree = "<group>"; };
		4A7112B41B907857003FD26D /* DATaskCellStyleTemplateEditor.m */ = {isa = PBXFileReference; fileEncoding = 4; lastKnownFileType = sourcecode.c.objc; path = DATaskCellStyleTemplateEditor.m; sourceTree = "<group>"; };
		4A8E8E221B6AE8D100F48CDD /* RootViewController.h */ = {isa = PBXFileReference; fileEncoding = 4; lastKnownFileType = sourcecode.c.h; path = RootViewController.h; sourceTree = "<group>"; };
		4A8E8E231B6AE8D100F48CDD /* RootViewController.m */ = {isa = PBXFileReference; fileEncoding = 4; lastKnownFileType = sourcecode.c.objc; path = RootViewController.m; sourceTree = "<group>"; };
		4A8E8E271B6AE95400F48CDD /* Base */ = {isa = PBXFileReference; lastKnownFileType = file.xib; name = Base; path = Base.lproj/LaunchScreen.xib; sourceTree = "<group>"; };
		4A8E8E281B6AE95400F48CDD /* Images.xcassets */ = {isa = PBXFileReference; lastKnownFileType = folder.assetcatalog; path = Images.xcassets; sourceTree = "<group>"; };
		4A8E8E291B6AE95400F48CDD /* Style.plist */ = {isa = PBXFileReference; fileEncoding = 4; lastKnownFileType = text.plist.xml; path = Style.plist; sourceTree = "<group>"; };
		4A8E8E2A1B6AE95400F48CDD /* Text-en.plist */ = {isa = PBXFileReference; fileEncoding = 4; lastKnownFileType = text.plist.xml; path = "Text-en.plist"; sourceTree = "<group>"; };
		4A8E8E351B6AF8FB00F48CDD /* libz.dylib */ = {isa = PBXFileReference; lastKnownFileType = "compiled.mach-o.dylib"; name = libz.dylib; path = usr/lib/libz.dylib; sourceTree = SDKROOT; };
		4A8E8E371B6AFA1500F48CDD /* RootTabController.h */ = {isa = PBXFileReference; fileEncoding = 4; lastKnownFileType = sourcecode.c.h; path = RootTabController.h; sourceTree = "<group>"; };
		4A8E8E381B6AFA1500F48CDD /* RootTabController.m */ = {isa = PBXFileReference; fileEncoding = 4; lastKnownFileType = sourcecode.c.objc; path = RootTabController.m; sourceTree = "<group>"; };
		4A8E8E3E1B6AFFE400F48CDD /* DACompanyOpportunitiesViewController.h */ = {isa = PBXFileReference; fileEncoding = 4; lastKnownFileType = sourcecode.c.h; path = DACompanyOpportunitiesViewController.h; sourceTree = "<group>"; };
		4A8E8E3F1B6AFFE400F48CDD /* DACompanyOpportunitiesViewController.m */ = {isa = PBXFileReference; fileEncoding = 4; lastKnownFileType = sourcecode.c.objc; path = DACompanyOpportunitiesViewController.m; sourceTree = "<group>"; };
		4A8E8E411B6B01CD00F48CDD /* DAOpportunityViewController.h */ = {isa = PBXFileReference; fileEncoding = 4; lastKnownFileType = sourcecode.c.h; path = DAOpportunityViewController.h; sourceTree = "<group>"; };
		4A8E8E421B6B01CD00F48CDD /* DAOpportunityViewController.m */ = {isa = PBXFileReference; fileEncoding = 4; lastKnownFileType = sourcecode.c.objc; path = DAOpportunityViewController.m; sourceTree = "<group>"; };
		4A8E8E451B6B2C7B00F48CDD /* DAChatViewController.h */ = {isa = PBXFileReference; fileEncoding = 4; lastKnownFileType = sourcecode.c.h; path = DAChatViewController.h; sourceTree = "<group>"; };
		4A8E8E461B6B2C7B00F48CDD /* DAChatViewController.m */ = {isa = PBXFileReference; fileEncoding = 4; lastKnownFileType = sourcecode.c.objc; path = DAChatViewController.m; sourceTree = "<group>"; };
		4A8E8E4A1B6B67A300F48CDD /* DALeaderOpportunityCell.h */ = {isa = PBXFileReference; fileEncoding = 4; lastKnownFileType = sourcecode.c.h; path = DALeaderOpportunityCell.h; sourceTree = "<group>"; };
		4A8E8E4B1B6B67A300F48CDD /* DALeaderOpportunityCell.m */ = {isa = PBXFileReference; fileEncoding = 4; lastKnownFileType = sourcecode.c.objc; path = DALeaderOpportunityCell.m; sourceTree = "<group>"; };
		4AB3F1E71B8B04D3008DC70F /* MapKit.framework */ = {isa = PBXFileReference; lastKnownFileType = wrapper.framework; name = MapKit.framework; path = System/Library/Frameworks/MapKit.framework; sourceTree = SDKROOT; };
		4AB3F1EA1B8B050E008DC70F /* DAMapCell.h */ = {isa = PBXFileReference; fileEncoding = 4; lastKnownFileType = sourcecode.c.h; path = DAMapCell.h; sourceTree = "<group>"; };
		4AB3F1EB1B8B050E008DC70F /* DAMapCell.m */ = {isa = PBXFileReference; fileEncoding = 4; lastKnownFileType = sourcecode.c.objc; path = DAMapCell.m; sourceTree = "<group>"; };
		4AB3F1ED1B8B1CFD008DC70F /* DAOwnedOpportunityViewController.h */ = {isa = PBXFileReference; fileEncoding = 4; lastKnownFileType = sourcecode.c.h; path = DAOwnedOpportunityViewController.h; sourceTree = "<group>"; };
		4AB3F1EE1B8B1CFD008DC70F /* DAOwnedOpportunityViewController.m */ = {isa = PBXFileReference; fileEncoding = 4; lastKnownFileType = sourcecode.c.objc; path = DAOwnedOpportunityViewController.m; sourceTree = "<group>"; };
		4AB3F2001B8B2070008DC70F /* DAOpportunityDataset.h */ = {isa = PBXFileReference; fileEncoding = 4; lastKnownFileType = sourcecode.c.h; path = DAOpportunityDataset.h; sourceTree = "<group>"; };
		4AB3F2011B8B2070008DC70F /* DAOpportunityDataset.m */ = {isa = PBXFileReference; fileEncoding = 4; lastKnownFileType = sourcecode.c.objc; path = DAOpportunityDataset.m; sourceTree = "<group>"; };
		4AB3F2031B8C18E7008DC70F /* DAOpportunityDescriptionCell.h */ = {isa = PBXFileReference; fileEncoding = 4; lastKnownFileType = sourcecode.c.h; path = DAOpportunityDescriptionCell.h; sourceTree = "<group>"; };
		4AB3F2041B8C18E7008DC70F /* DAOpportunityDescriptionCell.m */ = {isa = PBXFileReference; fileEncoding = 4; lastKnownFileType = sourcecode.c.objc; path = DAOpportunityDescriptionCell.m; sourceTree = "<group>"; };
		4AB3F2061B8C1904008DC70F /* DAOpportunityLeaderCell.h */ = {isa = PBXFileReference; fileEncoding = 4; lastKnownFileType = sourcecode.c.h; path = DAOpportunityLeaderCell.h; sourceTree = "<group>"; };
		4AB3F2071B8C1904008DC70F /* DAOpportunityLeaderCell.m */ = {isa = PBXFileReference; fileEncoding = 4; lastKnownFileType = sourcecode.c.objc; path = DAOpportunityLeaderCell.m; sourceTree = "<group>"; };
		4AB3F2111B8C6384008DC70F /* DALeaderViewController.h */ = {isa = PBXFileReference; fileEncoding = 4; lastKnownFileType = sourcecode.c.h; path = DALeaderViewController.h; sourceTree = "<group>"; };
		4AB3F2121B8C6384008DC70F /* DALeaderViewController.m */ = {isa = PBXFileReference; fileEncoding = 4; lastKnownFileType = sourcecode.c.objc; path = DALeaderViewController.m; sourceTree = "<group>"; };
		4AB3F2141B8C64B8008DC70F /* DALeaderBasicInfoCell.h */ = {isa = PBXFileReference; fileEncoding = 4; lastKnownFileType = sourcecode.c.h; path = DALeaderBasicInfoCell.h; sourceTree = "<group>"; };
		4AB3F2151B8C64B8008DC70F /* DALeaderBasicInfoCell.m */ = {isa = PBXFileReference; fileEncoding = 4; lastKnownFileType = sourcecode.c.objc; path = DALeaderBasicInfoCell.m; sourceTree = "<group>"; };
		4AB3F2311B8C9D11008DC70F /* DADashboardDataset.h */ = {isa = PBXFileReference; fileEncoding = 4; lastKnownFileType = sourcecode.c.h; path = DADashboardDataset.h; sourceTree = "<group>"; };
		4AB3F2321B8C9D11008DC70F /* DADashboardDataset.m */ = {isa = PBXFileReference; fileEncoding = 4; lastKnownFileType = sourcecode.c.objc; path = DADashboardDataset.m; sourceTree = "<group>"; };
		4AB3F2331B8C9D11008DC70F /* DADashboardViewController.h */ = {isa = PBXFileReference; fileEncoding = 4; lastKnownFileType = sourcecode.c.h; path = DADashboardViewController.h; sourceTree = "<group>"; };
		4AB3F2341B8C9D11008DC70F /* DADashboardViewController.m */ = {isa = PBXFileReference; fileEncoding = 4; lastKnownFileType = sourcecode.c.objc; path = DADashboardViewController.m; sourceTree = "<group>"; };
		4AB3F2371B8C9F1B008DC70F /* DADashboardChartCell.h */ = {isa = PBXFileReference; fileEncoding = 4; lastKnownFileType = sourcecode.c.h; path = DADashboardChartCell.h; sourceTree = "<group>"; };
		4AB3F2381B8C9F1B008DC70F /* DADashboardChartCell.m */ = {isa = PBXFileReference; fileEncoding = 4; lastKnownFileType = sourcecode.c.objc; path = DADashboardChartCell.m; sourceTree = "<group>"; };
		4AB3F23D1B8CA1AD008DC70F /* DAChartCell+RemoteOps.h */ = {isa = PBXFileReference; fileEncoding = 4; lastKnownFileType = sourcecode.c.h; path = "DAChartCell+RemoteOps.h"; sourceTree = "<group>"; };
		4AB3F23E1B8CA1AD008DC70F /* DAChartCell+RemoteOps.m */ = {isa = PBXFileReference; fileEncoding = 4; lastKnownFileType = sourcecode.c.objc; path = "DAChartCell+RemoteOps.m"; sourceTree = "<group>"; };
		4AB3F23F1B8CA1AD008DC70F /* DAChartCell+Styles.h */ = {isa = PBXFileReference; fileEncoding = 4; lastKnownFileType = sourcecode.c.h; path = "DAChartCell+Styles.h"; sourceTree = "<group>"; };
		4AB3F2401B8CA1AD008DC70F /* DAChartCell+Styles.m */ = {isa = PBXFileReference; fileEncoding = 4; lastKnownFileType = sourcecode.c.objc; path = "DAChartCell+Styles.m"; sourceTree = "<group>"; };
		4AB3F2411B8CA1AD008DC70F /* DAChartCell+Utils.h */ = {isa = PBXFileReference; fileEncoding = 4; lastKnownFileType = sourcecode.c.h; path = "DAChartCell+Utils.h"; sourceTree = "<group>"; };
		4AB3F2421B8CA1AD008DC70F /* DAChartCell+Utils.m */ = {isa = PBXFileReference; fileEncoding = 4; lastKnownFileType = sourcecode.c.objc; path = "DAChartCell+Utils.m"; sourceTree = "<group>"; };
		4AB3F2431B8CA1AD008DC70F /* DAChartCell.h */ = {isa = PBXFileReference; fileEncoding = 4; lastKnownFileType = sourcecode.c.h; path = DAChartCell.h; sourceTree = "<group>"; };
		4AB3F2441B8CA1AD008DC70F /* DAChartCell.m */ = {isa = PBXFileReference; fileEncoding = 4; lastKnownFileType = sourcecode.c.objc; path = DAChartCell.m; sourceTree = "<group>"; };
		4AB3F2451B8CA1AD008DC70F /* DAChartCoordinatorView.h */ = {isa = PBXFileReference; fileEncoding = 4; lastKnownFileType = sourcecode.c.h; path = DAChartCoordinatorView.h; sourceTree = "<group>"; };
		4AB3F2461B8CA1AD008DC70F /* DAChartCoordinatorView.m */ = {isa = PBXFileReference; fileEncoding = 4; lastKnownFileType = sourcecode.c.objc; path = DAChartCoordinatorView.m; sourceTree = "<group>"; };
		4AB3F24E1B8D2ED3008DC70F /* DAOpportunityBasicEditor.h */ = {isa = PBXFileReference; fileEncoding = 4; lastKnownFileType = sourcecode.c.h; path = DAOpportunityBasicEditor.h; sourceTree = "<group>"; };
		4AB3F24F1B8D2ED3008DC70F /* DAOpportunityBasicEditor.m */ = {isa = PBXFileReference; fileEncoding = 4; lastKnownFileType = sourcecode.c.objc; path = DAOpportunityBasicEditor.m; sourceTree = "<group>"; };
		4AB3F2561B8D2ED3008DC70F /* DAOpportunityTemplateEditor.h */ = {isa = PBXFileReference; fileEncoding = 4; lastKnownFileType = sourcecode.c.h; path = DAOpportunityTemplateEditor.h; sourceTree = "<group>"; };
		4AB3F2571B8D2ED3008DC70F /* DAOpportunityTemplateEditor.m */ = {isa = PBXFileReference; fileEncoding = 4; lastKnownFileType = sourcecode.c.objc; path = DAOpportunityTemplateEditor.m; sourceTree = "<group>"; };
		4AB3F2621B8D2ED3008DC70F /* DANewTaskCell.h */ = {isa = PBXFileReference; fileEncoding = 4; lastKnownFileType = sourcecode.c.h; path = DANewTaskCell.h; sourceTree = "<group>"; };
		4AB3F2631B8D2ED3008DC70F /* DANewTaskCell.m */ = {isa = PBXFileReference; fileEncoding = 4; lastKnownFileType = sourcecode.c.objc; path = DANewTaskCell.m; sourceTree = "<group>"; };
		4AB3F2641B8D2ED3008DC70F /* DATaskCell.h */ = {isa = PBXFileReference; fileEncoding = 4; lastKnownFileType = sourcecode.c.h; path = DATaskCell.h; sourceTree = "<group>"; };
		4AB3F2651B8D2ED3008DC70F /* DATaskCell.m */ = {isa = PBXFileReference; fileEncoding = 4; lastKnownFileType = sourcecode.c.objc; path = DATaskCell.m; sourceTree = "<group>"; };
		4AB3F2681B8D2ED3008DC70F /* DATaskCellStyleProgress.h */ = {isa = PBXFileReference; fileEncoding = 4; lastKnownFileType = sourcecode.c.h; path = DATaskCellStyleProgress.h; sourceTree = "<group>"; };
		4AB3F2691B8D2ED3008DC70F /* DATaskCellStyleProgress.m */ = {isa = PBXFileReference; fileEncoding = 4; lastKnownFileType = sourcecode.c.objc; path = DATaskCellStyleProgress.m; sourceTree = "<group>"; };
		4AB3F26A1B8D2ED3008DC70F /* DATaskProgressEditor.h */ = {isa = PBXFileReference; fileEncoding = 4; lastKnownFileType = sourcecode.c.h; path = DATaskProgressEditor.h; sourceTree = "<group>"; };
		4AB3F26B1B8D2ED3008DC70F /* DATaskProgressEditor.m */ = {isa = PBXFileReference; fileEncoding = 4; lastKnownFileType = sourcecode.c.objc; path = DATaskProgressEditor.m; sourceTree = "<group>"; };
		4AB3F26C1B8D2ED3008DC70F /* DATaskSection.h */ = {isa = PBXFileReference; fileEncoding = 4; lastKnownFileType = sourcecode.c.h; path = DATaskSection.h; sourceTree = "<group>"; };
		4AB3F26D1B8D2ED3008DC70F /* DATaskSection.m */ = {isa = PBXFileReference; fileEncoding = 4; lastKnownFileType = sourcecode.c.objc; path = DATaskSection.m; sourceTree = "<group>"; };
		4AB3F26E1B8D2ED3008DC70F /* DATaskTypeCell.h */ = {isa = PBXFileReference; fileEncoding = 4; lastKnownFileType = sourcecode.c.h; path = DATaskTypeCell.h; sourceTree = "<group>"; };
		4AB3F26F1B8D2ED3008DC70F /* DATaskTypeCell.m */ = {isa = PBXFileReference; fileEncoding = 4; lastKnownFileType = sourcecode.c.objc; path = DATaskTypeCell.m; sourceTree = "<group>"; };
		4AB3F2701B8D2ED3008DC70F /* DATask.h */ = {isa = PBXFileReference; fileEncoding = 4; lastKnownFileType = sourcecode.c.h; path = DATask.h; sourceTree = "<group>"; };
		4AB3F2711B8D2ED3008DC70F /* DATask.m */ = {isa = PBXFileReference; fileEncoding = 4; lastKnownFileType = sourcecode.c.objc; path = DATask.m; sourceTree = "<group>"; };
		4AB3F28D1B8D5780008DC70F /* DAGeneralOpportunitesViewController.h */ = {isa = PBXFileReference; fileEncoding = 4; lastKnownFileType = sourcecode.c.h; path = DAGeneralOpportunitesViewController.h; sourceTree = "<group>"; };
		4AB3F28E1B8D5780008DC70F /* DAGeneralOpportunitesViewController.m */ = {isa = PBXFileReference; fileEncoding = 4; lastKnownFileType = sourcecode.c.objc; path = DAGeneralOpportunitesViewController.m; sourceTree = "<group>"; };
		4AB3F2901B8D5851008DC70F /* DACompanyOpportunityCell.h */ = {isa = PBXFileReference; fileEncoding = 4; lastKnownFileType = sourcecode.c.h; path = DACompanyOpportunityCell.h; sourceTree = "<group>"; };
		4AB3F2911B8D5851008DC70F /* DACompanyOpportunityCell.m */ = {isa = PBXFileReference; fileEncoding = 4; lastKnownFileType = sourcecode.c.objc; path = DACompanyOpportunityCell.m; sourceTree = "<group>"; };
		4AB3F2931B8D6120008DC70F /* DANavigationController.h */ = {isa = PBXFileReference; fileEncoding = 4; lastKnownFileType = sourcecode.c.h; path = DANavigationController.h; sourceTree = "<group>"; };
		4AB3F2941B8D6120008DC70F /* DANavigationController.m */ = {isa = PBXFileReference; fileEncoding = 4; lastKnownFileType = sourcecode.c.objc; path = DANavigationController.m; sourceTree = "<group>"; };
		4AB8B6B21B66081F008073B6 /* Distributors.app */ = {isa = PBXFileReference; explicitFileType = wrapper.application; includeInIndex = 0; path = Distributors.app; sourceTree = BUILT_PRODUCTS_DIR; };
		4AB8B6B61B66081F008073B6 /* Info.plist */ = {isa = PBXFileReference; lastKnownFileType = text.plist.xml; path = Info.plist; sourceTree = "<group>"; };
		4AB8B6B71B66081F008073B6 /* main.m */ = {isa = PBXFileReference; lastKnownFileType = sourcecode.c.objc; path = main.m; sourceTree = "<group>"; };
		4AB8B6B91B66081F008073B6 /* AppDelegate.h */ = {isa = PBXFileReference; lastKnownFileType = sourcecode.c.h; path = AppDelegate.h; sourceTree = "<group>"; };
		4AB8B6BA1B66081F008073B6 /* AppDelegate.m */ = {isa = PBXFileReference; lastKnownFileType = sourcecode.c.objc; path = AppDelegate.m; sourceTree = "<group>"; };
/* End PBXFileReference section */

/* Begin PBXFrameworksBuildPhase section */
		4AB8B6AF1B66081F008073B6 /* Frameworks */ = {
			isa = PBXFrameworksBuildPhase;
			buildActionMask = 2147483647;
			files = (
				4AB3F1E81B8B04D3008DC70F /* MapKit.framework in Frameworks */,
				4A8E8E361B6AF8FB00F48CDD /* libz.dylib in Frameworks */,
			);
			runOnlyForDeploymentPostprocessing = 0;
		};
/* End PBXFrameworksBuildPhase section */

/* Begin PBXGroup section */
		4A0D23731B79B90D00FF9D40 /* Lab */ = {
			isa = PBXGroup;
			children = (
				4A0D23741B79B92600FF9D40 /* DALabViewController.h */,
				4A0D23751B79B92600FF9D40 /* DALabViewController.m */,
				4A0D23771B79BBAE00FF9D40 /* DALabConvertSpeechToTextViewController.h */,
				4A0D23781B79BBAE00FF9D40 /* DALabConvertSpeechToTextViewController.m */,
			);
			path = Lab;
			sourceTree = "<group>";
		};
		4A2839A71B82ABF9007EA77E /* Contact */ = {
			isa = PBXGroup;
			children = (
				4A2839A81B82AC16007EA77E /* DAContactViewController.h */,
				4A2839A91B82AC16007EA77E /* DAContactViewController.m */,
			);
			path = Contact;
			sourceTree = "<group>";
		};
		4A2839AB1B82ACF8007EA77E /* Discover */ = {
			isa = PBXGroup;
			children = (
				4A2839AC1B82AD0B007EA77E /* DADiscoverViewController.h */,
				4A2839AD1B82AD0B007EA77E /* DADiscoverViewController.m */,
			);
			path = Discover;
			sourceTree = "<group>";
		};
		4A2839AF1B82ADC5007EA77E /* Setting */ = {
			isa = PBXGroup;
			children = (
				4A2839B01B82ADD1007EA77E /* DASettingViewController.h */,
				4A2839B11B82ADD1007EA77E /* DASettingViewController.m */,
			);
			path = Setting;
			sourceTree = "<group>";
		};
		4A2839C01B82E11E007EA77E /* Company */ = {
			isa = PBXGroup;
			children = (
				4A2839C71B82E2B7007EA77E /* DACompanyCoordinator.h */,
				4A2839C81B82E2B7007EA77E /* DACompanyCoordinator.m */,
				4A2839C11B82E132007EA77E /* DACompany.h */,
				4A2839C21B82E132007EA77E /* DACompany.m */,
			);
			path = Company;
			sourceTree = "<group>";
		};
		4A2839DD1B830811007EA77E /* User */ = {
			isa = PBXGroup;
			children = (
				4A2839DE1B83083A007EA77E /* DAUser.h */,
				4A2839DF1B83083A007EA77E /* DAUser.m */,
			);
			path = User;
			sourceTree = "<group>";
		};
		4A2839E41B830971007EA77E /* Currency */ = {
			isa = PBXGroup;
			children = (
				4A2839E51B83098B007EA77E /* DACurrency.h */,
				4A2839E61B83098B007EA77E /* DACurrency.m */,
				4A2839E81B8309C4007EA77E /* DACurrencyDataset.h */,
				4A2839E91B8309C4007EA77E /* DACurrencyDataset.m */,
			);
			path = Currency;
			sourceTree = "<group>";
		};
		4A2839EB1B830B87007EA77E /* Session */ = {
			isa = PBXGroup;
			children = (
				4A2839EC1B830B96007EA77E /* DASession.h */,
				4A2839ED1B830B96007EA77E /* DASession.m */,
				4A2839EF1B830BA7007EA77E /* DASessionCoordinator.h */,
				4A2839F01B830BA7007EA77E /* DASessionCoordinator.m */,
			);
			path = Session;
			sourceTree = "<group>";
		};
		4A2839F21B830D02007EA77E /* EarningPotential */ = {
			isa = PBXGroup;
			children = (
				4A2839F31B830D1A007EA77E /* DAEarningPotential.h */,
				4A2839F41B830D1A007EA77E /* DAEarningPotential.m */,
				4A2839FD1B83FACB007EA77E /* DAEarningPotentialDataset.h */,
				4A2839FE1B83FACB007EA77E /* DAEarningPotentialDataset.m */,
				4A283A001B8403BD007EA77E /* DAEarningPotentialPicker.h */,
				4A283A011B8403BD007EA77E /* DAEarningPotentialPicker.m */,
				4A283A1B1B843C4E007EA77E /* DAEarningPotentialCell.h */,
				4A283A1C1B843C4E007EA77E /* DAEarningPotentialCell.m */,
				4A283A2A1B846314007EA77E /* DSEarningPotentialPickerCell.h */,
				4A283A2B1B846314007EA77E /* DSEarningPotentialPickerCell.m */,
				4A283A3A1B869E20007EA77E /* DAEarningPotentialSection.h */,
				4A283A3B1B869E20007EA77E /* DAEarningPotentialSection.m */,
			);
			path = EarningPotential;
			sourceTree = "<group>";
		};
		4A2839F61B830D37007EA77E /* Common */ = {
			isa = PBXGroup;
			children = (
				4A2839F71B830D71007EA77E /* DADataset.h */,
				4A2839F81B830D71007EA77E /* DADataset.m */,
				4AB3F2931B8D6120008DC70F /* DANavigationController.h */,
				4AB3F2941B8D6120008DC70F /* DANavigationController.m */,
				4A7112A41B903E66003FD26D /* DASearchCell.h */,
				4A7112A51B903E66003FD26D /* DASearchCell.m */,
				4A7112A71B9044F6003FD26D /* DAButton.h */,
				4A7112A81B9044F6003FD26D /* DAButton.m */,
			);
			path = Common;
			sourceTree = "<group>";
		};
		4A283A0A1B842E1D007EA77E /* FunctionLoader */ = {
			isa = PBXGroup;
			children = (
				4A283A0B1B842E40007EA77E /* DAOpportunityLoader.h */,
				4A283A0C1B842E40007EA77E /* DAOpportunityLoader.m */,
				4A283A0D1B842E40007EA77E /* DAFunctionLoader.h */,
				4A283A0E1B842E40007EA77E /* DAFunctionLoader.m */,
			);
			path = FunctionLoader;
			sourceTree = "<group>";
		};
		4A283A251B8456CD007EA77E /* Defines */ = {
			isa = PBXGroup;
			children = (
				4A64972E1B944DE1005A56CD /* DATaskDefine.h */,
				4A64972F1B944DE1005A56CD /* DATaskDefine.m */,
				4A283A261B8456E9007EA77E /* DADefine.h */,
				4A283A281B8456E9007EA77E /* DAStyleDefine.h */,
				4A283A291B8456E9007EA77E /* DATextDefine.h */,
			);
			path = Defines;
			sourceTree = "<group>";
		};
		4A283A2D1B846D31007EA77E /* Period */ = {
			isa = PBXGroup;
			children = (
				4A283A2E1B846D44007EA77E /* DAPeriod.h */,
				4A283A2F1B846D44007EA77E /* DAPeriod.m */,
				4A283A311B846D6E007EA77E /* DAPeriodDataset.h */,
				4A283A321B846D6E007EA77E /* DAPeriodDataset.m */,
			);
			path = Period;
			sourceTree = "<group>";
		};
		4A7111FA1B8F2FA6003FD26D /* ImageCollectionCell */ = {
			isa = PBXGroup;
			children = (
				4A7111FB1B8F2FA6003FD26D /* DAImageCollectionUnitCell.h */,
				4A7111FC1B8F2FA6003FD26D /* DAImageCollectionUnitCell.m */,
				4A7111FD1B8F2FA6003FD26D /* DAImageCollectionCell.h */,
				4A7111FE1B8F2FA6003FD26D /* DAImageCollectionCell.m */,
			);
			path = ImageCollectionCell;
			sourceTree = "<group>";
		};
		4A7112261B8FCD97003FD26D /* CircleNote */ = {
			isa = PBXGroup;
			children = (
				4A7112271B8FCD97003FD26D /* DACircleNoteView.h */,
				4A7112281B8FCD97003FD26D /* DACircleNoteView.m */,
			);
			path = CircleNote;
			sourceTree = "<group>";
		};
		4A71122D1B8FD27A003FD26D /* ToolboxView */ = {
			isa = PBXGroup;
			children = (
				4A71122E1B8FD29F003FD26D /* DAToolboxView.h */,
				4A71122F1B8FD29F003FD26D /* DAToolboxView.m */,
				4A7112311B8FD2DC003FD26D /* DAToolboxUnitView.h */,
				4A7112321B8FD2DC003FD26D /* DAToolboxUnitView.m */,
				4A7112371B8FE772003FD26D /* DAToolboxItem.h */,
				4A7112381B8FE772003FD26D /* DAToolboxItem.m */,
			);
			path = ToolboxView;
			sourceTree = "<group>";
		};
		4A7112721B900BFC003FD26D /* TaskDefineSection */ = {
			isa = PBXGroup;
			children = (
				4A7112731B900BFC003FD26D /* DAAutoshipTaskDefineSection.h */,
				4A7112741B900BFC003FD26D /* DAAutoshipTaskDefineSection.m */,
				4A7112751B900BFC003FD26D /* DAContactsTaskDefineSection.h */,
				4A7112761B900BFC003FD26D /* DAContactsTaskDefineSection.m */,
				4A7112771B900BFC003FD26D /* DAEventsTaskDefineSection.h */,
				4A7112781B900BFC003FD26D /* DAEventsTaskDefineSection.m */,
				4A7112791B900BFC003FD26D /* DAOthersTaskDefineSection.h */,
				4A71127A1B900BFC003FD26D /* DAOthersTaskDefineSection.m */,
				4A71127B1B900BFC003FD26D /* DAProductsTaskDefineSection.h */,
				4A71127C1B900BFC003FD26D /* DAProductsTaskDefineSection.m */,
				4A71127D1B900BFC003FD26D /* DATaskDefineSection.h */,
				4A71127E1B900BFC003FD26D /* DATaskDefineSection.m */,
				4A71127F1B900BFC003FD26D /* DATestimonialTaskDefineSection.h */,
				4A7112801B900BFC003FD26D /* DATestimonialTaskDefineSection.m */,
				4A7112811B900BFC003FD26D /* DATrainingTaskDefineSection.h */,
				4A7112821B900BFC003FD26D /* DATrainingTaskDefineSection.m */,
			);
			path = TaskDefineSection;
			sourceTree = "<group>";
		};
		4A71128B1B900C26003FD26D /* TaskEditor */ = {
			isa = PBXGroup;
			children = (
				4A71128C1B900C26003FD26D /* DATaskEditor.h */,
				4A71128D1B900C26003FD26D /* DATaskEditor.m */,
				4A7112951B900C71003FD26D /* DAContactsTaskEditor.h */,
				4A7112961B900C71003FD26D /* DAContactsTaskEditor.m */,
				4A7112981B900C82003FD26D /* DAEventsTaskEditor.h */,
				4A7112991B900C82003FD26D /* DAEventsTaskEditor.m */,
				4A71129B1B900CAA003FD26D /* DAProductsTaskEditor.h */,
				4A71129C1B900CAA003FD26D /* DAProductsTaskEditor.m */,
				4A7112921B900C60003FD26D /* DAAutoshipTaskEditor.h */,
				4A7112931B900C60003FD26D /* DAAutoshipTaskEditor.m */,
				4A71128F1B900C47003FD26D /* DATestimonialTaskEditor.h */,
				4A7112901B900C47003FD26D /* DATestimonialTaskEditor.m */,
				4A71129E1B900CCD003FD26D /* DAOthersTaskEditor.h */,
				4A71129F1B900CCD003FD26D /* DAOthersTaskEditor.m */,
				4A7112A11B900CDF003FD26D /* DATrainingTaskEditor.h */,
				4A7112A21B900CDF003FD26D /* DATrainingTaskEditor.m */,
			);
			path = TaskEditor;
			sourceTree = "<group>";
		};
		4A8E8E251B6AE95400F48CDD /* Resources */ = {
			isa = PBXGroup;
			children = (
				4A8E8E261B6AE95400F48CDD /* LaunchScreen.xib */,
				4A8E8E281B6AE95400F48CDD /* Images.xcassets */,
				4A8E8E291B6AE95400F48CDD /* Style.plist */,
				4A8E8E2A1B6AE95400F48CDD /* Text-en.plist */,
			);
			path = Resources;
			sourceTree = "<group>";
		};
		4A8E8E3D1B6AFFE400F48CDD /* Opportunity */ = {
			isa = PBXGroup;
			children = (
				4A7112AD1B90640F003FD26D /* DAOpportunityTitleCell.h */,
				4A7112AE1B90640F003FD26D /* DAOpportunityTitleCell.m */,
				4AB3F2001B8B2070008DC70F /* DAOpportunityDataset.h */,
				4AB3F2011B8B2070008DC70F /* DAOpportunityDataset.m */,
				4AB3F28D1B8D5780008DC70F /* DAGeneralOpportunitesViewController.h */,
				4AB3F28E1B8D5780008DC70F /* DAGeneralOpportunitesViewController.m */,
				4A8E8E3E1B6AFFE400F48CDD /* DACompanyOpportunitiesViewController.h */,
				4A8E8E3F1B6AFFE400F48CDD /* DACompanyOpportunitiesViewController.m */,
				4AB3F2901B8D5851008DC70F /* DACompanyOpportunityCell.h */,
				4AB3F2911B8D5851008DC70F /* DACompanyOpportunityCell.m */,
				4A8E8E411B6B01CD00F48CDD /* DAOpportunityViewController.h */,
				4A8E8E421B6B01CD00F48CDD /* DAOpportunityViewController.m */,
				4AB3F1ED1B8B1CFD008DC70F /* DAOwnedOpportunityViewController.h */,
				4AB3F1EE1B8B1CFD008DC70F /* DAOwnedOpportunityViewController.m */,
				4A8E8E4A1B6B67A300F48CDD /* DALeaderOpportunityCell.h */,
				4A8E8E4B1B6B67A300F48CDD /* DALeaderOpportunityCell.m */,
				4A2839D01B83008E007EA77E /* DAOpportunity.h */,
				4A2839D11B83008E007EA77E /* DAOpportunity.m */,
				4A2839FA1B83133E007EA77E /* DAOpportunityCoordinator.h */,
				4A2839FB1B83133E007EA77E /* DAOpportunityCoordinator.m */,
				4AB3F2031B8C18E7008DC70F /* DAOpportunityDescriptionCell.h */,
				4AB3F2041B8C18E7008DC70F /* DAOpportunityDescriptionCell.m */,
				4AB3F2061B8C1904008DC70F /* DAOpportunityLeaderCell.h */,
				4AB3F2071B8C1904008DC70F /* DAOpportunityLeaderCell.m */,
			);
			path = Opportunity;
			sourceTree = "<group>";
		};
		4A8E8E441B6B0E0900F48CDD /* Chat */ = {
			isa = PBXGroup;
			children = (
				4A8E8E451B6B2C7B00F48CDD /* DAChatViewController.h */,
				4A8E8E461B6B2C7B00F48CDD /* DAChatViewController.m */,
			);
			path = Chat;
			sourceTree = "<group>";
		};
		4AB3F1E91B8B04FD008DC70F /* Map */ = {
			isa = PBXGroup;
			children = (
				4AB3F1EA1B8B050E008DC70F /* DAMapCell.h */,
				4AB3F1EB1B8B050E008DC70F /* DAMapCell.m */,
			);
			path = Map;
			sourceTree = "<group>";
		};
		4AB3F2101B8C6371008DC70F /* Leader */ = {
			isa = PBXGroup;
			children = (
				4AB3F2111B8C6384008DC70F /* DALeaderViewController.h */,
				4AB3F2121B8C6384008DC70F /* DALeaderViewController.m */,
				4AB3F2141B8C64B8008DC70F /* DALeaderBasicInfoCell.h */,
				4AB3F2151B8C64B8008DC70F /* DALeaderBasicInfoCell.m */,
			);
			path = Leader;
			sourceTree = "<group>";
		};
		4AB3F2301B8C9D11008DC70F /* Dashboard */ = {
			isa = PBXGroup;
			children = (
				4AB3F2311B8C9D11008DC70F /* DADashboardDataset.h */,
				4AB3F2321B8C9D11008DC70F /* DADashboardDataset.m */,
				4AB3F2331B8C9D11008DC70F /* DADashboardViewController.h */,
				4AB3F2341B8C9D11008DC70F /* DADashboardViewController.m */,
				4AB3F2371B8C9F1B008DC70F /* DADashboardChartCell.h */,
				4AB3F2381B8C9F1B008DC70F /* DADashboardChartCell.m */,
				4A7111E11B8F0696003FD26D /* DADownlineProgressViewController.h */,
				4A7111E21B8F0696003FD26D /* DADownlineProgressViewController.m */,
				4A7111E41B8F073B003FD26D /* DADownlineProgressCell.h */,
				4A7111E51B8F073B003FD26D /* DADownlineProgressCell.m */,
			);
			path = Dashboard;
			sourceTree = "<group>";
		};
		4AB3F23A1B8CA1AD008DC70F /* Chart */ = {
			isa = PBXGroup;
			children = (
				4AB3F23D1B8CA1AD008DC70F /* DAChartCell+RemoteOps.h */,
				4AB3F23E1B8CA1AD008DC70F /* DAChartCell+RemoteOps.m */,
				4AB3F23F1B8CA1AD008DC70F /* DAChartCell+Styles.h */,
				4AB3F2401B8CA1AD008DC70F /* DAChartCell+Styles.m */,
				4AB3F2411B8CA1AD008DC70F /* DAChartCell+Utils.h */,
				4AB3F2421B8CA1AD008DC70F /* DAChartCell+Utils.m */,
				4AB3F2431B8CA1AD008DC70F /* DAChartCell.h */,
				4AB3F2441B8CA1AD008DC70F /* DAChartCell.m */,
				4AB3F2451B8CA1AD008DC70F /* DAChartCoordinatorView.h */,
				4AB3F2461B8CA1AD008DC70F /* DAChartCoordinatorView.m */,
			);
			path = Chart;
			sourceTree = "<group>";
		};
		4AB3F24D1B8D2ED3008DC70F /* Editor */ = {
			isa = PBXGroup;
			children = (
				4AB3F24E1B8D2ED3008DC70F /* DAOpportunityBasicEditor.h */,
				4AB3F24F1B8D2ED3008DC70F /* DAOpportunityBasicEditor.m */,
				4AB3F2561B8D2ED3008DC70F /* DAOpportunityTemplateEditor.h */,
				4AB3F2571B8D2ED3008DC70F /* DAOpportunityTemplateEditor.m */,
			);
			path = Editor;
			sourceTree = "<group>";
		};
		4AB3F2611B8D2ED3008DC70F /* Task */ = {
			isa = PBXGroup;
			children = (
				4A71128B1B900C26003FD26D /* TaskEditor */,
				4A7112721B900BFC003FD26D /* TaskDefineSection */,
				4A6497281B943A41005A56CD /* DATasksEditor.h */,
				4A6497291B943A41005A56CD /* DATasksEditor.m */,
				4AB3F2621B8D2ED3008DC70F /* DANewTaskCell.h */,
				4AB3F2631B8D2ED3008DC70F /* DANewTaskCell.m */,
				4AB3F2641B8D2ED3008DC70F /* DATaskCell.h */,
				4AB3F2651B8D2ED3008DC70F /* DATaskCell.m */,
				4A7112B01B907600003FD26D /* DATaskCellStyleReadonly.h */,
				4A7112B11B907600003FD26D /* DATaskCellStyleReadonly.m */,
				4AB3F2681B8D2ED3008DC70F /* DATaskCellStyleProgress.h */,
				4AB3F2691B8D2ED3008DC70F /* DATaskCellStyleProgress.m */,
				4A7112B31B907857003FD26D /* DATaskCellStyleTemplateEditor.h */,
				4A7112B41B907857003FD26D /* DATaskCellStyleTemplateEditor.m */,
				4AB3F26A1B8D2ED3008DC70F /* DATaskProgressEditor.h */,
				4AB3F26B1B8D2ED3008DC70F /* DATaskProgressEditor.m */,
				4AB3F26C1B8D2ED3008DC70F /* DATaskSection.h */,
				4AB3F26D1B8D2ED3008DC70F /* DATaskSection.m */,
				4AB3F26E1B8D2ED3008DC70F /* DATaskTypeCell.h */,
				4AB3F26F1B8D2ED3008DC70F /* DATaskTypeCell.m */,
				4AB3F2701B8D2ED3008DC70F /* DATask.h */,
				4AB3F2711B8D2ED3008DC70F /* DATask.m */,
				4A7111E71B8F1048003FD26D /* DATaskViewController.h */,
				4A7111E81B8F1048003FD26D /* DATaskViewController.m */,
				4A7111F01B8F2ECA003FD26D /* DATaskNoteCell.h */,
				4A7111F11B8F2ECA003FD26D /* DATaskNoteCell.m */,
				4A71120A1B8F3C3B003FD26D /* DATaskAudioNoteCell.h */,
				4A71120B1B8F3C3B003FD26D /* DATaskAudioNoteCell.m */,
				4A7112011B8F2FF2003FD26D /* DATaskImageCollectionCell.h */,
				4A7112021B8F2FF2003FD26D /* DATaskImageCollectionCell.m */,
				4A7112041B8F3266003FD26D /* DATaskReportViewController.h */,
				4A7112051B8F3266003FD26D /* DATaskReportViewController.m */,
				4A7112071B8F3A32003FD26D /* DATaskCircleChartCell.h */,
				4A7112081B8F3A32003FD26D /* DATaskCircleChartCell.m */,
				4A71120D1B8F3D77003FD26D /* DATaskDueTimeCell.h */,
				4A71120E1B8F3D77003FD26D /* DATaskDueTimeCell.m */,
				4A7112101B8F3D9A003FD26D /* DATaskReminderCell.h */,
				4A7112111B8F3D9A003FD26D /* DATaskReminderCell.m */,
				4A7112131B8F3DEA003FD26D /* DATaskLocationCell.h */,
				4A7112141B8F3DEA003FD26D /* DATaskLocationCell.m */,
				4A7112161B8F4051003FD26D /* DATaskVideoCell.h */,
				4A7112171B8F4051003FD26D /* DATaskVideoCell.m */,
				4A7112191B8F4060003FD26D /* DATaskLinkCell.h */,
				4A71121A1B8F4060003FD26D /* DATaskLinkCell.m */,
				4A71121C1B8F4104003FD26D /* DATaskUnitCell.h */,
				4A71121D1B8F4104003FD26D /* DATaskUnitCell.m */,
				4A7112341B8FE292003FD26D /* DATaskToolboxView.h */,
				4A7112351B8FE292003FD26D /* DATaskToolboxView.m */,
			);
			path = Task;
			sourceTree = "<group>";
		};
		4AB8B6A91B66081F008073B6 = {
			isa = PBXGroup;
			children = (
				4AB3F1E71B8B04D3008DC70F /* MapKit.framework */,
				4AB8B6B41B66081F008073B6 /* Distributors */,
				4AB8B6B31B66081F008073B6 /* Products */,
				4A8E8E351B6AF8FB00F48CDD /* libz.dylib */,
			);
			sourceTree = "<group>";
		};
		4AB8B6B31B66081F008073B6 /* Products */ = {
			isa = PBXGroup;
			children = (
				4AB8B6B21B66081F008073B6 /* Distributors.app */,
			);
			name = Products;
			sourceTree = "<group>";
		};
		4AB8B6B41B66081F008073B6 /* Distributors */ = {
			isa = PBXGroup;
			children = (
				4A71122D1B8FD27A003FD26D /* ToolboxView */,
				4A7112261B8FCD97003FD26D /* CircleNote */,
				4A7111FA1B8F2FA6003FD26D /* ImageCollectionCell */,
				4AB3F23A1B8CA1AD008DC70F /* Chart */,
				4AB3F1E91B8B04FD008DC70F /* Map */,
				4A283A2D1B846D31007EA77E /* Period */,
				4A283A0A1B842E1D007EA77E /* FunctionLoader */,
				4A2839F61B830D37007EA77E /* Common */,
				4A2839F21B830D02007EA77E /* EarningPotential */,
				4A2839EB1B830B87007EA77E /* Session */,
				4A2839E41B830971007EA77E /* Currency */,
				4A2839DD1B830811007EA77E /* User */,
				4A2839C01B82E11E007EA77E /* Company */,
				4A2839AF1B82ADC5007EA77E /* Setting */,
				4AB3F2101B8C6371008DC70F /* Leader */,
				4AB3F2301B8C9D11008DC70F /* Dashboard */,
				4A2839AB1B82ACF8007EA77E /* Discover */,
				4A2839A71B82ABF9007EA77E /* Contact */,
				4A0D23731B79B90D00FF9D40 /* Lab */,
				4A8E8E441B6B0E0900F48CDD /* Chat */,
				4AB3F24D1B8D2ED3008DC70F /* Editor */,
				4AB3F2611B8D2ED3008DC70F /* Task */,
				4A8E8E3D1B6AFFE400F48CDD /* Opportunity */,
				4A283A251B8456CD007EA77E /* Defines */,
				4A8E8E251B6AE95400F48CDD /* Resources */,
				4AB8B6B51B66081F008073B6 /* Supporting Files */,
			);
			path = Distributors;
			sourceTree = "<group>";
		};
		4AB8B6B51B66081F008073B6 /* Supporting Files */ = {
			isa = PBXGroup;
			children = (
				4A8E8E221B6AE8D100F48CDD /* RootViewController.h */,
				4A8E8E231B6AE8D100F48CDD /* RootViewController.m */,
				4AB8B6B91B66081F008073B6 /* AppDelegate.h */,
				4AB8B6BA1B66081F008073B6 /* AppDelegate.m */,
				4AB8B6B61B66081F008073B6 /* Info.plist */,
				4AB8B6B71B66081F008073B6 /* main.m */,
				4A8E8E371B6AFA1500F48CDD /* RootTabController.h */,
				4A8E8E381B6AFA1500F48CDD /* RootTabController.m */,
			);
			name = "Supporting Files";
			sourceTree = "<group>";
		};
/* End PBXGroup section */

/* Begin PBXNativeTarget section */
		4AB8B6B11B66081F008073B6 /* Distributors */ = {
			isa = PBXNativeTarget;
			buildConfigurationList = 4AB8B6D51B66081F008073B6 /* Build configuration list for PBXNativeTarget "Distributors" */;
			buildPhases = (
				4AB8B6AE1B66081F008073B6 /* Sources */,
				4AB3F28C1B8D5581008DC70F /* Increase Build Number */,
				4AB8B6AF1B66081F008073B6 /* Frameworks */,
				4AB8B6B01B66081F008073B6 /* Resources */,
			);
			buildRules = (
			);
			dependencies = (
			);
			name = Distributors;
			productName = Distributors;
			productReference = 4AB8B6B21B66081F008073B6 /* Distributors.app */;
			productType = "com.apple.product-type.application";
		};
/* End PBXNativeTarget section */

/* Begin PBXProject section */
		4AB8B6AA1B66081F008073B6 /* Project object */ = {
			isa = PBXProject;
			attributes = {
				LastUpgradeCheck = 0640;
				ORGANIZATIONNAME = AboveGEM;
				TargetAttributes = {
					4AB8B6B11B66081F008073B6 = {
						CreatedOnToolsVersion = 6.4;
						DevelopmentTeam = LWV4GYPE98;
					};
				};
			};
			buildConfigurationList = 4AB8B6AD1B66081F008073B6 /* Build configuration list for PBXProject "Distributors" */;
			compatibilityVersion = "Xcode 3.2";
			developmentRegion = English;
			hasScannedForEncodings = 0;
			knownRegions = (
				en,
				Base,
			);
			mainGroup = 4AB8B6A91B66081F008073B6;
			productRefGroup = 4AB8B6B31B66081F008073B6 /* Products */;
			projectDirPath = "";
			projectRoot = "";
			targets = (
				4AB8B6B11B66081F008073B6 /* Distributors */,
			);
		};
/* End PBXProject section */

/* Begin PBXResourcesBuildPhase section */
		4AB8B6B01B66081F008073B6 /* Resources */ = {
			isa = PBXResourcesBuildPhase;
			buildActionMask = 2147483647;
			files = (
				4A8E8E2E1B6AE95400F48CDD /* Text-en.plist in Resources */,
				4A8E8E2B1B6AE95400F48CDD /* LaunchScreen.xib in Resources */,
				4A8E8E2D1B6AE95400F48CDD /* Style.plist in Resources */,
				4A8E8E2C1B6AE95400F48CDD /* Images.xcassets in Resources */,
			);
			runOnlyForDeploymentPostprocessing = 0;
		};
/* End PBXResourcesBuildPhase section */

/* Begin PBXShellScriptBuildPhase section */
		4AB3F28C1B8D5581008DC70F /* Increase Build Number */ = {
			isa = PBXShellScriptBuildPhase;
			buildActionMask = 2147483647;
			files = (
			);
			inputPaths = (
			);
			name = "Increase Build Number";
			outputPaths = (
			);
			runOnlyForDeploymentPostprocessing = 0;
			shellPath = /bin/sh;
			shellScript = "buildNumber=$(/usr/libexec/PlistBuddy -c \"Print CFBundleVersion\" \"${INFOPLIST_FILE}\")\nbuildNumber=$(($buildNumber + 1))\n/usr/libexec/PlistBuddy -c \"Set :CFBundleVersion $buildNumber\" \"${INFOPLIST_FILE}\"";
		};
/* End PBXShellScriptBuildPhase section */

/* Begin PBXSourcesBuildPhase section */
		4AB8B6AE1B66081F008073B6 /* Sources */ = {
			isa = PBXSourcesBuildPhase;
			buildActionMask = 2147483647;
			files = (
				4A7111E61B8F073B003FD26D /* DADownlineProgressCell.m in Sources */,
				4A7112971B900C71003FD26D /* DAContactsTaskEditor.m in Sources */,
				4A71128E1B900C26003FD26D /* DATaskEditor.m in Sources */,
				4AB3F2361B8C9D11008DC70F /* DADashboardViewController.m in Sources */,
				4A2839B21B82ADD1007EA77E /* DASettingViewController.m in Sources */,
				4A2839AA1B82AC16007EA77E /* DAContactViewController.m in Sources */,
				4A7111FF1B8F2FA6003FD26D /* DAImageCollectionUnitCell.m in Sources */,
				4A7112891B900BFC003FD26D /* DATestimonialTaskDefineSection.m in Sources */,
				4A283A331B846D6E007EA77E /* DAPeriodDataset.m in Sources */,
				4A8E8E4C1B6B67A300F48CDD /* DALeaderOpportunityCell.m in Sources */,
				4AB3F2391B8C9F1B008DC70F /* DADashboardChartCell.m in Sources */,
				4A7112A01B900CCD003FD26D /* DAOthersTaskEditor.m in Sources */,
				4AB3F2801B8D2ED3008DC70F /* DATaskSection.m in Sources */,
				4A71128A1B900BFC003FD26D /* DATrainingTaskDefineSection.m in Sources */,
				4A7112881B900BFC003FD26D /* DATaskDefineSection.m in Sources */,
				4AB8B6BB1B66081F008073B6 /* AppDelegate.m in Sources */,
				4A283A1D1B843C4E007EA77E /* DAEarningPotentialCell.m in Sources */,
				4A2839EE1B830B96007EA77E /* DASession.m in Sources */,
				4AB3F24C1B8CA1AD008DC70F /* DAChartCoordinatorView.m in Sources */,
				4AB3F2821B8D2ED3008DC70F /* DATask.m in Sources */,
				4A7112B21B907600003FD26D /* DATaskCellStyleReadonly.m in Sources */,
				4AB3F2491B8CA1AD008DC70F /* DAChartCell+Styles.m in Sources */,
				4AB3F27B1B8D2ED3008DC70F /* DANewTaskCell.m in Sources */,
				4A2839E71B83098B007EA77E /* DACurrency.m in Sources */,
				4A7112B51B907857003FD26D /* DATaskCellStyleTemplateEditor.m in Sources */,
				4AB3F2081B8C1904008DC70F /* DAOpportunityLeaderCell.m in Sources */,
				4A0D23761B79B92600FF9D40 /* DALabViewController.m in Sources */,
				4A2839D21B83008E007EA77E /* DAOpportunity.m in Sources */,
				4A283A0F1B842E40007EA77E /* DAOpportunityLoader.m in Sources */,
				4A71121B1B8F4060003FD26D /* DATaskLinkCell.m in Sources */,
				4A7112031B8F2FF2003FD26D /* DATaskImageCollectionCell.m in Sources */,
				4A7111E31B8F0696003FD26D /* DADownlineProgressViewController.m in Sources */,
				4A2839C91B82E2B7007EA77E /* DACompanyCoordinator.m in Sources */,
				4A7112941B900C60003FD26D /* DAAutoshipTaskEditor.m in Sources */,
				4AB3F24B1B8CA1AD008DC70F /* DAChartCell.m in Sources */,
				4A0D23791B79BBAE00FF9D40 /* DALabConvertSpeechToTextViewController.m in Sources */,
				4AB3F2021B8B2070008DC70F /* DAOpportunityDataset.m in Sources */,
				4A2839C31B82E132007EA77E /* DACompany.m in Sources */,
				4A2839FF1B83FACB007EA77E /* DAEarningPotentialDataset.m in Sources */,
				4AB3F2351B8C9D11008DC70F /* DADashboardDataset.m in Sources */,
				4A283A101B842E40007EA77E /* DAFunctionLoader.m in Sources */,
				4AB3F27E1B8D2ED3008DC70F /* DATaskCellStyleProgress.m in Sources */,
				4A71121E1B8F4104003FD26D /* DATaskUnitCell.m in Sources */,
				4A2839EA1B8309C4007EA77E /* DACurrencyDataset.m in Sources */,
				4AB3F24A1B8CA1AD008DC70F /* DAChartCell+Utils.m in Sources */,
				4A8E8E391B6AFA1500F48CDD /* RootTabController.m in Sources */,
				4A8E8E401B6AFFE400F48CDD /* DACompanyOpportunitiesViewController.m in Sources */,
				4AB3F1EC1B8B050E008DC70F /* DAMapCell.m in Sources */,
				4A283A3C1B869E20007EA77E /* DAEarningPotentialSection.m in Sources */,
				4A7112861B900BFC003FD26D /* DAOthersTaskDefineSection.m in Sources */,
				4AB3F2131B8C6384008DC70F /* DALeaderViewController.m in Sources */,
				4AB3F27F1B8D2ED3008DC70F /* DATaskProgressEditor.m in Sources */,
				4A6497301B944DE1005A56CD /* DATaskDefine.m in Sources */,
				4A71129D1B900CAA003FD26D /* DAProductsTaskEditor.m in Sources */,
				4AB3F2051B8C18E7008DC70F /* DAOpportunityDescriptionCell.m in Sources */,
				4A8E8E431B6B01CD00F48CDD /* DAOpportunityViewController.m in Sources */,
				4A2839AE1B82AD0B007EA77E /* DADiscoverViewController.m in Sources */,
				4A7112001B8F2FA6003FD26D /* DAImageCollectionCell.m in Sources */,
				4A7112851B900BFC003FD26D /* DAEventsTaskDefineSection.m in Sources */,
				4A2839F11B830BA7007EA77E /* DASessionCoordinator.m in Sources */,
				4A7112361B8FE292003FD26D /* DATaskToolboxView.m in Sources */,
				4A71129A1B900C82003FD26D /* DAEventsTaskEditor.m in Sources */,
				4AB8B6B81B66081F008073B6 /* main.m in Sources */,
				4A2839E01B83083A007EA77E /* DAUser.m in Sources */,
				4AB3F2761B8D2ED3008DC70F /* DAOpportunityTemplateEditor.m in Sources */,
				4A7112181B8F4051003FD26D /* DATaskVideoCell.m in Sources */,
				4A7112151B8F3DEA003FD26D /* DATaskLocationCell.m in Sources */,
				4A7112A91B9044F6003FD26D /* DAButton.m in Sources */,
				4AB3F28F1B8D5780008DC70F /* DAGeneralOpportunitesViewController.m in Sources */,
				4A7112831B900BFC003FD26D /* DAAutoshipTaskDefineSection.m in Sources */,
				4A7112301B8FD29F003FD26D /* DAToolboxView.m in Sources */,
				4A7112911B900C47003FD26D /* DATestimonialTaskEditor.m in Sources */,
				4AB3F2721B8D2ED3008DC70F /* DAOpportunityBasicEditor.m in Sources */,
				4A7112331B8FD2DC003FD26D /* DAToolboxUnitView.m in Sources */,
				4AB3F2921B8D5851008DC70F /* DACompanyOpportunityCell.m in Sources */,
				4A7112871B900BFC003FD26D /* DAProductsTaskDefineSection.m in Sources */,
				4A71120F1B8F3D77003FD26D /* DATaskDueTimeCell.m in Sources */,
				4A8E8E241B6AE8D100F48CDD /* RootViewController.m in Sources */,
				4AB3F2481B8CA1AD008DC70F /* DAChartCell+RemoteOps.m in Sources */,
				4A7112AF1B90640F003FD26D /* DAOpportunityTitleCell.m in Sources */,
				4A7112A61B903E66003FD26D /* DASearchCell.m in Sources */,
				4A7112061B8F3266003FD26D /* DATaskReportViewController.m in Sources */,
				4A7111F21B8F2ECA003FD26D /* DATaskNoteCell.m in Sources */,
				4A2839F91B830D71007EA77E /* DADataset.m in Sources */,
				4A7111E91B8F1048003FD26D /* DATaskViewController.m in Sources */,
				4A7112121B8F3D9A003FD26D /* DATaskReminderCell.m in Sources */,
				4AB3F2161B8C64B8008DC70F /* DALeaderBasicInfoCell.m in Sources */,
				4A7112A31B900CDF003FD26D /* DATrainingTaskEditor.m in Sources */,
				4A2839FC1B83133E007EA77E /* DAOpportunityCoordinator.m in Sources */,
				4A283A2C1B846314007EA77E /* DSEarningPotentialPickerCell.m in Sources */,
				4A7112391B8FE772003FD26D /* DAToolboxItem.m in Sources */,
				4AB3F2951B8D6120008DC70F /* DANavigationController.m in Sources */,
				4AB3F1EF1B8B1CFD008DC70F /* DAOwnedOpportunityViewController.m in Sources */,
				4AB3F2811B8D2ED3008DC70F /* DATaskTypeCell.m in Sources */,
				4A64972A1B943A41005A56CD /* DATasksEditor.m in Sources */,
				4A2839F51B830D1A007EA77E /* DAEarningPotential.m in Sources */,
				4A7112841B900BFC003FD26D /* DAContactsTaskDefineSection.m in Sources */,
				4AB3F27C1B8D2ED3008DC70F /* DATaskCell.m in Sources */,
				4A71120C1B8F3C3B003FD26D /* DATaskAudioNoteCell.m in Sources */,
				4A8E8E471B6B2C7B00F48CDD /* DAChatViewController.m in Sources */,
				4A283A301B846D44007EA77E /* DAPeriod.m in Sources */,
				4A7112091B8F3A32003FD26D /* DATaskCircleChartCell.m in Sources */,
				4A7112291B8FCD97003FD26D /* DACircleNoteView.m in Sources */,
				4A283A021B8403BD007EA77E /* DAEarningPotentialPicker.m in Sources */,
			);
			runOnlyForDeploymentPostprocessing = 0;
		};
/* End PBXSourcesBuildPhase section */

/* Begin PBXVariantGroup section */
		4A8E8E261B6AE95400F48CDD /* LaunchScreen.xib */ = {
			isa = PBXVariantGroup;
			children = (
				4A8E8E271B6AE95400F48CDD /* Base */,
			);
			name = LaunchScreen.xib;
			sourceTree = "<group>";
		};
/* End PBXVariantGroup section */

/* Begin XCBuildConfiguration section */
		4AB8B6D31B66081F008073B6 /* Debug */ = {
			isa = XCBuildConfiguration;
			buildSettings = {
				ALWAYS_SEARCH_USER_PATHS = NO;
				CLANG_CXX_LANGUAGE_STANDARD = "gnu++0x";
				CLANG_CXX_LIBRARY = "libc++";
				CLANG_ENABLE_MODULES = YES;
				CLANG_ENABLE_OBJC_ARC = YES;
				CLANG_WARN_BOOL_CONVERSION = YES;
				CLANG_WARN_CONSTANT_CONVERSION = YES;
				CLANG_WARN_DIRECT_OBJC_ISA_USAGE = YES_ERROR;
				CLANG_WARN_EMPTY_BODY = YES;
				CLANG_WARN_ENUM_CONVERSION = YES;
				CLANG_WARN_INT_CONVERSION = YES;
				CLANG_WARN_OBJC_ROOT_CLASS = YES_ERROR;
				CLANG_WARN_UNREACHABLE_CODE = YES;
				CLANG_WARN__DUPLICATE_METHOD_MATCH = YES;
				"CODE_SIGN_IDENTITY[sdk=iphoneos*]" = "iPhone Developer";
				COPY_PHASE_STRIP = NO;
				DEBUG_INFORMATION_FORMAT = "dwarf-with-dsym";
				ENABLE_STRICT_OBJC_MSGSEND = YES;
				GCC_C_LANGUAGE_STANDARD = gnu99;
				GCC_DYNAMIC_NO_PIC = NO;
				GCC_NO_COMMON_BLOCKS = YES;
				GCC_OPTIMIZATION_LEVEL = 0;
				GCC_PREPROCESSOR_DEFINITIONS = (
					"DEBUG=1",
					"$(inherited)",
				);
				GCC_SYMBOLS_PRIVATE_EXTERN = NO;
				GCC_WARN_64_TO_32_BIT_CONVERSION = YES;
				GCC_WARN_ABOUT_RETURN_TYPE = YES_ERROR;
				GCC_WARN_UNDECLARED_SELECTOR = YES;
				GCC_WARN_UNINITIALIZED_AUTOS = YES_AGGRESSIVE;
				GCC_WARN_UNUSED_FUNCTION = YES;
				GCC_WARN_UNUSED_VARIABLE = YES;
				IPHONEOS_DEPLOYMENT_TARGET = 8.4;
				MTL_ENABLE_DEBUG_INFO = YES;
				ONLY_ACTIVE_ARCH = YES;
				SDKROOT = iphoneos;
			};
			name = Debug;
		};
		4AB8B6D41B66081F008073B6 /* Release */ = {
			isa = XCBuildConfiguration;
			buildSettings = {
				ALWAYS_SEARCH_USER_PATHS = NO;
				CLANG_CXX_LANGUAGE_STANDARD = "gnu++0x";
				CLANG_CXX_LIBRARY = "libc++";
				CLANG_ENABLE_MODULES = YES;
				CLANG_ENABLE_OBJC_ARC = YES;
				CLANG_WARN_BOOL_CONVERSION = YES;
				CLANG_WARN_CONSTANT_CONVERSION = YES;
				CLANG_WARN_DIRECT_OBJC_ISA_USAGE = YES_ERROR;
				CLANG_WARN_EMPTY_BODY = YES;
				CLANG_WARN_ENUM_CONVERSION = YES;
				CLANG_WARN_INT_CONVERSION = YES;
				CLANG_WARN_OBJC_ROOT_CLASS = YES_ERROR;
				CLANG_WARN_UNREACHABLE_CODE = YES;
				CLANG_WARN__DUPLICATE_METHOD_MATCH = YES;
				"CODE_SIGN_IDENTITY[sdk=iphoneos*]" = "iPhone Developer";
				COPY_PHASE_STRIP = NO;
				DEBUG_INFORMATION_FORMAT = "dwarf-with-dsym";
				ENABLE_NS_ASSERTIONS = NO;
				ENABLE_STRICT_OBJC_MSGSEND = YES;
				GCC_C_LANGUAGE_STANDARD = gnu99;
				GCC_NO_COMMON_BLOCKS = YES;
				GCC_WARN_64_TO_32_BIT_CONVERSION = YES;
				GCC_WARN_ABOUT_RETURN_TYPE = YES_ERROR;
				GCC_WARN_UNDECLARED_SELECTOR = YES;
				GCC_WARN_UNINITIALIZED_AUTOS = YES_AGGRESSIVE;
				GCC_WARN_UNUSED_FUNCTION = YES;
				GCC_WARN_UNUSED_VARIABLE = YES;
				IPHONEOS_DEPLOYMENT_TARGET = 8.4;
				MTL_ENABLE_DEBUG_INFO = NO;
				SDKROOT = iphoneos;
				VALIDATE_PRODUCT = YES;
			};
			name = Release;
		};
		4AB8B6D61B66081F008073B6 /* Debug */ = {
			isa = XCBuildConfiguration;
			buildSettings = {
				ASSETCATALOG_COMPILER_APPICON_NAME = AppIcon;
				CODE_SIGN_IDENTITY = "iPhone Developer";
				"CODE_SIGN_IDENTITY[sdk=iphoneos*]" = "iPhone Developer";
				FRAMEWORK_SEARCH_PATHS = "";
				INFOPLIST_FILE = Distributors/Info.plist;
				IPHONEOS_DEPLOYMENT_TARGET = 7.0;
				LD_RUNPATH_SEARCH_PATHS = "$(inherited) @executable_path/Frameworks";
				LIBRARY_SEARCH_PATHS = (
					"$(inherited)",
					"\"../3rd/libOpen\"",
					"\"../3rd/AGNetwork\"",
					"\"../3rd/thirdPartyOpenResources\"",
					"\"../3rd/AGUIKit\"",
				);
				OTHER_LDFLAGS = (
					"-ObjC",
					"-lAGUIKit",
					"-llibOpen",
					"-lthirdPartyOpenResources",
					"-lAGNetwork",
				);
				PRODUCT_NAME = "$(TARGET_NAME)";
				PROVISIONING_PROFILE = "";
				USER_HEADER_SEARCH_PATHS = "\"../3rd/AGNetwork/include\" \"../3rd/libOpen/include\" \"../3rd/thirdPartyOpenResources/include\" \"../3rd/AGUIKit/include\" \".\"/**";
			};
			name = Debug;
		};
		4AB8B6D71B66081F008073B6 /* Release */ = {
			isa = XCBuildConfiguration;
			buildSettings = {
				ASSETCATALOG_COMPILER_APPICON_NAME = AppIcon;
				CODE_SIGN_IDENTITY = "iPhone Developer";
				"CODE_SIGN_IDENTITY[sdk=iphoneos*]" = "iPhone Developer";
				FRAMEWORK_SEARCH_PATHS = "";
				INFOPLIST_FILE = Distributors/Info.plist;
				IPHONEOS_DEPLOYMENT_TARGET = 7.0;
				LD_RUNPATH_SEARCH_PATHS = "$(inherited) @executable_path/Frameworks";
				LIBRARY_SEARCH_PATHS = (
					"$(inherited)",
					"\"../3rd/libOpen\"",
					"\"../3rd/AGNetwork\"",
					"\"../3rd/thirdPartyOpenResources\"",
					"\"../3rd/AGUIKit\"",
				);
				OTHER_LDFLAGS = (
					"-ObjC",
					"-lAGUIKit",
					"-llibOpen",
					"-lthirdPartyOpenResources",
					"-lAGNetwork",
				);
				PRODUCT_NAME = "$(TARGET_NAME)";
				PROVISIONING_PROFILE = "";
				USER_HEADER_SEARCH_PATHS = "\"../3rd/AGNetwork/include\" \"../3rd/libOpen/include\" \"../3rd/thirdPartyOpenResources/include\" \"../3rd/AGUIKit/include\" \".\"/**";
			};
			name = Release;
		};
/* End XCBuildConfiguration section */

/* Begin XCConfigurationList section */
		4AB8B6AD1B66081F008073B6 /* Build configuration list for PBXProject "Distributors" */ = {
			isa = XCConfigurationList;
			buildConfigurations = (
				4AB8B6D31B66081F008073B6 /* Debug */,
				4AB8B6D41B66081F008073B6 /* Release */,
			);
			defaultConfigurationIsVisible = 0;
			defaultConfigurationName = Release;
		};
		4AB8B6D51B66081F008073B6 /* Build configuration list for PBXNativeTarget "Distributors" */ = {
			isa = XCConfigurationList;
			buildConfigurations = (
				4AB8B6D61B66081F008073B6 /* Debug */,
				4AB8B6D71B66081F008073B6 /* Release */,
			);
			defaultConfigurationIsVisible = 0;
			defaultConfigurationName = Release;
		};
/* End XCConfigurationList section */
	};
	rootObject = 4AB8B6AA1B66081F008073B6 /* Project object */;
}
